
Microsoft Visual Studio Solution File, Format Version 12.00
# Visual Studio Express 2012 for Windows Desktop
Project("{FAE04EC0-301F-11D3-BF4B-00C04F79EFBC}") = "OVRVrCubeWorldSurfaceView", "OVRVrCubeWorldSurfaceView\OVRVrCubeWorldSurfaceView.csproj", "{D9CDC982-2616-41FF-95E3-56D2D33A40B2}"
EndProject
Project("{FAE04EC0-301F-11D3-BF4B-00C04F79EFBC}") = "OVRVrCubeWorldNativeActivity", "..\OVRVrCubeWorldNativeActivity\OVRVrCubeWorldNativeActivity\OVRVrCubeWorldNativeActivity.csproj", "{7DF2830E-8342-4BFA-B5B7-3221A9831308}"
EndProject
Project("{FAE04EC0-301F-11D3-BF4B-00C04F79EFBC}") = "ScriptCoreLibAndroid", "..\..\..\..\..\core\ScriptCoreLibAndroid\ScriptCoreLibAndroid\ScriptCoreLibAndroid.csproj", "{1CE7D22F-52C8-4164-8955-CD89609E48A9}"
EndProject
Project("{FAE04EC0-301F-11D3-BF4B-00C04F79EFBC}") = "OVRVrCubeWorldSurfaceViewNDK", "OVRVrCubeWorldSurfaceViewNDK\OVRVrCubeWorldSurfaceViewNDK.csproj", "{E32F254D-823D-41D5-99EE-ABDF240AF011}"
EndProject
Project("{FAE04EC0-301F-11D3-BF4B-00C04F79EFBC}") = "ScriptCoreLib.Ultra.Library", "..\..\..\..\..\core\ScriptCoreLib.Ultra.Library\ScriptCoreLib.Ultra.Library\ScriptCoreLib.Ultra.Library.csproj", "{132EB43F-19B4-42AC-8025-3249B129867A}"
EndProject
Project("{FAE04EC0-301F-11D3-BF4B-00C04F79EFBC}") = "ScriptCoreLib.Ultra", "..\..\..\..\..\core\ScriptCoreLib.Ultra\ScriptCoreLib.Ultra\ScriptCoreLib.Ultra.csproj", "{E1C195A9-73EB-458A-AFC4-F8C9995E0E4F}"
EndProject
Project("{FAE04EC0-301F-11D3-BF4B-00C04F79EFBC}") = "ScriptCoreLib", "..\..\..\..\..\core\ScriptCoreLib\ScriptCoreLib.csproj", "{C9F431EB-5D35-4C7B-826B-A4E4CA913AA6}"
EndProject
Project("{2150E333-8FDC-42A3-9474-1A3956D46DE8}") = "References", "References", "{68E9F7C8-2753-40EA-9862-C7BA1DA5EECB}"
EndProject
Project("{FAE04EC0-301F-11D3-BF4B-00C04F79EFBC}") = "OVRVrCubeWorldNative", "..\OVRVrCubeWorldNativeActivity\OVRVrCubeWorldNative\OVRVrCubeWorldNative.csproj", "{BF856BE2-E607-42F9-8F88-88E5C9DB06A9}"
EndProject
Project("{FAE04EC0-301F-11D3-BF4B-00C04F79EFBC}") = "AndroidNotificationActivity", "..\..\AndroidNotificationActivity\AndroidNotificationActivity\AndroidNotificationActivity.csproj", "{5A4875AE-F31D-48A8-952F-A0A46A942700}"
EndProject
Project("{FAE04EC0-301F-11D3-BF4B-00C04F79EFBC}") = "AndroidLacasCameraServerActivity", "..\..\AndroidLacasCameraServerActivity\AndroidLacasCameraServerActivity\AndroidLacasCameraServerActivity.csproj", "{FA2123D2-8933-460A-9331-27226C466FF5}"
EndProject
Project("{FAE04EC0-301F-11D3-BF4B-00C04F79EFBC}") = "OVRVrCubeWorldSurfaceViewXNDK", "OVRVrCubeWorldSurfaceViewXNDK\OVRVrCubeWorldSurfaceViewXNDK.csproj", "{44F8F2CD-9873-410B-90D4-BD9D8CA03D83}"
EndProject
Project("{FAE04EC0-301F-11D3-BF4B-00C04F79EFBC}") = "ScriptCoreLibAndroidNDK", "..\..\..\..\..\core\ScriptCoreLibAndroidNDK\ScriptCoreLibAndroidNDK\ScriptCoreLibAndroidNDK.csproj", "{E9A0E839-8BEC-4B5C-B967-2E55A2078A77}"
EndProject
Project("{FAE04EC0-301F-11D3-BF4B-00C04F79EFBC}") = "NDKHybridMockup", "..\..\future\NDKHybridMockup\NDKHybridMockup\NDKHybridMockup.csproj", "{B08838C1-07FB-44DB-8107-D9AD09250E6E}"
EndProject
Project("{FAE04EC0-301F-11D3-BF4B-00C04F79EFBC}") = "ScriptCoreLibNative", "..\..\..\..\..\core\ScriptCoreLibNative\ScriptCoreLibNative\ScriptCoreLibNative.csproj", "{1E792B23-CBAB-4D3E-AB26-4A83DA675D5E}"
EndProject
Project("{FAE04EC0-301F-11D3-BF4B-00C04F79EFBC}") = "TestFieldInitFixedDimensionalArray", "..\..\..\..\c\Test\TestFieldInitFixedDimensionalArray\TestFieldInitFixedDimensionalArray\TestFieldInitFixedDimensionalArray.csproj", "{FC6A990C-26F6-424E-AB2A-D1E5019E6CEB}"
EndProject
Project("{FAE04EC0-301F-11D3-BF4B-00C04F79EFBC}") = "TestStructByRefInvoke", "..\..\..\..\c\Test\TestStructByRefInvoke\TestStructByRefInvoke\TestStructByRefInvoke.csproj", "{47785912-343A-4BC6-8AD9-FB5C9FC2E233}"
EndProject
Project("{2150E333-8FDC-42A3-9474-1A3956D46DE8}") = "other", "other", "{06DC1751-B282-4BCD-8D58-B1B78CF91E7A}"
EndProject
Project("{FAE04EC0-301F-11D3-BF4B-00C04F79EFBC}") = "TestMultiProcMemoryFile", "..\..\Test\TestMultiProcMemoryFile\TestMultiProcMemoryFile\TestMultiProcMemoryFile.csproj", "{9D280B94-A86D-496D-940A-7C0C1C270590}"
EndProject
Project("{FAE04EC0-301F-11D3-BF4B-00C04F79EFBC}") = "TestSizeOfUserStruct", "..\..\..\..\c\Test\TestSizeOfUserStruct\TestSizeOfUserStruct\TestSizeOfUserStruct.csproj", "{91FD63DE-622B-488F-A194-4BFE036E6FF2}"
EndProject
Project("{FAE04EC0-301F-11D3-BF4B-00C04F79EFBC}") = "AndroidGLSpiralActivity", "..\..\gles\AndroidGLSpiralActivity\AndroidGLSpiralActivity\AndroidGLSpiralActivity.csproj", "{22AD40CA-F961-4953-9D6D-F8EE978CDB80}"
EndProject
Project("{FAE04EC0-301F-11D3-BF4B-00C04F79EFBC}") = "WebGLSpiral", "..\..\..\..\javascript\WebGL\WebGLSpiral\WebGLSpiral\WebGLSpiral.csproj", "{6BE0FE6F-5EA4-40A5-8938-FF7C3B5D0969}"
EndProject
Project("{FAE04EC0-301F-11D3-BF4B-00C04F79EFBC}") = "OVRVrCubeWorldSurfaceViewX", "OVRVrCubeWorldSurfaceViewX\OVRVrCubeWorldSurfaceViewX.csproj", "{C54BCD92-0CBA-4B68-A93D-3CB30A94D024}"
	ProjectSection(ProjectDependencies) = postProject
		{44F8F2CD-9873-410B-90D4-BD9D8CA03D83} = {44F8F2CD-9873-410B-90D4-BD9D8CA03D83}
	EndProjectSection
EndProject
Project("{FAE04EC0-301F-11D3-BF4B-00C04F79EFBC}") = "TestSwitchToIFrame", "..\..\..\..\javascript\Test\TestSwitchToIFrame\TestSwitchToIFrame\TestSwitchToIFrame.csproj", "{E88F583A-F361-4D97-8642-13EDB6DDC9C1}"
EndProject
Project("{FAE04EC0-301F-11D3-BF4B-00C04F79EFBC}") = "TestLocalApplication", "..\..\Test\TestLocalApplication\TestLocalApplication\TestLocalApplication.csproj", "{2DFE8746-407E-4DB8-83AD-CE4C8F1AA5DA}"
EndProject
Global
	GlobalSection(SolutionConfigurationPlatforms) = preSolution
		Android|Any CPU = Android|Any CPU
		Android|Mixed Platforms = Android|Mixed Platforms
		Android|x86 = Android|x86
		Assets|Any CPU = Assets|Any CPU
		Assets|Mixed Platforms = Assets|Mixed Platforms
		Assets|x86 = Assets|x86
		Debug|Any CPU = Debug|Any CPU
		Debug|Mixed Platforms = Debug|Mixed Platforms
		Debug|x86 = Debug|x86
		Release|Any CPU = Release|Any CPU
		Release|Mixed Platforms = Release|Mixed Platforms
		Release|x86 = Release|x86
	EndGlobalSection
	GlobalSection(ProjectConfigurationPlatforms) = postSolution
		{D9CDC982-2616-41FF-95E3-56D2D33A40B2}.Android|Any CPU.ActiveCfg = Release|Any CPU
		{D9CDC982-2616-41FF-95E3-56D2D33A40B2}.Android|Any CPU.Build.0 = Release|Any CPU
		{D9CDC982-2616-41FF-95E3-56D2D33A40B2}.Android|Mixed Platforms.ActiveCfg = Debug|Any CPU
		{D9CDC982-2616-41FF-95E3-56D2D33A40B2}.Android|x86.ActiveCfg = Debug|Any CPU
		{D9CDC982-2616-41FF-95E3-56D2D33A40B2}.Assets|Any CPU.ActiveCfg = Release|Any CPU
		{D9CDC982-2616-41FF-95E3-56D2D33A40B2}.Assets|Any CPU.Build.0 = Release|Any CPU
		{D9CDC982-2616-41FF-95E3-56D2D33A40B2}.Assets|Mixed Platforms.ActiveCfg = Debug|Any CPU
		{D9CDC982-2616-41FF-95E3-56D2D33A40B2}.Assets|x86.ActiveCfg = Debug|Any CPU
		{D9CDC982-2616-41FF-95E3-56D2D33A40B2}.Debug|Any CPU.ActiveCfg = Debug|Any CPU
		{D9CDC982-2616-41FF-95E3-56D2D33A40B2}.Debug|Any CPU.Build.0 = Debug|Any CPU
		{D9CDC982-2616-41FF-95E3-56D2D33A40B2}.Debug|Mixed Platforms.ActiveCfg = Debug|Any CPU
		{D9CDC982-2616-41FF-95E3-56D2D33A40B2}.Debug|x86.ActiveCfg = Debug|Any CPU
		{D9CDC982-2616-41FF-95E3-56D2D33A40B2}.Release|Any CPU.ActiveCfg = Release|Any CPU
		{D9CDC982-2616-41FF-95E3-56D2D33A40B2}.Release|Any CPU.Build.0 = Release|Any CPU
		{D9CDC982-2616-41FF-95E3-56D2D33A40B2}.Release|Mixed Platforms.ActiveCfg = Release|Any CPU
		{D9CDC982-2616-41FF-95E3-56D2D33A40B2}.Release|x86.ActiveCfg = Release|Any CPU
		{7DF2830E-8342-4BFA-B5B7-3221A9831308}.Android|Any CPU.ActiveCfg = Release|Any CPU
		{7DF2830E-8342-4BFA-B5B7-3221A9831308}.Android|Any CPU.Build.0 = Release|Any CPU
		{7DF2830E-8342-4BFA-B5B7-3221A9831308}.Android|Mixed Platforms.ActiveCfg = Debug|Any CPU
		{7DF2830E-8342-4BFA-B5B7-3221A9831308}.Android|Mixed Platforms.Build.0 = Debug|Any CPU
		{7DF2830E-8342-4BFA-B5B7-3221A9831308}.Android|x86.ActiveCfg = Debug|Any CPU
		{7DF2830E-8342-4BFA-B5B7-3221A9831308}.Assets|Any CPU.ActiveCfg = Release|Any CPU
		{7DF2830E-8342-4BFA-B5B7-3221A9831308}.Assets|Any CPU.Build.0 = Release|Any CPU
		{7DF2830E-8342-4BFA-B5B7-3221A9831308}.Assets|Mixed Platforms.ActiveCfg = Debug|Any CPU
		{7DF2830E-8342-4BFA-B5B7-3221A9831308}.Assets|Mixed Platforms.Build.0 = Debug|Any CPU
		{7DF2830E-8342-4BFA-B5B7-3221A9831308}.Assets|x86.ActiveCfg = Debug|Any CPU
		{7DF2830E-8342-4BFA-B5B7-3221A9831308}.Debug|Any CPU.ActiveCfg = Debug|Any CPU
		{7DF2830E-8342-4BFA-B5B7-3221A9831308}.Debug|Any CPU.Build.0 = Debug|Any CPU
		{7DF2830E-8342-4BFA-B5B7-3221A9831308}.Debug|Mixed Platforms.ActiveCfg = Debug|Any CPU
		{7DF2830E-8342-4BFA-B5B7-3221A9831308}.Debug|Mixed Platforms.Build.0 = Debug|Any CPU
		{7DF2830E-8342-4BFA-B5B7-3221A9831308}.Debug|x86.ActiveCfg = Debug|Any CPU
		{7DF2830E-8342-4BFA-B5B7-3221A9831308}.Release|Any CPU.ActiveCfg = Release|Any CPU
		{7DF2830E-8342-4BFA-B5B7-3221A9831308}.Release|Any CPU.Build.0 = Release|Any CPU
		{7DF2830E-8342-4BFA-B5B7-3221A9831308}.Release|Mixed Platforms.ActiveCfg = Release|Any CPU
		{7DF2830E-8342-4BFA-B5B7-3221A9831308}.Release|Mixed Platforms.Build.0 = Release|Any CPU
		{7DF2830E-8342-4BFA-B5B7-3221A9831308}.Release|x86.ActiveCfg = Release|Any CPU
		{1CE7D22F-52C8-4164-8955-CD89609E48A9}.Android|Any CPU.ActiveCfg = Release|Any CPU
		{1CE7D22F-52C8-4164-8955-CD89609E48A9}.Android|Any CPU.Build.0 = Release|Any CPU
		{1CE7D22F-52C8-4164-8955-CD89609E48A9}.Android|Mixed Platforms.ActiveCfg = Debug|Any CPU
		{1CE7D22F-52C8-4164-8955-CD89609E48A9}.Android|Mixed Platforms.Build.0 = Debug|Any CPU
		{1CE7D22F-52C8-4164-8955-CD89609E48A9}.Android|x86.ActiveCfg = Debug|Any CPU
		{1CE7D22F-52C8-4164-8955-CD89609E48A9}.Assets|Any CPU.ActiveCfg = Release|Any CPU
		{1CE7D22F-52C8-4164-8955-CD89609E48A9}.Assets|Any CPU.Build.0 = Release|Any CPU
		{1CE7D22F-52C8-4164-8955-CD89609E48A9}.Assets|Mixed Platforms.ActiveCfg = Debug|Any CPU
		{1CE7D22F-52C8-4164-8955-CD89609E48A9}.Assets|Mixed Platforms.Build.0 = Debug|Any CPU
		{1CE7D22F-52C8-4164-8955-CD89609E48A9}.Assets|x86.ActiveCfg = Debug|Any CPU
		{1CE7D22F-52C8-4164-8955-CD89609E48A9}.Debug|Any CPU.ActiveCfg = Debug|Any CPU
		{1CE7D22F-52C8-4164-8955-CD89609E48A9}.Debug|Any CPU.Build.0 = Debug|Any CPU
		{1CE7D22F-52C8-4164-8955-CD89609E48A9}.Debug|Mixed Platforms.ActiveCfg = Debug|Any CPU
		{1CE7D22F-52C8-4164-8955-CD89609E48A9}.Debug|Mixed Platforms.Build.0 = Debug|Any CPU
		{1CE7D22F-52C8-4164-8955-CD89609E48A9}.Debug|x86.ActiveCfg = Debug|Any CPU
		{1CE7D22F-52C8-4164-8955-CD89609E48A9}.Release|Any CPU.ActiveCfg = Release|Any CPU
		{1CE7D22F-52C8-4164-8955-CD89609E48A9}.Release|Any CPU.Build.0 = Release|Any CPU
		{1CE7D22F-52C8-4164-8955-CD89609E48A9}.Release|Mixed Platforms.ActiveCfg = Release|Any CPU
		{1CE7D22F-52C8-4164-8955-CD89609E48A9}.Release|Mixed Platforms.Build.0 = Release|Any CPU
		{1CE7D22F-52C8-4164-8955-CD89609E48A9}.Release|x86.ActiveCfg = Release|Any CPU
		{E32F254D-823D-41D5-99EE-ABDF240AF011}.Android|Any CPU.ActiveCfg = Release|Any CPU
		{E32F254D-823D-41D5-99EE-ABDF240AF011}.Android|Any CPU.Build.0 = Release|Any CPU
		{E32F254D-823D-41D5-99EE-ABDF240AF011}.Android|Mixed Platforms.ActiveCfg = Debug|Any CPU
		{E32F254D-823D-41D5-99EE-ABDF240AF011}.Android|Mixed Platforms.Build.0 = Debug|Any CPU
		{E32F254D-823D-41D5-99EE-ABDF240AF011}.Android|x86.ActiveCfg = Debug|Any CPU
		{E32F254D-823D-41D5-99EE-ABDF240AF011}.Assets|Any CPU.ActiveCfg = Release|Any CPU
		{E32F254D-823D-41D5-99EE-ABDF240AF011}.Assets|Any CPU.Build.0 = Release|Any CPU
		{E32F254D-823D-41D5-99EE-ABDF240AF011}.Assets|Mixed Platforms.ActiveCfg = Debug|Any CPU
		{E32F254D-823D-41D5-99EE-ABDF240AF011}.Assets|Mixed Platforms.Build.0 = Debug|Any CPU
		{E32F254D-823D-41D5-99EE-ABDF240AF011}.Assets|x86.ActiveCfg = Debug|Any CPU
		{E32F254D-823D-41D5-99EE-ABDF240AF011}.Debug|Any CPU.ActiveCfg = Debug|Any CPU
		{E32F254D-823D-41D5-99EE-ABDF240AF011}.Debug|Any CPU.Build.0 = Debug|Any CPU
		{E32F254D-823D-41D5-99EE-ABDF240AF011}.Debug|Mixed Platforms.ActiveCfg = Debug|Any CPU
		{E32F254D-823D-41D5-99EE-ABDF240AF011}.Debug|Mixed Platforms.Build.0 = Debug|Any CPU
		{E32F254D-823D-41D5-99EE-ABDF240AF011}.Debug|x86.ActiveCfg = Debug|Any CPU
		{E32F254D-823D-41D5-99EE-ABDF240AF011}.Release|Any CPU.ActiveCfg = Release|Any CPU
		{E32F254D-823D-41D5-99EE-ABDF240AF011}.Release|Any CPU.Build.0 = Release|Any CPU
		{E32F254D-823D-41D5-99EE-ABDF240AF011}.Release|Mixed Platforms.ActiveCfg = Release|Any CPU
		{E32F254D-823D-41D5-99EE-ABDF240AF011}.Release|Mixed Platforms.Build.0 = Release|Any CPU
		{E32F254D-823D-41D5-99EE-ABDF240AF011}.Release|x86.ActiveCfg = Release|Any CPU
		{132EB43F-19B4-42AC-8025-3249B129867A}.Android|Any CPU.ActiveCfg = Android|Any CPU
		{132EB43F-19B4-42AC-8025-3249B129867A}.Android|Any CPU.Build.0 = Android|Any CPU
		{132EB43F-19B4-42AC-8025-3249B129867A}.Android|Mixed Platforms.ActiveCfg = Android|Any CPU
		{132EB43F-19B4-42AC-8025-3249B129867A}.Android|Mixed Platforms.Build.0 = Android|Any CPU
		{132EB43F-19B4-42AC-8025-3249B129867A}.Android|x86.ActiveCfg = Android|Any CPU
		{132EB43F-19B4-42AC-8025-3249B129867A}.Assets|Any CPU.ActiveCfg = Assets|Any CPU
		{132EB43F-19B4-42AC-8025-3249B129867A}.Assets|Any CPU.Build.0 = Assets|Any CPU
		{132EB43F-19B4-42AC-8025-3249B129867A}.Assets|Mixed Platforms.ActiveCfg = Assets|Any CPU
		{132EB43F-19B4-42AC-8025-3249B129867A}.Assets|Mixed Platforms.Build.0 = Assets|Any CPU
		{132EB43F-19B4-42AC-8025-3249B129867A}.Assets|x86.ActiveCfg = Assets|Any CPU
		{132EB43F-19B4-42AC-8025-3249B129867A}.Debug|Any CPU.ActiveCfg = Debug|Any CPU
		{132EB43F-19B4-42AC-8025-3249B129867A}.Debug|Any CPU.Build.0 = Debug|Any CPU
		{132EB43F-19B4-42AC-8025-3249B129867A}.Debug|Mixed Platforms.ActiveCfg = Debug|Any CPU
		{132EB43F-19B4-42AC-8025-3249B129867A}.Debug|Mixed Platforms.Build.0 = Debug|Any CPU
		{132EB43F-19B4-42AC-8025-3249B129867A}.Debug|x86.ActiveCfg = Debug|Any CPU
		{132EB43F-19B4-42AC-8025-3249B129867A}.Release|Any CPU.ActiveCfg = Release|Any CPU
		{132EB43F-19B4-42AC-8025-3249B129867A}.Release|Any CPU.Build.0 = Release|Any CPU
		{132EB43F-19B4-42AC-8025-3249B129867A}.Release|Mixed Platforms.ActiveCfg = Release|Any CPU
		{132EB43F-19B4-42AC-8025-3249B129867A}.Release|Mixed Platforms.Build.0 = Release|Any CPU
		{132EB43F-19B4-42AC-8025-3249B129867A}.Release|x86.ActiveCfg = Release|Any CPU
		{E1C195A9-73EB-458A-AFC4-F8C9995E0E4F}.Android|Any CPU.ActiveCfg = Assets|Any CPU
		{E1C195A9-73EB-458A-AFC4-F8C9995E0E4F}.Android|Any CPU.Build.0 = Assets|Any CPU
		{E1C195A9-73EB-458A-AFC4-F8C9995E0E4F}.Android|Mixed Platforms.ActiveCfg = Assets|Any CPU
		{E1C195A9-73EB-458A-AFC4-F8C9995E0E4F}.Android|Mixed Platforms.Build.0 = Assets|Any CPU
		{E1C195A9-73EB-458A-AFC4-F8C9995E0E4F}.Android|x86.ActiveCfg = Assets|Any CPU
		{E1C195A9-73EB-458A-AFC4-F8C9995E0E4F}.Assets|Any CPU.ActiveCfg = Assets|Any CPU
		{E1C195A9-73EB-458A-AFC4-F8C9995E0E4F}.Assets|Any CPU.Build.0 = Assets|Any CPU
		{E1C195A9-73EB-458A-AFC4-F8C9995E0E4F}.Assets|Mixed Platforms.ActiveCfg = Assets|Any CPU
		{E1C195A9-73EB-458A-AFC4-F8C9995E0E4F}.Assets|Mixed Platforms.Build.0 = Assets|Any CPU
		{E1C195A9-73EB-458A-AFC4-F8C9995E0E4F}.Assets|x86.ActiveCfg = Assets|Any CPU
		{E1C195A9-73EB-458A-AFC4-F8C9995E0E4F}.Debug|Any CPU.ActiveCfg = Debug|Any CPU
		{E1C195A9-73EB-458A-AFC4-F8C9995E0E4F}.Debug|Any CPU.Build.0 = Debug|Any CPU
		{E1C195A9-73EB-458A-AFC4-F8C9995E0E4F}.Debug|Mixed Platforms.ActiveCfg = Debug|Any CPU
		{E1C195A9-73EB-458A-AFC4-F8C9995E0E4F}.Debug|Mixed Platforms.Build.0 = Debug|Any CPU
		{E1C195A9-73EB-458A-AFC4-F8C9995E0E4F}.Debug|x86.ActiveCfg = Debug|Any CPU
		{E1C195A9-73EB-458A-AFC4-F8C9995E0E4F}.Release|Any CPU.ActiveCfg = Release|Any CPU
		{E1C195A9-73EB-458A-AFC4-F8C9995E0E4F}.Release|Any CPU.Build.0 = Release|Any CPU
		{E1C195A9-73EB-458A-AFC4-F8C9995E0E4F}.Release|Mixed Platforms.ActiveCfg = Release|Any CPU
		{E1C195A9-73EB-458A-AFC4-F8C9995E0E4F}.Release|Mixed Platforms.Build.0 = Release|Any CPU
		{E1C195A9-73EB-458A-AFC4-F8C9995E0E4F}.Release|x86.ActiveCfg = Release|Any CPU
		{C9F431EB-5D35-4C7B-826B-A4E4CA913AA6}.Android|Any CPU.ActiveCfg = Release|Any CPU
		{C9F431EB-5D35-4C7B-826B-A4E4CA913AA6}.Android|Any CPU.Build.0 = Release|Any CPU
		{C9F431EB-5D35-4C7B-826B-A4E4CA913AA6}.Android|Mixed Platforms.ActiveCfg = Debug|Any CPU
		{C9F431EB-5D35-4C7B-826B-A4E4CA913AA6}.Android|Mixed Platforms.Build.0 = Debug|Any CPU
		{C9F431EB-5D35-4C7B-826B-A4E4CA913AA6}.Android|x86.ActiveCfg = Debug|Any CPU
		{C9F431EB-5D35-4C7B-826B-A4E4CA913AA6}.Assets|Any CPU.ActiveCfg = Release|Any CPU
		{C9F431EB-5D35-4C7B-826B-A4E4CA913AA6}.Assets|Any CPU.Build.0 = Release|Any CPU
		{C9F431EB-5D35-4C7B-826B-A4E4CA913AA6}.Assets|Mixed Platforms.ActiveCfg = Debug|Any CPU
		{C9F431EB-5D35-4C7B-826B-A4E4CA913AA6}.Assets|Mixed Platforms.Build.0 = Debug|Any CPU
		{C9F431EB-5D35-4C7B-826B-A4E4CA913AA6}.Assets|x86.ActiveCfg = Debug|Any CPU
		{C9F431EB-5D35-4C7B-826B-A4E4CA913AA6}.Debug|Any CPU.ActiveCfg = Debug|Any CPU
		{C9F431EB-5D35-4C7B-826B-A4E4CA913AA6}.Debug|Any CPU.Build.0 = Debug|Any CPU
		{C9F431EB-5D35-4C7B-826B-A4E4CA913AA6}.Debug|Mixed Platforms.ActiveCfg = Debug|Any CPU
		{C9F431EB-5D35-4C7B-826B-A4E4CA913AA6}.Debug|Mixed Platforms.Build.0 = Debug|Any CPU
		{C9F431EB-5D35-4C7B-826B-A4E4CA913AA6}.Debug|x86.ActiveCfg = Debug|Any CPU
		{C9F431EB-5D35-4C7B-826B-A4E4CA913AA6}.Release|Any CPU.ActiveCfg = Release|Any CPU
		{C9F431EB-5D35-4C7B-826B-A4E4CA913AA6}.Release|Any CPU.Build.0 = Release|Any CPU
		{C9F431EB-5D35-4C7B-826B-A4E4CA913AA6}.Release|Mixed Platforms.ActiveCfg = Release|Any CPU
		{C9F431EB-5D35-4C7B-826B-A4E4CA913AA6}.Release|Mixed Platforms.Build.0 = Release|Any CPU
		{C9F431EB-5D35-4C7B-826B-A4E4CA913AA6}.Release|x86.ActiveCfg = Release|Any CPU
		{BF856BE2-E607-42F9-8F88-88E5C9DB06A9}.Android|Any CPU.ActiveCfg = Release|Any CPU
		{BF856BE2-E607-42F9-8F88-88E5C9DB06A9}.Android|Any CPU.Build.0 = Release|Any CPU
		{BF856BE2-E607-42F9-8F88-88E5C9DB06A9}.Android|Mixed Platforms.ActiveCfg = Debug|Any CPU
		{BF856BE2-E607-42F9-8F88-88E5C9DB06A9}.Android|x86.ActiveCfg = Debug|Any CPU
		{BF856BE2-E607-42F9-8F88-88E5C9DB06A9}.Assets|Any CPU.ActiveCfg = Release|Any CPU
		{BF856BE2-E607-42F9-8F88-88E5C9DB06A9}.Assets|Any CPU.Build.0 = Release|Any CPU
		{BF856BE2-E607-42F9-8F88-88E5C9DB06A9}.Assets|Mixed Platforms.ActiveCfg = Debug|Any CPU
		{BF856BE2-E607-42F9-8F88-88E5C9DB06A9}.Assets|x86.ActiveCfg = Debug|Any CPU
		{BF856BE2-E607-42F9-8F88-88E5C9DB06A9}.Debug|Any CPU.ActiveCfg = Debug|Any CPU
		{BF856BE2-E607-42F9-8F88-88E5C9DB06A9}.Debug|Any CPU.Build.0 = Debug|Any CPU
		{BF856BE2-E607-42F9-8F88-88E5C9DB06A9}.Debug|Mixed Platforms.ActiveCfg = Debug|Any CPU
		{BF856BE2-E607-42F9-8F88-88E5C9DB06A9}.Debug|x86.ActiveCfg = Debug|Any CPU
		{BF856BE2-E607-42F9-8F88-88E5C9DB06A9}.Release|Any CPU.ActiveCfg = Release|Any CPU
		{BF856BE2-E607-42F9-8F88-88E5C9DB06A9}.Release|Any CPU.Build.0 = Release|Any CPU
		{BF856BE2-E607-42F9-8F88-88E5C9DB06A9}.Release|Mixed Platforms.ActiveCfg = Release|Any CPU
		{BF856BE2-E607-42F9-8F88-88E5C9DB06A9}.Release|x86.ActiveCfg = Release|Any CPU
		{5A4875AE-F31D-48A8-952F-A0A46A942700}.Android|Any CPU.ActiveCfg = Release|Any CPU
		{5A4875AE-F31D-48A8-952F-A0A46A942700}.Android|Any CPU.Build.0 = Release|Any CPU
		{5A4875AE-F31D-48A8-952F-A0A46A942700}.Android|Mixed Platforms.ActiveCfg = Debug|Any CPU
		{5A4875AE-F31D-48A8-952F-A0A46A942700}.Android|Mixed Platforms.Build.0 = Debug|Any CPU
		{5A4875AE-F31D-48A8-952F-A0A46A942700}.Android|x86.ActiveCfg = Debug|Any CPU
		{5A4875AE-F31D-48A8-952F-A0A46A942700}.Assets|Any CPU.ActiveCfg = Release|Any CPU
		{5A4875AE-F31D-48A8-952F-A0A46A942700}.Assets|Any CPU.Build.0 = Release|Any CPU
		{5A4875AE-F31D-48A8-952F-A0A46A942700}.Assets|Mixed Platforms.ActiveCfg = Debug|Any CPU
		{5A4875AE-F31D-48A8-952F-A0A46A942700}.Assets|Mixed Platforms.Build.0 = Debug|Any CPU
		{5A4875AE-F31D-48A8-952F-A0A46A942700}.Assets|x86.ActiveCfg = Debug|Any CPU
		{5A4875AE-F31D-48A8-952F-A0A46A942700}.Debug|Any CPU.ActiveCfg = Debug|Any CPU
		{5A4875AE-F31D-48A8-952F-A0A46A942700}.Debug|Any CPU.Build.0 = Debug|Any CPU
		{5A4875AE-F31D-48A8-952F-A0A46A942700}.Debug|Mixed Platforms.ActiveCfg = Debug|Any CPU
		{5A4875AE-F31D-48A8-952F-A0A46A942700}.Debug|Mixed Platforms.Build.0 = Debug|Any CPU
		{5A4875AE-F31D-48A8-952F-A0A46A942700}.Debug|x86.ActiveCfg = Debug|Any CPU
		{5A4875AE-F31D-48A8-952F-A0A46A942700}.Release|Any CPU.ActiveCfg = Release|Any CPU
		{5A4875AE-F31D-48A8-952F-A0A46A942700}.Release|Any CPU.Build.0 = Release|Any CPU
		{5A4875AE-F31D-48A8-952F-A0A46A942700}.Release|Mixed Platforms.ActiveCfg = Release|Any CPU
		{5A4875AE-F31D-48A8-952F-A0A46A942700}.Release|Mixed Platforms.Build.0 = Release|Any CPU
		{5A4875AE-F31D-48A8-952F-A0A46A942700}.Release|x86.ActiveCfg = Release|Any CPU
		{FA2123D2-8933-460A-9331-27226C466FF5}.Android|Any CPU.ActiveCfg = Release|Any CPU
		{FA2123D2-8933-460A-9331-27226C466FF5}.Android|Any CPU.Build.0 = Release|Any CPU
		{FA2123D2-8933-460A-9331-27226C466FF5}.Android|Mixed Platforms.ActiveCfg = Debug|Any CPU
		{FA2123D2-8933-460A-9331-27226C466FF5}.Android|Mixed Platforms.Build.0 = Debug|Any CPU
		{FA2123D2-8933-460A-9331-27226C466FF5}.Android|x86.ActiveCfg = Debug|Any CPU
		{FA2123D2-8933-460A-9331-27226C466FF5}.Assets|Any CPU.ActiveCfg = Release|Any CPU
		{FA2123D2-8933-460A-9331-27226C466FF5}.Assets|Any CPU.Build.0 = Release|Any CPU
		{FA2123D2-8933-460A-9331-27226C466FF5}.Assets|Mixed Platforms.ActiveCfg = Debug|Any CPU
		{FA2123D2-8933-460A-9331-27226C466FF5}.Assets|Mixed Platforms.Build.0 = Debug|Any CPU
		{FA2123D2-8933-460A-9331-27226C466FF5}.Assets|x86.ActiveCfg = Debug|Any CPU
		{FA2123D2-8933-460A-9331-27226C466FF5}.Debug|Any CPU.ActiveCfg = Debug|Any CPU
		{FA2123D2-8933-460A-9331-27226C466FF5}.Debug|Any CPU.Build.0 = Debug|Any CPU
		{FA2123D2-8933-460A-9331-27226C466FF5}.Debug|Mixed Platforms.ActiveCfg = Debug|Any CPU
		{FA2123D2-8933-460A-9331-27226C466FF5}.Debug|Mixed Platforms.Build.0 = Debug|Any CPU
		{FA2123D2-8933-460A-9331-27226C466FF5}.Debug|x86.ActiveCfg = Debug|Any CPU
		{FA2123D2-8933-460A-9331-27226C466FF5}.Release|Any CPU.ActiveCfg = Release|Any CPU
		{FA2123D2-8933-460A-9331-27226C466FF5}.Release|Any CPU.Build.0 = Release|Any CPU
		{FA2123D2-8933-460A-9331-27226C466FF5}.Release|Mixed Platforms.ActiveCfg = Release|Any CPU
		{FA2123D2-8933-460A-9331-27226C466FF5}.Release|Mixed Platforms.Build.0 = Release|Any CPU
		{FA2123D2-8933-460A-9331-27226C466FF5}.Release|x86.ActiveCfg = Release|Any CPU
		{44F8F2CD-9873-410B-90D4-BD9D8CA03D83}.Android|Any CPU.ActiveCfg = Release|Any CPU
		{44F8F2CD-9873-410B-90D4-BD9D8CA03D83}.Android|Any CPU.Build.0 = Release|Any CPU
		{44F8F2CD-9873-410B-90D4-BD9D8CA03D83}.Android|Mixed Platforms.ActiveCfg = Debug|Any CPU
		{44F8F2CD-9873-410B-90D4-BD9D8CA03D83}.Android|Mixed Platforms.Build.0 = Debug|Any CPU
		{44F8F2CD-9873-410B-90D4-BD9D8CA03D83}.Android|x86.ActiveCfg = Debug|Any CPU
		{44F8F2CD-9873-410B-90D4-BD9D8CA03D83}.Assets|Any CPU.ActiveCfg = Release|Any CPU
		{44F8F2CD-9873-410B-90D4-BD9D8CA03D83}.Assets|Any CPU.Build.0 = Release|Any CPU
		{44F8F2CD-9873-410B-90D4-BD9D8CA03D83}.Assets|Mixed Platforms.ActiveCfg = Debug|Any CPU
		{44F8F2CD-9873-410B-90D4-BD9D8CA03D83}.Assets|Mixed Platforms.Build.0 = Debug|Any CPU
		{44F8F2CD-9873-410B-90D4-BD9D8CA03D83}.Assets|x86.ActiveCfg = Debug|Any CPU
		{44F8F2CD-9873-410B-90D4-BD9D8CA03D83}.Debug|Any CPU.ActiveCfg = Debug|Any CPU
		{44F8F2CD-9873-410B-90D4-BD9D8CA03D83}.Debug|Any CPU.Build.0 = Debug|Any CPU
		{44F8F2CD-9873-410B-90D4-BD9D8CA03D83}.Debug|Mixed Platforms.ActiveCfg = Debug|Any CPU
		{44F8F2CD-9873-410B-90D4-BD9D8CA03D83}.Debug|Mixed Platforms.Build.0 = Debug|Any CPU
		{44F8F2CD-9873-410B-90D4-BD9D8CA03D83}.Debug|x86.ActiveCfg = Debug|Any CPU
		{44F8F2CD-9873-410B-90D4-BD9D8CA03D83}.Release|Any CPU.ActiveCfg = Release|Any CPU
		{44F8F2CD-9873-410B-90D4-BD9D8CA03D83}.Release|Any CPU.Build.0 = Release|Any CPU
		{44F8F2CD-9873-410B-90D4-BD9D8CA03D83}.Release|Mixed Platforms.ActiveCfg = Release|Any CPU
		{44F8F2CD-9873-410B-90D4-BD9D8CA03D83}.Release|Mixed Platforms.Build.0 = Release|Any CPU
		{44F8F2CD-9873-410B-90D4-BD9D8CA03D83}.Release|x86.ActiveCfg = Release|Any CPU
		{E9A0E839-8BEC-4B5C-B967-2E55A2078A77}.Android|Any CPU.ActiveCfg = Release|Any CPU
		{E9A0E839-8BEC-4B5C-B967-2E55A2078A77}.Android|Any CPU.Build.0 = Release|Any CPU
		{E9A0E839-8BEC-4B5C-B967-2E55A2078A77}.Android|Mixed Platforms.ActiveCfg = Debug|Any CPU
		{E9A0E839-8BEC-4B5C-B967-2E55A2078A77}.Android|Mixed Platforms.Build.0 = Debug|Any CPU
		{E9A0E839-8BEC-4B5C-B967-2E55A2078A77}.Android|x86.ActiveCfg = Debug|Any CPU
		{E9A0E839-8BEC-4B5C-B967-2E55A2078A77}.Assets|Any CPU.ActiveCfg = Release|Any CPU
		{E9A0E839-8BEC-4B5C-B967-2E55A2078A77}.Assets|Any CPU.Build.0 = Release|Any CPU
		{E9A0E839-8BEC-4B5C-B967-2E55A2078A77}.Assets|Mixed Platforms.ActiveCfg = Debug|Any CPU
		{E9A0E839-8BEC-4B5C-B967-2E55A2078A77}.Assets|Mixed Platforms.Build.0 = Debug|Any CPU
		{E9A0E839-8BEC-4B5C-B967-2E55A2078A77}.Assets|x86.ActiveCfg = Debug|Any CPU
		{E9A0E839-8BEC-4B5C-B967-2E55A2078A77}.Debug|Any CPU.ActiveCfg = Debug|Any CPU
		{E9A0E839-8BEC-4B5C-B967-2E55A2078A77}.Debug|Any CPU.Build.0 = Debug|Any CPU
		{E9A0E839-8BEC-4B5C-B967-2E55A2078A77}.Debug|Mixed Platforms.ActiveCfg = Debug|Any CPU
		{E9A0E839-8BEC-4B5C-B967-2E55A2078A77}.Debug|Mixed Platforms.Build.0 = Debug|Any CPU
		{E9A0E839-8BEC-4B5C-B967-2E55A2078A77}.Debug|x86.ActiveCfg = Debug|Any CPU
		{E9A0E839-8BEC-4B5C-B967-2E55A2078A77}.Release|Any CPU.ActiveCfg = Release|Any CPU
		{E9A0E839-8BEC-4B5C-B967-2E55A2078A77}.Release|Any CPU.Build.0 = Release|Any CPU
		{E9A0E839-8BEC-4B5C-B967-2E55A2078A77}.Release|Mixed Platforms.ActiveCfg = Release|Any CPU
		{E9A0E839-8BEC-4B5C-B967-2E55A2078A77}.Release|Mixed Platforms.Build.0 = Release|Any CPU
		{E9A0E839-8BEC-4B5C-B967-2E55A2078A77}.Release|x86.ActiveCfg = Release|Any CPU
		{B08838C1-07FB-44DB-8107-D9AD09250E6E}.Android|Any CPU.ActiveCfg = Release|Any CPU
		{B08838C1-07FB-44DB-8107-D9AD09250E6E}.Android|Any CPU.Build.0 = Release|Any CPU
		{B08838C1-07FB-44DB-8107-D9AD09250E6E}.Android|Mixed Platforms.ActiveCfg = Debug|Any CPU
		{B08838C1-07FB-44DB-8107-D9AD09250E6E}.Android|Mixed Platforms.Build.0 = Debug|Any CPU
		{B08838C1-07FB-44DB-8107-D9AD09250E6E}.Android|x86.ActiveCfg = Debug|Any CPU
		{B08838C1-07FB-44DB-8107-D9AD09250E6E}.Assets|Any CPU.ActiveCfg = Release|Any CPU
		{B08838C1-07FB-44DB-8107-D9AD09250E6E}.Assets|Any CPU.Build.0 = Release|Any CPU
		{B08838C1-07FB-44DB-8107-D9AD09250E6E}.Assets|Mixed Platforms.ActiveCfg = Debug|Any CPU
		{B08838C1-07FB-44DB-8107-D9AD09250E6E}.Assets|Mixed Platforms.Build.0 = Debug|Any CPU
		{B08838C1-07FB-44DB-8107-D9AD09250E6E}.Assets|x86.ActiveCfg = Debug|Any CPU
		{B08838C1-07FB-44DB-8107-D9AD09250E6E}.Debug|Any CPU.ActiveCfg = Debug|Any CPU
		{B08838C1-07FB-44DB-8107-D9AD09250E6E}.Debug|Any CPU.Build.0 = Debug|Any CPU
		{B08838C1-07FB-44DB-8107-D9AD09250E6E}.Debug|Mixed Platforms.ActiveCfg = Debug|Any CPU
		{B08838C1-07FB-44DB-8107-D9AD09250E6E}.Debug|Mixed Platforms.Build.0 = Debug|Any CPU
		{B08838C1-07FB-44DB-8107-D9AD09250E6E}.Debug|x86.ActiveCfg = Debug|Any CPU
		{B08838C1-07FB-44DB-8107-D9AD09250E6E}.Release|Any CPU.ActiveCfg = Release|Any CPU
		{B08838C1-07FB-44DB-8107-D9AD09250E6E}.Release|Any CPU.Build.0 = Release|Any CPU
		{B08838C1-07FB-44DB-8107-D9AD09250E6E}.Release|Mixed Platforms.ActiveCfg = Release|Any CPU
		{B08838C1-07FB-44DB-8107-D9AD09250E6E}.Release|Mixed Platforms.Build.0 = Release|Any CPU
		{B08838C1-07FB-44DB-8107-D9AD09250E6E}.Release|x86.ActiveCfg = Release|Any CPU
		{1E792B23-CBAB-4D3E-AB26-4A83DA675D5E}.Android|Any CPU.ActiveCfg = Release|Any CPU
		{1E792B23-CBAB-4D3E-AB26-4A83DA675D5E}.Android|Any CPU.Build.0 = Release|Any CPU
		{1E792B23-CBAB-4D3E-AB26-4A83DA675D5E}.Android|Mixed Platforms.ActiveCfg = Debug|Any CPU
		{1E792B23-CBAB-4D3E-AB26-4A83DA675D5E}.Android|Mixed Platforms.Build.0 = Debug|Any CPU
		{1E792B23-CBAB-4D3E-AB26-4A83DA675D5E}.Android|x86.ActiveCfg = Debug|Any CPU
		{1E792B23-CBAB-4D3E-AB26-4A83DA675D5E}.Assets|Any CPU.ActiveCfg = Release|Any CPU
		{1E792B23-CBAB-4D3E-AB26-4A83DA675D5E}.Assets|Any CPU.Build.0 = Release|Any CPU
		{1E792B23-CBAB-4D3E-AB26-4A83DA675D5E}.Assets|Mixed Platforms.ActiveCfg = Debug|Any CPU
		{1E792B23-CBAB-4D3E-AB26-4A83DA675D5E}.Assets|Mixed Platforms.Build.0 = Debug|Any CPU
		{1E792B23-CBAB-4D3E-AB26-4A83DA675D5E}.Assets|x86.ActiveCfg = Debug|Any CPU
		{1E792B23-CBAB-4D3E-AB26-4A83DA675D5E}.Debug|Any CPU.ActiveCfg = Debug|Any CPU
		{1E792B23-CBAB-4D3E-AB26-4A83DA675D5E}.Debug|Any CPU.Build.0 = Debug|Any CPU
		{1E792B23-CBAB-4D3E-AB26-4A83DA675D5E}.Debug|Mixed Platforms.ActiveCfg = Debug|Any CPU
		{1E792B23-CBAB-4D3E-AB26-4A83DA675D5E}.Debug|Mixed Platforms.Build.0 = Debug|Any CPU
		{1E792B23-CBAB-4D3E-AB26-4A83DA675D5E}.Debug|x86.ActiveCfg = Debug|Any CPU
		{1E792B23-CBAB-4D3E-AB26-4A83DA675D5E}.Release|Any CPU.ActiveCfg = Release|Any CPU
		{1E792B23-CBAB-4D3E-AB26-4A83DA675D5E}.Release|Any CPU.Build.0 = Release|Any CPU
		{1E792B23-CBAB-4D3E-AB26-4A83DA675D5E}.Release|Mixed Platforms.ActiveCfg = Release|Any CPU
		{1E792B23-CBAB-4D3E-AB26-4A83DA675D5E}.Release|Mixed Platforms.Build.0 = Release|Any CPU
		{1E792B23-CBAB-4D3E-AB26-4A83DA675D5E}.Release|x86.ActiveCfg = Release|Any CPU
		{FC6A990C-26F6-424E-AB2A-D1E5019E6CEB}.Android|Any CPU.ActiveCfg = Release|Any CPU
		{FC6A990C-26F6-424E-AB2A-D1E5019E6CEB}.Android|Any CPU.Build.0 = Release|Any CPU
		{FC6A990C-26F6-424E-AB2A-D1E5019E6CEB}.Android|Mixed Platforms.ActiveCfg = Debug|Any CPU
		{FC6A990C-26F6-424E-AB2A-D1E5019E6CEB}.Android|Mixed Platforms.Build.0 = Debug|Any CPU
		{FC6A990C-26F6-424E-AB2A-D1E5019E6CEB}.Android|x86.ActiveCfg = Debug|Any CPU
		{FC6A990C-26F6-424E-AB2A-D1E5019E6CEB}.Assets|Any CPU.ActiveCfg = Release|Any CPU
		{FC6A990C-26F6-424E-AB2A-D1E5019E6CEB}.Assets|Any CPU.Build.0 = Release|Any CPU
		{FC6A990C-26F6-424E-AB2A-D1E5019E6CEB}.Assets|Mixed Platforms.ActiveCfg = Debug|Any CPU
		{FC6A990C-26F6-424E-AB2A-D1E5019E6CEB}.Assets|Mixed Platforms.Build.0 = Debug|Any CPU
		{FC6A990C-26F6-424E-AB2A-D1E5019E6CEB}.Assets|x86.ActiveCfg = Debug|Any CPU
		{FC6A990C-26F6-424E-AB2A-D1E5019E6CEB}.Debug|Any CPU.ActiveCfg = Debug|Any CPU
		{FC6A990C-26F6-424E-AB2A-D1E5019E6CEB}.Debug|Any CPU.Build.0 = Debug|Any CPU
		{FC6A990C-26F6-424E-AB2A-D1E5019E6CEB}.Debug|Mixed Platforms.ActiveCfg = Debug|Any CPU
		{FC6A990C-26F6-424E-AB2A-D1E5019E6CEB}.Debug|Mixed Platforms.Build.0 = Debug|Any CPU
		{FC6A990C-26F6-424E-AB2A-D1E5019E6CEB}.Debug|x86.ActiveCfg = Debug|Any CPU
		{FC6A990C-26F6-424E-AB2A-D1E5019E6CEB}.Release|Any CPU.ActiveCfg = Release|Any CPU
		{FC6A990C-26F6-424E-AB2A-D1E5019E6CEB}.Release|Any CPU.Build.0 = Release|Any CPU
		{FC6A990C-26F6-424E-AB2A-D1E5019E6CEB}.Release|Mixed Platforms.ActiveCfg = Release|Any CPU
		{FC6A990C-26F6-424E-AB2A-D1E5019E6CEB}.Release|Mixed Platforms.Build.0 = Release|Any CPU
		{FC6A990C-26F6-424E-AB2A-D1E5019E6CEB}.Release|x86.ActiveCfg = Release|Any CPU
		{47785912-343A-4BC6-8AD9-FB5C9FC2E233}.Android|Any CPU.ActiveCfg = Release|Any CPU
		{47785912-343A-4BC6-8AD9-FB5C9FC2E233}.Android|Any CPU.Build.0 = Release|Any CPU
		{47785912-343A-4BC6-8AD9-FB5C9FC2E233}.Android|Mixed Platforms.ActiveCfg = Debug|Any CPU
		{47785912-343A-4BC6-8AD9-FB5C9FC2E233}.Android|Mixed Platforms.Build.0 = Debug|Any CPU
		{47785912-343A-4BC6-8AD9-FB5C9FC2E233}.Android|x86.ActiveCfg = Debug|Any CPU
		{47785912-343A-4BC6-8AD9-FB5C9FC2E233}.Assets|Any CPU.ActiveCfg = Release|Any CPU
		{47785912-343A-4BC6-8AD9-FB5C9FC2E233}.Assets|Any CPU.Build.0 = Release|Any CPU
		{47785912-343A-4BC6-8AD9-FB5C9FC2E233}.Assets|Mixed Platforms.ActiveCfg = Debug|Any CPU
		{47785912-343A-4BC6-8AD9-FB5C9FC2E233}.Assets|Mixed Platforms.Build.0 = Debug|Any CPU
		{47785912-343A-4BC6-8AD9-FB5C9FC2E233}.Assets|x86.ActiveCfg = Debug|Any CPU
		{47785912-343A-4BC6-8AD9-FB5C9FC2E233}.Debug|Any CPU.ActiveCfg = Debug|Any CPU
		{47785912-343A-4BC6-8AD9-FB5C9FC2E233}.Debug|Any CPU.Build.0 = Debug|Any CPU
		{47785912-343A-4BC6-8AD9-FB5C9FC2E233}.Debug|Mixed Platforms.ActiveCfg = Debug|Any CPU
		{47785912-343A-4BC6-8AD9-FB5C9FC2E233}.Debug|Mixed Platforms.Build.0 = Debug|Any CPU
		{47785912-343A-4BC6-8AD9-FB5C9FC2E233}.Debug|x86.ActiveCfg = Debug|Any CPU
		{47785912-343A-4BC6-8AD9-FB5C9FC2E233}.Release|Any CPU.ActiveCfg = Release|Any CPU
		{47785912-343A-4BC6-8AD9-FB5C9FC2E233}.Release|Any CPU.Build.0 = Release|Any CPU
		{47785912-343A-4BC6-8AD9-FB5C9FC2E233}.Release|Mixed Platforms.ActiveCfg = Release|Any CPU
		{47785912-343A-4BC6-8AD9-FB5C9FC2E233}.Release|Mixed Platforms.Build.0 = Release|Any CPU
		{47785912-343A-4BC6-8AD9-FB5C9FC2E233}.Release|x86.ActiveCfg = Release|Any CPU
		{9D280B94-A86D-496D-940A-7C0C1C270590}.Android|Any CPU.ActiveCfg = Release|Any CPU
		{9D280B94-A86D-496D-940A-7C0C1C270590}.Android|Any CPU.Build.0 = Release|Any CPU
		{9D280B94-A86D-496D-940A-7C0C1C270590}.Android|Mixed Platforms.ActiveCfg = Release|Any CPU
		{9D280B94-A86D-496D-940A-7C0C1C270590}.Android|Mixed Platforms.Build.0 = Release|Any CPU
		{9D280B94-A86D-496D-940A-7C0C1C270590}.Android|x86.ActiveCfg = Release|Any CPU
		{9D280B94-A86D-496D-940A-7C0C1C270590}.Assets|Any CPU.ActiveCfg = Release|Any CPU
		{9D280B94-A86D-496D-940A-7C0C1C270590}.Assets|Any CPU.Build.0 = Release|Any CPU
		{9D280B94-A86D-496D-940A-7C0C1C270590}.Assets|Mixed Platforms.ActiveCfg = Release|Any CPU
		{9D280B94-A86D-496D-940A-7C0C1C270590}.Assets|Mixed Platforms.Build.0 = Release|Any CPU
		{9D280B94-A86D-496D-940A-7C0C1C270590}.Assets|x86.ActiveCfg = Release|Any CPU
		{9D280B94-A86D-496D-940A-7C0C1C270590}.Debug|Any CPU.ActiveCfg = Debug|Any CPU
		{9D280B94-A86D-496D-940A-7C0C1C270590}.Debug|Any CPU.Build.0 = Debug|Any CPU
		{9D280B94-A86D-496D-940A-7C0C1C270590}.Debug|Mixed Platforms.ActiveCfg = Debug|Any CPU
		{9D280B94-A86D-496D-940A-7C0C1C270590}.Debug|Mixed Platforms.Build.0 = Debug|Any CPU
		{9D280B94-A86D-496D-940A-7C0C1C270590}.Debug|x86.ActiveCfg = Debug|Any CPU
		{9D280B94-A86D-496D-940A-7C0C1C270590}.Release|Any CPU.ActiveCfg = Release|Any CPU
		{9D280B94-A86D-496D-940A-7C0C1C270590}.Release|Any CPU.Build.0 = Release|Any CPU
		{9D280B94-A86D-496D-940A-7C0C1C270590}.Release|Mixed Platforms.ActiveCfg = Release|Any CPU
		{9D280B94-A86D-496D-940A-7C0C1C270590}.Release|Mixed Platforms.Build.0 = Release|Any CPU
		{9D280B94-A86D-496D-940A-7C0C1C270590}.Release|x86.ActiveCfg = Release|Any CPU
		{91FD63DE-622B-488F-A194-4BFE036E6FF2}.Android|Any CPU.ActiveCfg = Release|Any CPU
		{91FD63DE-622B-488F-A194-4BFE036E6FF2}.Android|Any CPU.Build.0 = Release|Any CPU
		{91FD63DE-622B-488F-A194-4BFE036E6FF2}.Android|Mixed Platforms.ActiveCfg = Release|Any CPU
		{91FD63DE-622B-488F-A194-4BFE036E6FF2}.Android|Mixed Platforms.Build.0 = Release|Any CPU
		{91FD63DE-622B-488F-A194-4BFE036E6FF2}.Android|x86.ActiveCfg = Release|Any CPU
		{91FD63DE-622B-488F-A194-4BFE036E6FF2}.Assets|Any CPU.ActiveCfg = Release|Any CPU
		{91FD63DE-622B-488F-A194-4BFE036E6FF2}.Assets|Any CPU.Build.0 = Release|Any CPU
		{91FD63DE-622B-488F-A194-4BFE036E6FF2}.Assets|Mixed Platforms.ActiveCfg = Release|Any CPU
		{91FD63DE-622B-488F-A194-4BFE036E6FF2}.Assets|Mixed Platforms.Build.0 = Release|Any CPU
		{91FD63DE-622B-488F-A194-4BFE036E6FF2}.Assets|x86.ActiveCfg = Release|Any CPU
		{91FD63DE-622B-488F-A194-4BFE036E6FF2}.Debug|Any CPU.ActiveCfg = Debug|Any CPU
		{91FD63DE-622B-488F-A194-4BFE036E6FF2}.Debug|Any CPU.Build.0 = Debug|Any CPU
		{91FD63DE-622B-488F-A194-4BFE036E6FF2}.Debug|Mixed Platforms.ActiveCfg = Debug|Any CPU
		{91FD63DE-622B-488F-A194-4BFE036E6FF2}.Debug|Mixed Platforms.Build.0 = Debug|Any CPU
		{91FD63DE-622B-488F-A194-4BFE036E6FF2}.Debug|x86.ActiveCfg = Debug|Any CPU
		{91FD63DE-622B-488F-A194-4BFE036E6FF2}.Release|Any CPU.ActiveCfg = Release|Any CPU
		{91FD63DE-622B-488F-A194-4BFE036E6FF2}.Release|Any CPU.Build.0 = Release|Any CPU
		{91FD63DE-622B-488F-A194-4BFE036E6FF2}.Release|Mixed Platforms.ActiveCfg = Release|Any CPU
		{91FD63DE-622B-488F-A194-4BFE036E6FF2}.Release|Mixed Platforms.Build.0 = Release|Any CPU
		{91FD63DE-622B-488F-A194-4BFE036E6FF2}.Release|x86.ActiveCfg = Release|Any CPU
		{22AD40CA-F961-4953-9D6D-F8EE978CDB80}.Android|Any CPU.ActiveCfg = Release|Any CPU
		{22AD40CA-F961-4953-9D6D-F8EE978CDB80}.Android|Any CPU.Build.0 = Release|Any CPU
		{22AD40CA-F961-4953-9D6D-F8EE978CDB80}.Android|Mixed Platforms.ActiveCfg = Release|Any CPU
		{22AD40CA-F961-4953-9D6D-F8EE978CDB80}.Android|Mixed Platforms.Build.0 = Release|Any CPU
		{22AD40CA-F961-4953-9D6D-F8EE978CDB80}.Android|x86.ActiveCfg = Release|Any CPU
		{22AD40CA-F961-4953-9D6D-F8EE978CDB80}.Assets|Any CPU.ActiveCfg = Release|Any CPU
		{22AD40CA-F961-4953-9D6D-F8EE978CDB80}.Assets|Any CPU.Build.0 = Release|Any CPU
		{22AD40CA-F961-4953-9D6D-F8EE978CDB80}.Assets|Mixed Platforms.ActiveCfg = Release|Any CPU
		{22AD40CA-F961-4953-9D6D-F8EE978CDB80}.Assets|Mixed Platforms.Build.0 = Release|Any CPU
		{22AD40CA-F961-4953-9D6D-F8EE978CDB80}.Assets|x86.ActiveCfg = Release|Any CPU
		{22AD40CA-F961-4953-9D6D-F8EE978CDB80}.Debug|Any CPU.ActiveCfg = Debug|Any CPU
		{22AD40CA-F961-4953-9D6D-F8EE978CDB80}.Debug|Any CPU.Build.0 = Debug|Any CPU
		{22AD40CA-F961-4953-9D6D-F8EE978CDB80}.Debug|Mixed Platforms.ActiveCfg = Debug|Any CPU
		{22AD40CA-F961-4953-9D6D-F8EE978CDB80}.Debug|Mixed Platforms.Build.0 = Debug|Any CPU
		{22AD40CA-F961-4953-9D6D-F8EE978CDB80}.Debug|x86.ActiveCfg = Debug|Any CPU
		{22AD40CA-F961-4953-9D6D-F8EE978CDB80}.Release|Any CPU.ActiveCfg = Release|Any CPU
		{22AD40CA-F961-4953-9D6D-F8EE978CDB80}.Release|Any CPU.Build.0 = Release|Any CPU
		{22AD40CA-F961-4953-9D6D-F8EE978CDB80}.Release|Mixed Platforms.ActiveCfg = Release|Any CPU
		{22AD40CA-F961-4953-9D6D-F8EE978CDB80}.Release|Mixed Platforms.Build.0 = Release|Any CPU
		{22AD40CA-F961-4953-9D6D-F8EE978CDB80}.Release|x86.ActiveCfg = Release|Any CPU
		{6BE0FE6F-5EA4-40A5-8938-FF7C3B5D0969}.Android|Any CPU.ActiveCfg = Release|x86
		{6BE0FE6F-5EA4-40A5-8938-FF7C3B5D0969}.Android|Mixed Platforms.ActiveCfg = Release|x86
		{6BE0FE6F-5EA4-40A5-8938-FF7C3B5D0969}.Android|Mixed Platforms.Build.0 = Release|x86
		{6BE0FE6F-5EA4-40A5-8938-FF7C3B5D0969}.Android|x86.ActiveCfg = Release|x86
		{6BE0FE6F-5EA4-40A5-8938-FF7C3B5D0969}.Android|x86.Build.0 = Release|x86
		{6BE0FE6F-5EA4-40A5-8938-FF7C3B5D0969}.Assets|Any CPU.ActiveCfg = Release|x86
		{6BE0FE6F-5EA4-40A5-8938-FF7C3B5D0969}.Assets|Mixed Platforms.ActiveCfg = Release|x86
		{6BE0FE6F-5EA4-40A5-8938-FF7C3B5D0969}.Assets|Mixed Platforms.Build.0 = Release|x86
		{6BE0FE6F-5EA4-40A5-8938-FF7C3B5D0969}.Assets|x86.ActiveCfg = Release|x86
		{6BE0FE6F-5EA4-40A5-8938-FF7C3B5D0969}.Assets|x86.Build.0 = Release|x86
		{6BE0FE6F-5EA4-40A5-8938-FF7C3B5D0969}.Debug|Any CPU.ActiveCfg = Debug|x86
		{6BE0FE6F-5EA4-40A5-8938-FF7C3B5D0969}.Debug|Mixed Platforms.ActiveCfg = Debug|x86
		{6BE0FE6F-5EA4-40A5-8938-FF7C3B5D0969}.Debug|Mixed Platforms.Build.0 = Debug|x86
		{6BE0FE6F-5EA4-40A5-8938-FF7C3B5D0969}.Debug|x86.ActiveCfg = Debug|x86
		{6BE0FE6F-5EA4-40A5-8938-FF7C3B5D0969}.Debug|x86.Build.0 = Debug|x86
		{6BE0FE6F-5EA4-40A5-8938-FF7C3B5D0969}.Release|Any CPU.ActiveCfg = Release|x86
		{6BE0FE6F-5EA4-40A5-8938-FF7C3B5D0969}.Release|Mixed Platforms.ActiveCfg = Release|x86
		{6BE0FE6F-5EA4-40A5-8938-FF7C3B5D0969}.Release|Mixed Platforms.Build.0 = Release|x86
		{6BE0FE6F-5EA4-40A5-8938-FF7C3B5D0969}.Release|x86.ActiveCfg = Release|x86
		{6BE0FE6F-5EA4-40A5-8938-FF7C3B5D0969}.Release|x86.Build.0 = Release|x86
		{C54BCD92-0CBA-4B68-A93D-3CB30A94D024}.Android|Any CPU.ActiveCfg = Release|Any CPU
		{C54BCD92-0CBA-4B68-A93D-3CB30A94D024}.Android|Any CPU.Build.0 = Release|Any CPU
		{C54BCD92-0CBA-4B68-A93D-3CB30A94D024}.Android|Mixed Platforms.ActiveCfg = Release|Any CPU
		{C54BCD92-0CBA-4B68-A93D-3CB30A94D024}.Android|Mixed Platforms.Build.0 = Release|Any CPU
		{C54BCD92-0CBA-4B68-A93D-3CB30A94D024}.Android|x86.ActiveCfg = Release|Any CPU
		{C54BCD92-0CBA-4B68-A93D-3CB30A94D024}.Assets|Any CPU.ActiveCfg = Release|Any CPU
		{C54BCD92-0CBA-4B68-A93D-3CB30A94D024}.Assets|Any CPU.Build.0 = Release|Any CPU
		{C54BCD92-0CBA-4B68-A93D-3CB30A94D024}.Assets|Mixed Platforms.ActiveCfg = Release|Any CPU
		{C54BCD92-0CBA-4B68-A93D-3CB30A94D024}.Assets|Mixed Platforms.Build.0 = Release|Any CPU
		{C54BCD92-0CBA-4B68-A93D-3CB30A94D024}.Assets|x86.ActiveCfg = Release|Any CPU
		{C54BCD92-0CBA-4B68-A93D-3CB30A94D024}.Debug|Any CPU.ActiveCfg = Debug|Any CPU
		{C54BCD92-0CBA-4B68-A93D-3CB30A94D024}.Debug|Any CPU.Build.0 = Debug|Any CPU
		{C54BCD92-0CBA-4B68-A93D-3CB30A94D024}.Debug|Mixed Platforms.ActiveCfg = Debug|Any CPU
		{C54BCD92-0CBA-4B68-A93D-3CB30A94D024}.Debug|Mixed Platforms.Build.0 = Debug|Any CPU
		{C54BCD92-0CBA-4B68-A93D-3CB30A94D024}.Debug|x86.ActiveCfg = Debug|Any CPU
		{C54BCD92-0CBA-4B68-A93D-3CB30A94D024}.Release|Any CPU.ActiveCfg = Release|Any CPU
		{C54BCD92-0CBA-4B68-A93D-3CB30A94D024}.Release|Any CPU.Build.0 = Release|Any CPU
		{C54BCD92-0CBA-4B68-A93D-3CB30A94D024}.Release|Mixed Platforms.ActiveCfg = Release|Any CPU
		{C54BCD92-0CBA-4B68-A93D-3CB30A94D024}.Release|Mixed Platforms.Build.0 = Release|Any CPU
		{C54BCD92-0CBA-4B68-A93D-3CB30A94D024}.Release|x86.ActiveCfg = Release|Any CPU
		{E88F583A-F361-4D97-8642-13EDB6DDC9C1}.Android|Any CPU.ActiveCfg = Release|x86
		{E88F583A-F361-4D97-8642-13EDB6DDC9C1}.Android|Mixed Platforms.ActiveCfg = Release|x86
		{E88F583A-F361-4D97-8642-13EDB6DDC9C1}.Android|Mixed Platforms.Build.0 = Release|x86
		{E88F583A-F361-4D97-8642-13EDB6DDC9C1}.Android|x86.ActiveCfg = Release|x86
		{E88F583A-F361-4D97-8642-13EDB6DDC9C1}.Android|x86.Build.0 = Release|x86
		{E88F583A-F361-4D97-8642-13EDB6DDC9C1}.Assets|Any CPU.ActiveCfg = Release|x86
		{E88F583A-F361-4D97-8642-13EDB6DDC9C1}.Assets|Mixed Platforms.ActiveCfg = Release|x86
		{E88F583A-F361-4D97-8642-13EDB6DDC9C1}.Assets|Mixed Platforms.Build.0 = Release|x86
		{E88F583A-F361-4D97-8642-13EDB6DDC9C1}.Assets|x86.ActiveCfg = Release|x86
		{E88F583A-F361-4D97-8642-13EDB6DDC9C1}.Assets|x86.Build.0 = Release|x86
		{E88F583A-F361-4D97-8642-13EDB6DDC9C1}.Debug|Any CPU.ActiveCfg = Debug|x86
		{E88F583A-F361-4D97-8642-13EDB6DDC9C1}.Debug|Mixed Platforms.ActiveCfg = Debug|x86
		{E88F583A-F361-4D97-8642-13EDB6DDC9C1}.Debug|Mixed Platforms.Build.0 = Debug|x86
		{E88F583A-F361-4D97-8642-13EDB6DDC9C1}.Debug|x86.ActiveCfg = Debug|x86
		{E88F583A-F361-4D97-8642-13EDB6DDC9C1}.Debug|x86.Build.0 = Debug|x86
		{E88F583A-F361-4D97-8642-13EDB6DDC9C1}.Release|Any CPU.ActiveCfg = Release|x86
		{E88F583A-F361-4D97-8642-13EDB6DDC9C1}.Release|Mixed Platforms.ActiveCfg = Release|x86
		{E88F583A-F361-4D97-8642-13EDB6DDC9C1}.Release|Mixed Platforms.Build.0 = Release|x86
		{E88F583A-F361-4D97-8642-13EDB6DDC9C1}.Release|x86.ActiveCfg = Release|x86
		{E88F583A-F361-4D97-8642-13EDB6DDC9C1}.Release|x86.Build.0 = Release|x86
		{2DFE8746-407E-4DB8-83AD-CE4C8F1AA5DA}.Android|Any CPU.ActiveCfg = Release|Any CPU
		{2DFE8746-407E-4DB8-83AD-CE4C8F1AA5DA}.Android|Any CPU.Build.0 = Release|Any CPU
		{2DFE8746-407E-4DB8-83AD-CE4C8F1AA5DA}.Android|Mixed Platforms.ActiveCfg = Release|Any CPU
		{2DFE8746-407E-4DB8-83AD-CE4C8F1AA5DA}.Android|Mixed Platforms.Build.0 = Release|Any CPU
		{2DFE8746-407E-4DB8-83AD-CE4C8F1AA5DA}.Android|x86.ActiveCfg = Release|Any CPU
		{2DFE8746-407E-4DB8-83AD-CE4C8F1AA5DA}.Assets|Any CPU.ActiveCfg = Release|Any CPU
		{2DFE8746-407E-4DB8-83AD-CE4C8F1AA5DA}.Assets|Any CPU.Build.0 = Release|Any CPU
		{2DFE8746-407E-4DB8-83AD-CE4C8F1AA5DA}.Assets|Mixed Platforms.ActiveCfg = Release|Any CPU
		{2DFE8746-407E-4DB8-83AD-CE4C8F1AA5DA}.Assets|Mixed Platforms.Build.0 = Release|Any CPU
		{2DFE8746-407E-4DB8-83AD-CE4C8F1AA5DA}.Assets|x86.ActiveCfg = Release|Any CPU
		{2DFE8746-407E-4DB8-83AD-CE4C8F1AA5DA}.Debug|Any CPU.ActiveCfg = Debug|Any CPU
		{2DFE8746-407E-4DB8-83AD-CE4C8F1AA5DA}.Debug|Any CPU.Build.0 = Debug|Any CPU
		{2DFE8746-407E-4DB8-83AD-CE4C8F1AA5DA}.Debug|Mixed Platforms.ActiveCfg = Debug|Any CPU
		{2DFE8746-407E-4DB8-83AD-CE4C8F1AA5DA}.Debug|Mixed Platforms.Build.0 = Debug|Any CPU
		{2DFE8746-407E-4DB8-83AD-CE4C8F1AA5DA}.Debug|x86.ActiveCfg = Debug|Any CPU
		{2DFE8746-407E-4DB8-83AD-CE4C8F1AA5DA}.Release|Any CPU.ActiveCfg = Release|Any CPU
		{2DFE8746-407E-4DB8-83AD-CE4C8F1AA5DA}.Release|Any CPU.Build.0 = Release|Any CPU
		{2DFE8746-407E-4DB8-83AD-CE4C8F1AA5DA}.Release|Mixed Platforms.ActiveCfg = Release|Any CPU
		{2DFE8746-407E-4DB8-83AD-CE4C8F1AA5DA}.Release|Mixed Platforms.Build.0 = Release|Any CPU
		{2DFE8746-407E-4DB8-83AD-CE4C8F1AA5DA}.Release|x86.ActiveCfg = Release|Any CPU
	EndGlobalSection
	GlobalSection(SolutionProperties) = preSolution
		HideSolutionNode = FALSE
	EndGlobalSection
	GlobalSection(NestedProjects) = preSolution
		{06DC1751-B282-4BCD-8D58-B1B78CF91E7A} = {68E9F7C8-2753-40EA-9862-C7BA1DA5EECB}
		{E32F254D-823D-41D5-99EE-ABDF240AF011} = {68E9F7C8-2753-40EA-9862-C7BA1DA5EECB}
		{D9CDC982-2616-41FF-95E3-56D2D33A40B2} = {68E9F7C8-2753-40EA-9862-C7BA1DA5EECB}
		{E9A0E839-8BEC-4B5C-B967-2E55A2078A77} = {68E9F7C8-2753-40EA-9862-C7BA1DA5EECB}
		{1CE7D22F-52C8-4164-8955-CD89609E48A9} = {06DC1751-B282-4BCD-8D58-B1B78CF91E7A}
		{132EB43F-19B4-42AC-8025-3249B129867A} = {06DC1751-B282-4BCD-8D58-B1B78CF91E7A}
		{E1C195A9-73EB-458A-AFC4-F8C9995E0E4F} = {06DC1751-B282-4BCD-8D58-B1B78CF91E7A}
		{C9F431EB-5D35-4C7B-826B-A4E4CA913AA6} = {06DC1751-B282-4BCD-8D58-B1B78CF91E7A}
		{BF856BE2-E607-42F9-8F88-88E5C9DB06A9} = {06DC1751-B282-4BCD-8D58-B1B78CF91E7A}
		{5A4875AE-F31D-48A8-952F-A0A46A942700} = {06DC1751-B282-4BCD-8D58-B1B78CF91E7A}
		{FA2123D2-8933-460A-9331-27226C466FF5} = {06DC1751-B282-4BCD-8D58-B1B78CF91E7A}
		{B08838C1-07FB-44DB-8107-D9AD09250E6E} = {06DC1751-B282-4BCD-8D58-B1B78CF91E7A}
		{1E792B23-CBAB-4D3E-AB26-4A83DA675D5E} = {06DC1751-B282-4BCD-8D58-B1B78CF91E7A}
		{FC6A990C-26F6-424E-AB2A-D1E5019E6CEB} = {06DC1751-B282-4BCD-8D58-B1B78CF91E7A}
		{47785912-343A-4BC6-8AD9-FB5C9FC2E233} = {06DC1751-B282-4BCD-8D58-B1B78CF91E7A}
		{7DF2830E-8342-4BFA-B5B7-3221A9831308} = {06DC1751-B282-4BCD-8D58-B1B78CF91E7A}
		{9D280B94-A86D-496D-940A-7C0C1C270590} = {06DC1751-B282-4BCD-8D58-B1B78CF91E7A}
		{91FD63DE-622B-488F-A194-4BFE036E6FF2} = {06DC1751-B282-4BCD-8D58-B1B78CF91E7A}
		{22AD40CA-F961-4953-9D6D-F8EE978CDB80} = {06DC1751-B282-4BCD-8D58-B1B78CF91E7A}
		{6BE0FE6F-5EA4-40A5-8938-FF7C3B5D0969} = {06DC1751-B282-4BCD-8D58-B1B78CF91E7A}
		{E88F583A-F361-4D97-8642-13EDB6DDC9C1} = {06DC1751-B282-4BCD-8D58-B1B78CF91E7A}
		{2DFE8746-407E-4DB8-83AD-CE4C8F1AA5DA} = {06DC1751-B282-4BCD-8D58-B1B78CF91E7A}
	EndGlobalSection
EndGlobal
