
Microsoft Visual Studio Solution File, Format Version 12.00
# Visual Studio 14
VisualStudioVersion = 14.0.22823.1
MinimumVisualStudioVersion = 10.0.40219.1
Project("{FAE04EC0-301F-11D3-BF4B-00C04F79EFBC}") = "AndroidBootServiceNotificationActivity", "AndroidBootServiceNotificationActivity\AndroidBootServiceNotificationActivity.csproj", "{9D280B94-A86D-496D-940A-7C0C1C270590}"
EndProject
Project("{FAE04EC0-301F-11D3-BF4B-00C04F79EFBC}") = "ScriptCoreLibAndroid", "..\..\..\..\core\ScriptCoreLibAndroid\ScriptCoreLibAndroid\ScriptCoreLibAndroid.csproj", "{1CE7D22F-52C8-4164-8955-CD89609E48A9}"
EndProject
Project("{FAE04EC0-301F-11D3-BF4B-00C04F79EFBC}") = "ScriptCoreLib.Ultra.Library", "..\..\..\..\core\ScriptCoreLib.Ultra.Library\ScriptCoreLib.Ultra.Library\ScriptCoreLib.Ultra.Library.csproj", "{132EB43F-19B4-42AC-8025-3249B129867A}"
EndProject
Project("{FAE04EC0-301F-11D3-BF4B-00C04F79EFBC}") = "ScriptCoreLib.Ultra", "..\..\..\..\core\ScriptCoreLib.Ultra\ScriptCoreLib.Ultra\ScriptCoreLib.Ultra.csproj", "{E1C195A9-73EB-458A-AFC4-F8C9995E0E4F}"
EndProject
Project("{2150E333-8FDC-42A3-9474-1A3956D46DE8}") = "References", "References", "{9CBE3839-9814-4421-9316-D52BD3204627}"
EndProject
Project("{FAE04EC0-301F-11D3-BF4B-00C04F79EFBC}") = "AndroidMultiActivity", "..\AndroidMultiActivity\AndroidMultiActivity\AndroidMultiActivity.csproj", "{698E9FB9-16DC-4740-8914-6F5C28402BB1}"
EndProject
Project("{FAE04EC0-301F-11D3-BF4B-00C04F79EFBC}") = "TestMultiProcessActivity", "..\Test\TestMultiProcessActivity\TestMultiProcessActivity\TestMultiProcessActivity.csproj", "{FF1FD0EE-02B1-4A36-B7D3-45C003C8D81B}"
EndProject
Global
	GlobalSection(SolutionConfigurationPlatforms) = preSolution
		Android|Any CPU = Android|Any CPU
		Assets|Any CPU = Assets|Any CPU
		Debug|Any CPU = Debug|Any CPU
		Release|Any CPU = Release|Any CPU
	EndGlobalSection
	GlobalSection(ProjectConfigurationPlatforms) = postSolution
		{9D280B94-A86D-496D-940A-7C0C1C270590}.Android|Any CPU.ActiveCfg = Release|Any CPU
		{9D280B94-A86D-496D-940A-7C0C1C270590}.Android|Any CPU.Build.0 = Release|Any CPU
		{9D280B94-A86D-496D-940A-7C0C1C270590}.Assets|Any CPU.ActiveCfg = Release|Any CPU
		{9D280B94-A86D-496D-940A-7C0C1C270590}.Assets|Any CPU.Build.0 = Release|Any CPU
		{9D280B94-A86D-496D-940A-7C0C1C270590}.Debug|Any CPU.ActiveCfg = Debug|Any CPU
		{9D280B94-A86D-496D-940A-7C0C1C270590}.Debug|Any CPU.Build.0 = Debug|Any CPU
		{9D280B94-A86D-496D-940A-7C0C1C270590}.Release|Any CPU.ActiveCfg = Release|Any CPU
		{9D280B94-A86D-496D-940A-7C0C1C270590}.Release|Any CPU.Build.0 = Release|Any CPU
		{1CE7D22F-52C8-4164-8955-CD89609E48A9}.Android|Any CPU.ActiveCfg = Release|Any CPU
		{1CE7D22F-52C8-4164-8955-CD89609E48A9}.Android|Any CPU.Build.0 = Release|Any CPU
		{1CE7D22F-52C8-4164-8955-CD89609E48A9}.Assets|Any CPU.ActiveCfg = Release|Any CPU
		{1CE7D22F-52C8-4164-8955-CD89609E48A9}.Assets|Any CPU.Build.0 = Release|Any CPU
		{1CE7D22F-52C8-4164-8955-CD89609E48A9}.Debug|Any CPU.ActiveCfg = Debug|Any CPU
		{1CE7D22F-52C8-4164-8955-CD89609E48A9}.Debug|Any CPU.Build.0 = Debug|Any CPU
		{1CE7D22F-52C8-4164-8955-CD89609E48A9}.Release|Any CPU.ActiveCfg = Release|Any CPU
		{1CE7D22F-52C8-4164-8955-CD89609E48A9}.Release|Any CPU.Build.0 = Release|Any CPU
		{132EB43F-19B4-42AC-8025-3249B129867A}.Android|Any CPU.ActiveCfg = Android|Any CPU
		{132EB43F-19B4-42AC-8025-3249B129867A}.Android|Any CPU.Build.0 = Android|Any CPU
		{132EB43F-19B4-42AC-8025-3249B129867A}.Assets|Any CPU.ActiveCfg = Assets|Any CPU
		{132EB43F-19B4-42AC-8025-3249B129867A}.Assets|Any CPU.Build.0 = Assets|Any CPU
		{132EB43F-19B4-42AC-8025-3249B129867A}.Debug|Any CPU.ActiveCfg = Debug|Any CPU
		{132EB43F-19B4-42AC-8025-3249B129867A}.Debug|Any CPU.Build.0 = Debug|Any CPU
		{132EB43F-19B4-42AC-8025-3249B129867A}.Release|Any CPU.ActiveCfg = Release|Any CPU
		{132EB43F-19B4-42AC-8025-3249B129867A}.Release|Any CPU.Build.0 = Release|Any CPU
		{E1C195A9-73EB-458A-AFC4-F8C9995E0E4F}.Android|Any CPU.ActiveCfg = Assets|Any CPU
		{E1C195A9-73EB-458A-AFC4-F8C9995E0E4F}.Android|Any CPU.Build.0 = Assets|Any CPU
		{E1C195A9-73EB-458A-AFC4-F8C9995E0E4F}.Assets|Any CPU.ActiveCfg = Assets|Any CPU
		{E1C195A9-73EB-458A-AFC4-F8C9995E0E4F}.Assets|Any CPU.Build.0 = Assets|Any CPU
		{E1C195A9-73EB-458A-AFC4-F8C9995E0E4F}.Debug|Any CPU.ActiveCfg = Debug|Any CPU
		{E1C195A9-73EB-458A-AFC4-F8C9995E0E4F}.Debug|Any CPU.Build.0 = Debug|Any CPU
		{E1C195A9-73EB-458A-AFC4-F8C9995E0E4F}.Release|Any CPU.ActiveCfg = Release|Any CPU
		{E1C195A9-73EB-458A-AFC4-F8C9995E0E4F}.Release|Any CPU.Build.0 = Release|Any CPU
		{698E9FB9-16DC-4740-8914-6F5C28402BB1}.Android|Any CPU.ActiveCfg = Release|Any CPU
		{698E9FB9-16DC-4740-8914-6F5C28402BB1}.Android|Any CPU.Build.0 = Release|Any CPU
		{698E9FB9-16DC-4740-8914-6F5C28402BB1}.Assets|Any CPU.ActiveCfg = Release|Any CPU
		{698E9FB9-16DC-4740-8914-6F5C28402BB1}.Assets|Any CPU.Build.0 = Release|Any CPU
		{698E9FB9-16DC-4740-8914-6F5C28402BB1}.Debug|Any CPU.ActiveCfg = Debug|Any CPU
		{698E9FB9-16DC-4740-8914-6F5C28402BB1}.Debug|Any CPU.Build.0 = Debug|Any CPU
		{698E9FB9-16DC-4740-8914-6F5C28402BB1}.Release|Any CPU.ActiveCfg = Release|Any CPU
		{698E9FB9-16DC-4740-8914-6F5C28402BB1}.Release|Any CPU.Build.0 = Release|Any CPU
		{FF1FD0EE-02B1-4A36-B7D3-45C003C8D81B}.Android|Any CPU.ActiveCfg = Release|Any CPU
		{FF1FD0EE-02B1-4A36-B7D3-45C003C8D81B}.Android|Any CPU.Build.0 = Release|Any CPU
		{FF1FD0EE-02B1-4A36-B7D3-45C003C8D81B}.Assets|Any CPU.ActiveCfg = Release|Any CPU
		{FF1FD0EE-02B1-4A36-B7D3-45C003C8D81B}.Assets|Any CPU.Build.0 = Release|Any CPU
		{FF1FD0EE-02B1-4A36-B7D3-45C003C8D81B}.Debug|Any CPU.ActiveCfg = Debug|Any CPU
		{FF1FD0EE-02B1-4A36-B7D3-45C003C8D81B}.Debug|Any CPU.Build.0 = Debug|Any CPU
		{FF1FD0EE-02B1-4A36-B7D3-45C003C8D81B}.Release|Any CPU.ActiveCfg = Release|Any CPU
		{FF1FD0EE-02B1-4A36-B7D3-45C003C8D81B}.Release|Any CPU.Build.0 = Release|Any CPU
	EndGlobalSection
	GlobalSection(SolutionProperties) = preSolution
		HideSolutionNode = FALSE
	EndGlobalSection
	GlobalSection(NestedProjects) = preSolution
		{1CE7D22F-52C8-4164-8955-CD89609E48A9} = {9CBE3839-9814-4421-9316-D52BD3204627}
		{132EB43F-19B4-42AC-8025-3249B129867A} = {9CBE3839-9814-4421-9316-D52BD3204627}
		{E1C195A9-73EB-458A-AFC4-F8C9995E0E4F} = {9CBE3839-9814-4421-9316-D52BD3204627}
		{698E9FB9-16DC-4740-8914-6F5C28402BB1} = {9CBE3839-9814-4421-9316-D52BD3204627}
		{FF1FD0EE-02B1-4A36-B7D3-45C003C8D81B} = {9CBE3839-9814-4421-9316-D52BD3204627}
	EndGlobalSection
EndGlobal
