
Microsoft Visual Studio Solution File, Format Version 12.00
# Visual Studio 14
VisualStudioVersion = 14.0.22823.1
MinimumVisualStudioVersion = 10.0.40219.1
Project("{FAE04EC0-301F-11D3-BF4B-00C04F79EFBC}") = "x360island", "x360island.csproj", "{EC1EE810-7E1B-4100-A2BE-76AB8FABBB1D}"
EndProject
Project("{2150E333-8FDC-42A3-9474-1A3956D46DE8}") = "ByReference", "ByReference", "{02DF61C5-CCD9-4D86-9648-41F12F074D4C}"
EndProject
Project("{FAE04EC0-301F-11D3-BF4B-00C04F79EFBC}") = "IslandByVanburgler", "..\..\synergy\i\IslandByVanburgler\IslandByVanburgler\IslandByVanburgler.csproj", "{5839091D-DE7F-42E8-A128-22DF04679CE6}"
EndProject
Project("{2150E333-8FDC-42A3-9474-1A3956D46DE8}") = "References", "References", "{0F90D37F-E98B-4F5E-9A65-6EE449F1A9B5}"
EndProject
Project("{FAE04EC0-301F-11D3-BF4B-00C04F79EFBC}") = "MirrorBoxByPurton", "..\..\synergy\m\MirrorBoxByPurton\MirrorBoxByPurton\MirrorBoxByPurton.csproj", "{4CDA760A-2206-4927-8733-3683EDB877AB}"
EndProject
Project("{FAE04EC0-301F-11D3-BF4B-00C04F79EFBC}") = "ChromeShaderToyEiffieBallsByEiffie", "..\..\synergy\e\ChromeShaderToyEiffieBallsByEiffie\ChromeShaderToyEiffieBallsByEiffie\ChromeShaderToyEiffieBallsByEiffie.csproj", "{C9C2746A-B3D7-4E35-B168-8EFB1189ABCE}"
EndProject
Global
	GlobalSection(SolutionConfigurationPlatforms) = preSolution
		Debug|x86 = Debug|x86
		Release|x86 = Release|x86
	EndGlobalSection
	GlobalSection(ProjectConfigurationPlatforms) = postSolution
		{EC1EE810-7E1B-4100-A2BE-76AB8FABBB1D}.Debug|x86.ActiveCfg = Debug|x86
		{EC1EE810-7E1B-4100-A2BE-76AB8FABBB1D}.Debug|x86.Build.0 = Debug|x86
		{EC1EE810-7E1B-4100-A2BE-76AB8FABBB1D}.Release|x86.ActiveCfg = Release|x86
		{EC1EE810-7E1B-4100-A2BE-76AB8FABBB1D}.Release|x86.Build.0 = Release|x86
		{5839091D-DE7F-42E8-A128-22DF04679CE6}.Debug|x86.ActiveCfg = Debug|x86
		{5839091D-DE7F-42E8-A128-22DF04679CE6}.Debug|x86.Build.0 = Debug|x86
		{5839091D-DE7F-42E8-A128-22DF04679CE6}.Release|x86.ActiveCfg = Release|x86
		{5839091D-DE7F-42E8-A128-22DF04679CE6}.Release|x86.Build.0 = Release|x86
		{4CDA760A-2206-4927-8733-3683EDB877AB}.Debug|x86.ActiveCfg = Debug|x86
		{4CDA760A-2206-4927-8733-3683EDB877AB}.Debug|x86.Build.0 = Debug|x86
		{4CDA760A-2206-4927-8733-3683EDB877AB}.Release|x86.ActiveCfg = Release|x86
		{4CDA760A-2206-4927-8733-3683EDB877AB}.Release|x86.Build.0 = Release|x86
		{C9C2746A-B3D7-4E35-B168-8EFB1189ABCE}.Debug|x86.ActiveCfg = Debug|x86
		{C9C2746A-B3D7-4E35-B168-8EFB1189ABCE}.Debug|x86.Build.0 = Debug|x86
		{C9C2746A-B3D7-4E35-B168-8EFB1189ABCE}.Release|x86.ActiveCfg = Release|x86
		{C9C2746A-B3D7-4E35-B168-8EFB1189ABCE}.Release|x86.Build.0 = Release|x86
	EndGlobalSection
	GlobalSection(SolutionProperties) = preSolution
		HideSolutionNode = FALSE
	EndGlobalSection
	GlobalSection(NestedProjects) = preSolution
		{5839091D-DE7F-42E8-A128-22DF04679CE6} = {02DF61C5-CCD9-4D86-9648-41F12F074D4C}
		{4CDA760A-2206-4927-8733-3683EDB877AB} = {0F90D37F-E98B-4F5E-9A65-6EE449F1A9B5}
		{C9C2746A-B3D7-4E35-B168-8EFB1189ABCE} = {0F90D37F-E98B-4F5E-9A65-6EE449F1A9B5}
	EndGlobalSection
EndGlobal
