
Microsoft Visual Studio Solution File, Format Version 12.00
# Visual Studio 14
VisualStudioVersion = 14.0.23107.0
MinimumVisualStudioVersion = 10.0.40219.1
Project("{FAE04EC0-301F-11D3-BF4B-00C04F79EFBC}") = "UbuntuTestUserHostAddress", "UbuntuTestUserHostAddress\UbuntuTestUserHostAddress.csproj", "{6E558D9C-D26F-425F-9AAA-FC05FBBAD557}"
EndProject
Project("{FAE04EC0-301F-11D3-BF4B-00C04F79EFBC}") = "UbuntuWebApplication", "..\..\UbuntuWebApplication\UbuntuWebApplication.csproj", "{9C2F6949-6277-4B2A-BEA3-5B22A5C62422}"
EndProject
Project("{FAE04EC0-301F-11D3-BF4B-00C04F79EFBC}") = "TestUserHostAddress", "..\..\..\appengine\Test\TestUserHostAddress\TestUserHostAddress.csproj", "{DF91AB39-13A6-4F39-898F-04E52A519F63}"
EndProject
Project("{FAE04EC0-301F-11D3-BF4B-00C04F79EFBC}") = "ScriptCoreLibJava", "..\..\..\..\..\core\ScriptCoreLibJava\ScriptCoreLibJava.csproj", "{5F295F12-F93F-4347-B417-AA89990652A3}"
EndProject
Project("{FAE04EC0-301F-11D3-BF4B-00C04F79EFBC}") = "ScriptCoreLib", "..\..\..\..\..\core\ScriptCoreLib\ScriptCoreLib.csproj", "{C9F431EB-5D35-4C7B-826B-A4E4CA913AA6}"
EndProject
Project("{FAE04EC0-301F-11D3-BF4B-00C04F79EFBC}") = "ScriptCoreLibAndroid", "..\..\..\..\..\core\ScriptCoreLibAndroid\ScriptCoreLibAndroid\ScriptCoreLibAndroid.csproj", "{1CE7D22F-52C8-4164-8955-CD89609E48A9}"
EndProject
Project("{FAE04EC0-301F-11D3-BF4B-00C04F79EFBC}") = "ScriptCoreLib.Ultra.Library", "..\..\..\..\..\core\ScriptCoreLib.Ultra.Library\ScriptCoreLib.Ultra.Library\ScriptCoreLib.Ultra.Library.csproj", "{132EB43F-19B4-42AC-8025-3249B129867A}"
EndProject
Project("{2150E333-8FDC-42A3-9474-1A3956D46DE8}") = "References", "References", "{5049E45B-07CF-4D14-8D41-DCBF53173DA0}"
EndProject
Global
	GlobalSection(SolutionConfigurationPlatforms) = preSolution
		Android|Any CPU = Android|Any CPU
		Android|Mixed Platforms = Android|Mixed Platforms
		Android|x86 = Android|x86
		Assets|Any CPU = Assets|Any CPU
		Assets|Mixed Platforms = Assets|Mixed Platforms
		Assets|x86 = Assets|x86
		Debug|Any CPU = Debug|Any CPU
		Debug|Mixed Platforms = Debug|Mixed Platforms
		Debug|x86 = Debug|x86
		Release|Any CPU = Release|Any CPU
		Release|Mixed Platforms = Release|Mixed Platforms
		Release|x86 = Release|x86
	EndGlobalSection
	GlobalSection(ProjectConfigurationPlatforms) = postSolution
		{6E558D9C-D26F-425F-9AAA-FC05FBBAD557}.Android|Any CPU.ActiveCfg = Release|x86
		{6E558D9C-D26F-425F-9AAA-FC05FBBAD557}.Android|Mixed Platforms.ActiveCfg = Release|x86
		{6E558D9C-D26F-425F-9AAA-FC05FBBAD557}.Android|Mixed Platforms.Build.0 = Release|x86
		{6E558D9C-D26F-425F-9AAA-FC05FBBAD557}.Android|x86.ActiveCfg = Release|x86
		{6E558D9C-D26F-425F-9AAA-FC05FBBAD557}.Android|x86.Build.0 = Release|x86
		{6E558D9C-D26F-425F-9AAA-FC05FBBAD557}.Assets|Any CPU.ActiveCfg = Release|x86
		{6E558D9C-D26F-425F-9AAA-FC05FBBAD557}.Assets|Mixed Platforms.ActiveCfg = Release|x86
		{6E558D9C-D26F-425F-9AAA-FC05FBBAD557}.Assets|Mixed Platforms.Build.0 = Release|x86
		{6E558D9C-D26F-425F-9AAA-FC05FBBAD557}.Assets|x86.ActiveCfg = Release|x86
		{6E558D9C-D26F-425F-9AAA-FC05FBBAD557}.Assets|x86.Build.0 = Release|x86
		{6E558D9C-D26F-425F-9AAA-FC05FBBAD557}.Debug|Any CPU.ActiveCfg = Debug|x86
		{6E558D9C-D26F-425F-9AAA-FC05FBBAD557}.Debug|Mixed Platforms.ActiveCfg = Debug|x86
		{6E558D9C-D26F-425F-9AAA-FC05FBBAD557}.Debug|Mixed Platforms.Build.0 = Debug|x86
		{6E558D9C-D26F-425F-9AAA-FC05FBBAD557}.Debug|x86.ActiveCfg = Debug|x86
		{6E558D9C-D26F-425F-9AAA-FC05FBBAD557}.Debug|x86.Build.0 = Debug|x86
		{6E558D9C-D26F-425F-9AAA-FC05FBBAD557}.Release|Any CPU.ActiveCfg = Release|x86
		{6E558D9C-D26F-425F-9AAA-FC05FBBAD557}.Release|Mixed Platforms.ActiveCfg = Release|x86
		{6E558D9C-D26F-425F-9AAA-FC05FBBAD557}.Release|Mixed Platforms.Build.0 = Release|x86
		{6E558D9C-D26F-425F-9AAA-FC05FBBAD557}.Release|x86.ActiveCfg = Release|x86
		{6E558D9C-D26F-425F-9AAA-FC05FBBAD557}.Release|x86.Build.0 = Release|x86
		{9C2F6949-6277-4B2A-BEA3-5B22A5C62422}.Android|Any CPU.ActiveCfg = Release|x86
		{9C2F6949-6277-4B2A-BEA3-5B22A5C62422}.Android|Mixed Platforms.ActiveCfg = Release|x86
		{9C2F6949-6277-4B2A-BEA3-5B22A5C62422}.Android|Mixed Platforms.Build.0 = Release|x86
		{9C2F6949-6277-4B2A-BEA3-5B22A5C62422}.Android|x86.ActiveCfg = Release|x86
		{9C2F6949-6277-4B2A-BEA3-5B22A5C62422}.Android|x86.Build.0 = Release|x86
		{9C2F6949-6277-4B2A-BEA3-5B22A5C62422}.Assets|Any CPU.ActiveCfg = Release|x86
		{9C2F6949-6277-4B2A-BEA3-5B22A5C62422}.Assets|Mixed Platforms.ActiveCfg = Release|x86
		{9C2F6949-6277-4B2A-BEA3-5B22A5C62422}.Assets|Mixed Platforms.Build.0 = Release|x86
		{9C2F6949-6277-4B2A-BEA3-5B22A5C62422}.Assets|x86.ActiveCfg = Release|x86
		{9C2F6949-6277-4B2A-BEA3-5B22A5C62422}.Assets|x86.Build.0 = Release|x86
		{9C2F6949-6277-4B2A-BEA3-5B22A5C62422}.Debug|Any CPU.ActiveCfg = Debug|x86
		{9C2F6949-6277-4B2A-BEA3-5B22A5C62422}.Debug|Mixed Platforms.ActiveCfg = Debug|x86
		{9C2F6949-6277-4B2A-BEA3-5B22A5C62422}.Debug|Mixed Platforms.Build.0 = Debug|x86
		{9C2F6949-6277-4B2A-BEA3-5B22A5C62422}.Debug|x86.ActiveCfg = Debug|x86
		{9C2F6949-6277-4B2A-BEA3-5B22A5C62422}.Debug|x86.Build.0 = Debug|x86
		{9C2F6949-6277-4B2A-BEA3-5B22A5C62422}.Release|Any CPU.ActiveCfg = Release|x86
		{9C2F6949-6277-4B2A-BEA3-5B22A5C62422}.Release|Mixed Platforms.ActiveCfg = Release|x86
		{9C2F6949-6277-4B2A-BEA3-5B22A5C62422}.Release|Mixed Platforms.Build.0 = Release|x86
		{9C2F6949-6277-4B2A-BEA3-5B22A5C62422}.Release|x86.ActiveCfg = Release|x86
		{9C2F6949-6277-4B2A-BEA3-5B22A5C62422}.Release|x86.Build.0 = Release|x86
		{DF91AB39-13A6-4F39-898F-04E52A519F63}.Android|Any CPU.ActiveCfg = Release|x86
		{DF91AB39-13A6-4F39-898F-04E52A519F63}.Android|Mixed Platforms.ActiveCfg = Release|x86
		{DF91AB39-13A6-4F39-898F-04E52A519F63}.Android|Mixed Platforms.Build.0 = Release|x86
		{DF91AB39-13A6-4F39-898F-04E52A519F63}.Android|x86.ActiveCfg = Release|x86
		{DF91AB39-13A6-4F39-898F-04E52A519F63}.Android|x86.Build.0 = Release|x86
		{DF91AB39-13A6-4F39-898F-04E52A519F63}.Assets|Any CPU.ActiveCfg = Release|x86
		{DF91AB39-13A6-4F39-898F-04E52A519F63}.Assets|Mixed Platforms.ActiveCfg = Release|x86
		{DF91AB39-13A6-4F39-898F-04E52A519F63}.Assets|Mixed Platforms.Build.0 = Release|x86
		{DF91AB39-13A6-4F39-898F-04E52A519F63}.Assets|x86.ActiveCfg = Release|x86
		{DF91AB39-13A6-4F39-898F-04E52A519F63}.Assets|x86.Build.0 = Release|x86
		{DF91AB39-13A6-4F39-898F-04E52A519F63}.Debug|Any CPU.ActiveCfg = Debug|x86
		{DF91AB39-13A6-4F39-898F-04E52A519F63}.Debug|Mixed Platforms.ActiveCfg = Debug|x86
		{DF91AB39-13A6-4F39-898F-04E52A519F63}.Debug|Mixed Platforms.Build.0 = Debug|x86
		{DF91AB39-13A6-4F39-898F-04E52A519F63}.Debug|x86.ActiveCfg = Debug|x86
		{DF91AB39-13A6-4F39-898F-04E52A519F63}.Debug|x86.Build.0 = Debug|x86
		{DF91AB39-13A6-4F39-898F-04E52A519F63}.Release|Any CPU.ActiveCfg = Release|x86
		{DF91AB39-13A6-4F39-898F-04E52A519F63}.Release|Mixed Platforms.ActiveCfg = Release|x86
		{DF91AB39-13A6-4F39-898F-04E52A519F63}.Release|Mixed Platforms.Build.0 = Release|x86
		{DF91AB39-13A6-4F39-898F-04E52A519F63}.Release|x86.ActiveCfg = Release|x86
		{DF91AB39-13A6-4F39-898F-04E52A519F63}.Release|x86.Build.0 = Release|x86
		{5F295F12-F93F-4347-B417-AA89990652A3}.Android|Any CPU.ActiveCfg = Release|Any CPU
		{5F295F12-F93F-4347-B417-AA89990652A3}.Android|Any CPU.Build.0 = Release|Any CPU
		{5F295F12-F93F-4347-B417-AA89990652A3}.Android|Mixed Platforms.ActiveCfg = Release|Any CPU
		{5F295F12-F93F-4347-B417-AA89990652A3}.Android|Mixed Platforms.Build.0 = Release|Any CPU
		{5F295F12-F93F-4347-B417-AA89990652A3}.Android|x86.ActiveCfg = Release|Any CPU
		{5F295F12-F93F-4347-B417-AA89990652A3}.Assets|Any CPU.ActiveCfg = Release|Any CPU
		{5F295F12-F93F-4347-B417-AA89990652A3}.Assets|Any CPU.Build.0 = Release|Any CPU
		{5F295F12-F93F-4347-B417-AA89990652A3}.Assets|Mixed Platforms.ActiveCfg = Release|Any CPU
		{5F295F12-F93F-4347-B417-AA89990652A3}.Assets|Mixed Platforms.Build.0 = Release|Any CPU
		{5F295F12-F93F-4347-B417-AA89990652A3}.Assets|x86.ActiveCfg = Release|Any CPU
		{5F295F12-F93F-4347-B417-AA89990652A3}.Debug|Any CPU.ActiveCfg = Debug|Any CPU
		{5F295F12-F93F-4347-B417-AA89990652A3}.Debug|Any CPU.Build.0 = Debug|Any CPU
		{5F295F12-F93F-4347-B417-AA89990652A3}.Debug|Mixed Platforms.ActiveCfg = Debug|Any CPU
		{5F295F12-F93F-4347-B417-AA89990652A3}.Debug|Mixed Platforms.Build.0 = Debug|Any CPU
		{5F295F12-F93F-4347-B417-AA89990652A3}.Debug|x86.ActiveCfg = Debug|Any CPU
		{5F295F12-F93F-4347-B417-AA89990652A3}.Release|Any CPU.ActiveCfg = Release|Any CPU
		{5F295F12-F93F-4347-B417-AA89990652A3}.Release|Any CPU.Build.0 = Release|Any CPU
		{5F295F12-F93F-4347-B417-AA89990652A3}.Release|Mixed Platforms.ActiveCfg = Release|Any CPU
		{5F295F12-F93F-4347-B417-AA89990652A3}.Release|Mixed Platforms.Build.0 = Release|Any CPU
		{5F295F12-F93F-4347-B417-AA89990652A3}.Release|x86.ActiveCfg = Release|Any CPU
		{C9F431EB-5D35-4C7B-826B-A4E4CA913AA6}.Android|Any CPU.ActiveCfg = Release|Any CPU
		{C9F431EB-5D35-4C7B-826B-A4E4CA913AA6}.Android|Any CPU.Build.0 = Release|Any CPU
		{C9F431EB-5D35-4C7B-826B-A4E4CA913AA6}.Android|Mixed Platforms.ActiveCfg = Release|Any CPU
		{C9F431EB-5D35-4C7B-826B-A4E4CA913AA6}.Android|Mixed Platforms.Build.0 = Release|Any CPU
		{C9F431EB-5D35-4C7B-826B-A4E4CA913AA6}.Android|x86.ActiveCfg = Release|Any CPU
		{C9F431EB-5D35-4C7B-826B-A4E4CA913AA6}.Assets|Any CPU.ActiveCfg = Release|Any CPU
		{C9F431EB-5D35-4C7B-826B-A4E4CA913AA6}.Assets|Any CPU.Build.0 = Release|Any CPU
		{C9F431EB-5D35-4C7B-826B-A4E4CA913AA6}.Assets|Mixed Platforms.ActiveCfg = Release|Any CPU
		{C9F431EB-5D35-4C7B-826B-A4E4CA913AA6}.Assets|Mixed Platforms.Build.0 = Release|Any CPU
		{C9F431EB-5D35-4C7B-826B-A4E4CA913AA6}.Assets|x86.ActiveCfg = Release|Any CPU
		{C9F431EB-5D35-4C7B-826B-A4E4CA913AA6}.Debug|Any CPU.ActiveCfg = Debug|Any CPU
		{C9F431EB-5D35-4C7B-826B-A4E4CA913AA6}.Debug|Any CPU.Build.0 = Debug|Any CPU
		{C9F431EB-5D35-4C7B-826B-A4E4CA913AA6}.Debug|Mixed Platforms.ActiveCfg = Debug|Any CPU
		{C9F431EB-5D35-4C7B-826B-A4E4CA913AA6}.Debug|Mixed Platforms.Build.0 = Debug|Any CPU
		{C9F431EB-5D35-4C7B-826B-A4E4CA913AA6}.Debug|x86.ActiveCfg = Debug|Any CPU
		{C9F431EB-5D35-4C7B-826B-A4E4CA913AA6}.Release|Any CPU.ActiveCfg = Release|Any CPU
		{C9F431EB-5D35-4C7B-826B-A4E4CA913AA6}.Release|Any CPU.Build.0 = Release|Any CPU
		{C9F431EB-5D35-4C7B-826B-A4E4CA913AA6}.Release|Mixed Platforms.ActiveCfg = Release|Any CPU
		{C9F431EB-5D35-4C7B-826B-A4E4CA913AA6}.Release|Mixed Platforms.Build.0 = Release|Any CPU
		{C9F431EB-5D35-4C7B-826B-A4E4CA913AA6}.Release|x86.ActiveCfg = Release|Any CPU
		{1CE7D22F-52C8-4164-8955-CD89609E48A9}.Android|Any CPU.ActiveCfg = Release|Any CPU
		{1CE7D22F-52C8-4164-8955-CD89609E48A9}.Android|Any CPU.Build.0 = Release|Any CPU
		{1CE7D22F-52C8-4164-8955-CD89609E48A9}.Android|Mixed Platforms.ActiveCfg = Release|Any CPU
		{1CE7D22F-52C8-4164-8955-CD89609E48A9}.Android|Mixed Platforms.Build.0 = Release|Any CPU
		{1CE7D22F-52C8-4164-8955-CD89609E48A9}.Android|x86.ActiveCfg = Release|Any CPU
		{1CE7D22F-52C8-4164-8955-CD89609E48A9}.Assets|Any CPU.ActiveCfg = Release|Any CPU
		{1CE7D22F-52C8-4164-8955-CD89609E48A9}.Assets|Any CPU.Build.0 = Release|Any CPU
		{1CE7D22F-52C8-4164-8955-CD89609E48A9}.Assets|Mixed Platforms.ActiveCfg = Release|Any CPU
		{1CE7D22F-52C8-4164-8955-CD89609E48A9}.Assets|Mixed Platforms.Build.0 = Release|Any CPU
		{1CE7D22F-52C8-4164-8955-CD89609E48A9}.Assets|x86.ActiveCfg = Release|Any CPU
		{1CE7D22F-52C8-4164-8955-CD89609E48A9}.Debug|Any CPU.ActiveCfg = Debug|Any CPU
		{1CE7D22F-52C8-4164-8955-CD89609E48A9}.Debug|Any CPU.Build.0 = Debug|Any CPU
		{1CE7D22F-52C8-4164-8955-CD89609E48A9}.Debug|Mixed Platforms.ActiveCfg = Debug|Any CPU
		{1CE7D22F-52C8-4164-8955-CD89609E48A9}.Debug|Mixed Platforms.Build.0 = Debug|Any CPU
		{1CE7D22F-52C8-4164-8955-CD89609E48A9}.Debug|x86.ActiveCfg = Debug|Any CPU
		{1CE7D22F-52C8-4164-8955-CD89609E48A9}.Release|Any CPU.ActiveCfg = Release|Any CPU
		{1CE7D22F-52C8-4164-8955-CD89609E48A9}.Release|Any CPU.Build.0 = Release|Any CPU
		{1CE7D22F-52C8-4164-8955-CD89609E48A9}.Release|Mixed Platforms.ActiveCfg = Release|Any CPU
		{1CE7D22F-52C8-4164-8955-CD89609E48A9}.Release|Mixed Platforms.Build.0 = Release|Any CPU
		{1CE7D22F-52C8-4164-8955-CD89609E48A9}.Release|x86.ActiveCfg = Release|Any CPU
		{132EB43F-19B4-42AC-8025-3249B129867A}.Android|Any CPU.ActiveCfg = Android|Any CPU
		{132EB43F-19B4-42AC-8025-3249B129867A}.Android|Any CPU.Build.0 = Android|Any CPU
		{132EB43F-19B4-42AC-8025-3249B129867A}.Android|Mixed Platforms.ActiveCfg = Android|Any CPU
		{132EB43F-19B4-42AC-8025-3249B129867A}.Android|Mixed Platforms.Build.0 = Android|Any CPU
		{132EB43F-19B4-42AC-8025-3249B129867A}.Android|x86.ActiveCfg = Android|Any CPU
		{132EB43F-19B4-42AC-8025-3249B129867A}.Assets|Any CPU.ActiveCfg = Assets|Any CPU
		{132EB43F-19B4-42AC-8025-3249B129867A}.Assets|Any CPU.Build.0 = Assets|Any CPU
		{132EB43F-19B4-42AC-8025-3249B129867A}.Assets|Mixed Platforms.ActiveCfg = Assets|Any CPU
		{132EB43F-19B4-42AC-8025-3249B129867A}.Assets|Mixed Platforms.Build.0 = Assets|Any CPU
		{132EB43F-19B4-42AC-8025-3249B129867A}.Assets|x86.ActiveCfg = Assets|Any CPU
		{132EB43F-19B4-42AC-8025-3249B129867A}.Debug|Any CPU.ActiveCfg = Debug|Any CPU
		{132EB43F-19B4-42AC-8025-3249B129867A}.Debug|Any CPU.Build.0 = Debug|Any CPU
		{132EB43F-19B4-42AC-8025-3249B129867A}.Debug|Mixed Platforms.ActiveCfg = Debug|Any CPU
		{132EB43F-19B4-42AC-8025-3249B129867A}.Debug|Mixed Platforms.Build.0 = Debug|Any CPU
		{132EB43F-19B4-42AC-8025-3249B129867A}.Debug|x86.ActiveCfg = Debug|Any CPU
		{132EB43F-19B4-42AC-8025-3249B129867A}.Release|Any CPU.ActiveCfg = Release|Any CPU
		{132EB43F-19B4-42AC-8025-3249B129867A}.Release|Any CPU.Build.0 = Release|Any CPU
		{132EB43F-19B4-42AC-8025-3249B129867A}.Release|Mixed Platforms.ActiveCfg = Release|Any CPU
		{132EB43F-19B4-42AC-8025-3249B129867A}.Release|Mixed Platforms.Build.0 = Release|Any CPU
		{132EB43F-19B4-42AC-8025-3249B129867A}.Release|x86.ActiveCfg = Release|Any CPU
	EndGlobalSection
	GlobalSection(SolutionProperties) = preSolution
		HideSolutionNode = FALSE
	EndGlobalSection
	GlobalSection(NestedProjects) = preSolution
		{9C2F6949-6277-4B2A-BEA3-5B22A5C62422} = {5049E45B-07CF-4D14-8D41-DCBF53173DA0}
		{DF91AB39-13A6-4F39-898F-04E52A519F63} = {5049E45B-07CF-4D14-8D41-DCBF53173DA0}
		{5F295F12-F93F-4347-B417-AA89990652A3} = {5049E45B-07CF-4D14-8D41-DCBF53173DA0}
		{C9F431EB-5D35-4C7B-826B-A4E4CA913AA6} = {5049E45B-07CF-4D14-8D41-DCBF53173DA0}
		{1CE7D22F-52C8-4164-8955-CD89609E48A9} = {5049E45B-07CF-4D14-8D41-DCBF53173DA0}
		{132EB43F-19B4-42AC-8025-3249B129867A} = {5049E45B-07CF-4D14-8D41-DCBF53173DA0}
	EndGlobalSection
EndGlobal
