
Microsoft Visual Studio Solution File, Format Version 12.00
# Visual Studio Express 2012 for Windows Desktop
Project("{FAE04EC0-301F-11D3-BF4B-00C04F79EFBC}") = "OVRWindWheelNDK", "OVRWindWheelNDK\OVRWindWheelNDK.csproj", "{964DAB6F-1D9C-4F37-8E11-90219898F53C}"
EndProject
Project("{FAE04EC0-301F-11D3-BF4B-00C04F79EFBC}") = "OVRWindWheelActivity", "OVRWindWheelActivity\OVRWindWheelActivity.csproj", "{A7D4BEFF-3993-4369-AF7D-FB8C28BA3359}"
	ProjectSection(ProjectDependencies) = postProject
		{964DAB6F-1D9C-4F37-8E11-90219898F53C} = {964DAB6F-1D9C-4F37-8E11-90219898F53C}
	EndProjectSection
EndProject
Project("{FAE04EC0-301F-11D3-BF4B-00C04F79EFBC}") = "WebGLWindWheel", "..\..\..\..\javascript\WebGL\WebGLWindWheel\WebGLWindWheel\WebGLWindWheel.csproj", "{9B68EA42-8C55-4481-9B26-54AF1A5292D9}"
EndProject
Project("{FAE04EC0-301F-11D3-BF4B-00C04F79EFBC}") = "ChromeAppWindowUDPPointerLock", "..\..\..\..\javascript\chrome\apps\ChromeAppWindowUDPPointerLock\ChromeAppWindowUDPPointerLock\ChromeAppWindowUDPPointerLock.csproj", "{6B03ABE7-4457-43D8-8F25-CD3A91DF0988}"
EndProject
Project("{FAE04EC0-301F-11D3-BF4B-00C04F79EFBC}") = "ScriptCoreLibAndroidNDK", "..\..\..\..\..\core\ScriptCoreLibAndroidNDK\ScriptCoreLibAndroidNDK\ScriptCoreLibAndroidNDK.csproj", "{E9A0E839-8BEC-4B5C-B967-2E55A2078A77}"
EndProject
Project("{FAE04EC0-301F-11D3-BF4B-00C04F79EFBC}") = "ScriptCoreLibNative", "..\..\..\..\..\core\ScriptCoreLibNative\ScriptCoreLibNative\ScriptCoreLibNative.csproj", "{1E792B23-CBAB-4D3E-AB26-4A83DA675D5E}"
EndProject
Project("{FAE04EC0-301F-11D3-BF4B-00C04F79EFBC}") = "TestADBBattery", "..\..\..\..\javascript\forms\Test\TestADBBattery\TestADBBattery\TestADBBattery.csproj", "{82FE6D0F-9218-4A6E-B820-B9241A69C9D9}"
EndProject
Project("{FAE04EC0-301F-11D3-BF4B-00C04F79EFBC}") = "TestStackFloatArray", "..\..\..\..\c\Test\TestStackFloatArray\TestStackFloatArray\TestStackFloatArray.csproj", "{D61592AC-7194-481C-A815-A0C3F07284D3}"
EndProject
Project("{FAE04EC0-301F-11D3-BF4B-00C04F79EFBC}") = "ScriptCoreLibAndroid", "..\..\..\..\..\core\ScriptCoreLibAndroid\ScriptCoreLibAndroid\ScriptCoreLibAndroid.csproj", "{1CE7D22F-52C8-4164-8955-CD89609E48A9}"
EndProject
Project("{FAE04EC0-301F-11D3-BF4B-00C04F79EFBC}") = "ChromeThreadedCameraTracker", "..\..\..\..\javascript\chrome\apps\ChromeThreadedCameraTracker\ChromeThreadedCameraTracker\ChromeThreadedCameraTracker.csproj", "{6C647231-D3C5-4934-AFE4-697FF76A503E}"
EndProject
Project("{FAE04EC0-301F-11D3-BF4B-00C04F79EFBC}") = "OVRUDPMatrix", "OVRUDPMatrix\OVRUDPMatrix.csproj", "{CC41AD5A-9588-476E-973A-73ADEE84349F}"
EndProject
Project("{FAE04EC0-301F-11D3-BF4B-00C04F79EFBC}") = "UDPWindWheel", "UDPWindWheel\UDPWindWheel.csproj", "{1EFE6347-91DB-4173-AACC-6873F657C5C1}"
EndProject
Project("{FAE04EC0-301F-11D3-BF4B-00C04F79EFBC}") = "TestPointerEvent", "..\..\..\..\javascript\Test\TestPointerEvent\TestPointerEvent.csproj", "{A5DE484D-54A0-4418-AD41-84B77F5AE4E8}"
EndProject
Project("{FAE04EC0-301F-11D3-BF4B-00C04F79EFBC}") = "NTrigStylusToUDP", "..\..\..\..\rewrite\NTrigStylusToUDP\NTrigStylusToUDP\NTrigStylusToUDP.csproj", "{80FFDB60-26F1-4486-95BB-87F653ADDA43}"
EndProject
Project("{FAE04EC0-301F-11D3-BF4B-00C04F79EFBC}") = "ChromeUDPLineTo", "..\..\..\..\javascript\chrome\apps\ChromeUDPLineTo\ChromeUDPLineTo.csproj", "{4432F342-8EE0-4FB0-8FF5-06E7CE355FA8}"
EndProject
Project("{FAE04EC0-301F-11D3-BF4B-00C04F79EFBC}") = "ScriptCoreLibJava", "..\..\..\..\..\core\ScriptCoreLibJava\ScriptCoreLibJava.csproj", "{5F295F12-F93F-4347-B417-AA89990652A3}"
EndProject
Project("{FAE04EC0-301F-11D3-BF4B-00C04F79EFBC}") = "ADBS6CameraTimelapser", "..\..\..\..\rewrite\ADBCameraTimelapser\ADBS6CameraTimelapser\ADBS6CameraTimelapser.csproj", "{98E62449-D28A-476F-B702-487804080EDB}"
EndProject
Project("{FAE04EC0-301F-11D3-BF4B-00C04F79EFBC}") = "ScriptCoreLib", "..\..\..\..\..\core\ScriptCoreLib\ScriptCoreLib.csproj", "{C9F431EB-5D35-4C7B-826B-A4E4CA913AA6}"
EndProject
Project("{FAE04EC0-301F-11D3-BF4B-00C04F79EFBC}") = "AndroidUDPClipboard", "..\..\AndroidUDPClipboard\AndroidUDPClipboard.csproj", "{CCD535AF-EBE8-4281-80D7-1E68F4994872}"
EndProject
Project("{FAE04EC0-301F-11D3-BF4B-00C04F79EFBC}") = "ChromeUDPClipboard", "..\..\..\..\javascript\chrome\apps\ChromeUDPClipboard\ChromeUDPClipboard.csproj", "{FABEBD4F-4C61-4EFF-9D5E-7DD111104238}"
EndProject
Project("{FAE04EC0-301F-11D3-BF4B-00C04F79EFBC}") = "AndroidBrowserVRNDK", "..\..\synergy\AndroidBrowserVRNDK\AndroidBrowserVRNDK.csproj", "{3EED14FB-0960-45C3-9090-38CCE968CEA8}"
EndProject
Project("{FAE04EC0-301F-11D3-BF4B-00C04F79EFBC}") = "AndroidBrowserVR", "..\..\synergy\AndroidBrowserVR\AndroidBrowserVR.csproj", "{12D70DD5-2DF7-4C32-AE3A-3EEF8B5C7114}"
EndProject
Global
	GlobalSection(SolutionConfigurationPlatforms) = preSolution
		Assets|Any CPU = Assets|Any CPU
		Assets|Mixed Platforms = Assets|Mixed Platforms
		Assets|x86 = Assets|x86
		Debug|Any CPU = Debug|Any CPU
		Debug|Mixed Platforms = Debug|Mixed Platforms
		Debug|x86 = Debug|x86
		Release|Any CPU = Release|Any CPU
		Release|Mixed Platforms = Release|Mixed Platforms
		Release|x86 = Release|x86
	EndGlobalSection
	GlobalSection(ProjectConfigurationPlatforms) = postSolution
		{964DAB6F-1D9C-4F37-8E11-90219898F53C}.Assets|Any CPU.ActiveCfg = Release|Any CPU
		{964DAB6F-1D9C-4F37-8E11-90219898F53C}.Assets|Any CPU.Build.0 = Release|Any CPU
		{964DAB6F-1D9C-4F37-8E11-90219898F53C}.Assets|Mixed Platforms.ActiveCfg = Release|Any CPU
		{964DAB6F-1D9C-4F37-8E11-90219898F53C}.Assets|Mixed Platforms.Build.0 = Release|Any CPU
		{964DAB6F-1D9C-4F37-8E11-90219898F53C}.Assets|x86.ActiveCfg = Release|Any CPU
		{964DAB6F-1D9C-4F37-8E11-90219898F53C}.Debug|Any CPU.ActiveCfg = Debug|Any CPU
		{964DAB6F-1D9C-4F37-8E11-90219898F53C}.Debug|Any CPU.Build.0 = Debug|Any CPU
		{964DAB6F-1D9C-4F37-8E11-90219898F53C}.Debug|Mixed Platforms.ActiveCfg = Debug|Any CPU
		{964DAB6F-1D9C-4F37-8E11-90219898F53C}.Debug|Mixed Platforms.Build.0 = Debug|Any CPU
		{964DAB6F-1D9C-4F37-8E11-90219898F53C}.Debug|x86.ActiveCfg = Debug|Any CPU
		{964DAB6F-1D9C-4F37-8E11-90219898F53C}.Release|Any CPU.ActiveCfg = Release|Any CPU
		{964DAB6F-1D9C-4F37-8E11-90219898F53C}.Release|Any CPU.Build.0 = Release|Any CPU
		{964DAB6F-1D9C-4F37-8E11-90219898F53C}.Release|Mixed Platforms.ActiveCfg = Release|Any CPU
		{964DAB6F-1D9C-4F37-8E11-90219898F53C}.Release|Mixed Platforms.Build.0 = Release|Any CPU
		{964DAB6F-1D9C-4F37-8E11-90219898F53C}.Release|x86.ActiveCfg = Release|Any CPU
		{A7D4BEFF-3993-4369-AF7D-FB8C28BA3359}.Assets|Any CPU.ActiveCfg = Release|Any CPU
		{A7D4BEFF-3993-4369-AF7D-FB8C28BA3359}.Assets|Any CPU.Build.0 = Release|Any CPU
		{A7D4BEFF-3993-4369-AF7D-FB8C28BA3359}.Assets|Mixed Platforms.ActiveCfg = Release|Any CPU
		{A7D4BEFF-3993-4369-AF7D-FB8C28BA3359}.Assets|Mixed Platforms.Build.0 = Release|Any CPU
		{A7D4BEFF-3993-4369-AF7D-FB8C28BA3359}.Assets|x86.ActiveCfg = Release|Any CPU
		{A7D4BEFF-3993-4369-AF7D-FB8C28BA3359}.Debug|Any CPU.ActiveCfg = Debug|Any CPU
		{A7D4BEFF-3993-4369-AF7D-FB8C28BA3359}.Debug|Any CPU.Build.0 = Debug|Any CPU
		{A7D4BEFF-3993-4369-AF7D-FB8C28BA3359}.Debug|Mixed Platforms.ActiveCfg = Debug|Any CPU
		{A7D4BEFF-3993-4369-AF7D-FB8C28BA3359}.Debug|Mixed Platforms.Build.0 = Debug|Any CPU
		{A7D4BEFF-3993-4369-AF7D-FB8C28BA3359}.Debug|x86.ActiveCfg = Debug|Any CPU
		{A7D4BEFF-3993-4369-AF7D-FB8C28BA3359}.Release|Any CPU.ActiveCfg = Release|Any CPU
		{A7D4BEFF-3993-4369-AF7D-FB8C28BA3359}.Release|Any CPU.Build.0 = Release|Any CPU
		{A7D4BEFF-3993-4369-AF7D-FB8C28BA3359}.Release|Mixed Platforms.ActiveCfg = Release|Any CPU
		{A7D4BEFF-3993-4369-AF7D-FB8C28BA3359}.Release|Mixed Platforms.Build.0 = Release|Any CPU
		{A7D4BEFF-3993-4369-AF7D-FB8C28BA3359}.Release|x86.ActiveCfg = Release|Any CPU
		{9B68EA42-8C55-4481-9B26-54AF1A5292D9}.Assets|Any CPU.ActiveCfg = Assets|x86
		{9B68EA42-8C55-4481-9B26-54AF1A5292D9}.Assets|Mixed Platforms.ActiveCfg = Assets|x86
		{9B68EA42-8C55-4481-9B26-54AF1A5292D9}.Assets|Mixed Platforms.Build.0 = Assets|x86
		{9B68EA42-8C55-4481-9B26-54AF1A5292D9}.Assets|x86.ActiveCfg = Assets|x86
		{9B68EA42-8C55-4481-9B26-54AF1A5292D9}.Assets|x86.Build.0 = Assets|x86
		{9B68EA42-8C55-4481-9B26-54AF1A5292D9}.Debug|Any CPU.ActiveCfg = Debug|x86
		{9B68EA42-8C55-4481-9B26-54AF1A5292D9}.Debug|Mixed Platforms.ActiveCfg = Debug|x86
		{9B68EA42-8C55-4481-9B26-54AF1A5292D9}.Debug|Mixed Platforms.Build.0 = Debug|x86
		{9B68EA42-8C55-4481-9B26-54AF1A5292D9}.Debug|x86.ActiveCfg = Debug|x86
		{9B68EA42-8C55-4481-9B26-54AF1A5292D9}.Debug|x86.Build.0 = Debug|x86
		{9B68EA42-8C55-4481-9B26-54AF1A5292D9}.Release|Any CPU.ActiveCfg = Release|x86
		{9B68EA42-8C55-4481-9B26-54AF1A5292D9}.Release|Mixed Platforms.ActiveCfg = Release|x86
		{9B68EA42-8C55-4481-9B26-54AF1A5292D9}.Release|Mixed Platforms.Build.0 = Release|x86
		{9B68EA42-8C55-4481-9B26-54AF1A5292D9}.Release|x86.ActiveCfg = Release|x86
		{9B68EA42-8C55-4481-9B26-54AF1A5292D9}.Release|x86.Build.0 = Release|x86
		{6B03ABE7-4457-43D8-8F25-CD3A91DF0988}.Assets|Any CPU.ActiveCfg = Release|x86
		{6B03ABE7-4457-43D8-8F25-CD3A91DF0988}.Assets|Mixed Platforms.ActiveCfg = Release|x86
		{6B03ABE7-4457-43D8-8F25-CD3A91DF0988}.Assets|Mixed Platforms.Build.0 = Release|x86
		{6B03ABE7-4457-43D8-8F25-CD3A91DF0988}.Assets|x86.ActiveCfg = Release|x86
		{6B03ABE7-4457-43D8-8F25-CD3A91DF0988}.Assets|x86.Build.0 = Release|x86
		{6B03ABE7-4457-43D8-8F25-CD3A91DF0988}.Debug|Any CPU.ActiveCfg = Debug|x86
		{6B03ABE7-4457-43D8-8F25-CD3A91DF0988}.Debug|Mixed Platforms.ActiveCfg = Debug|x86
		{6B03ABE7-4457-43D8-8F25-CD3A91DF0988}.Debug|Mixed Platforms.Build.0 = Debug|x86
		{6B03ABE7-4457-43D8-8F25-CD3A91DF0988}.Debug|x86.ActiveCfg = Debug|x86
		{6B03ABE7-4457-43D8-8F25-CD3A91DF0988}.Debug|x86.Build.0 = Debug|x86
		{6B03ABE7-4457-43D8-8F25-CD3A91DF0988}.Release|Any CPU.ActiveCfg = Release|x86
		{6B03ABE7-4457-43D8-8F25-CD3A91DF0988}.Release|Mixed Platforms.ActiveCfg = Release|x86
		{6B03ABE7-4457-43D8-8F25-CD3A91DF0988}.Release|Mixed Platforms.Build.0 = Release|x86
		{6B03ABE7-4457-43D8-8F25-CD3A91DF0988}.Release|x86.ActiveCfg = Release|x86
		{6B03ABE7-4457-43D8-8F25-CD3A91DF0988}.Release|x86.Build.0 = Release|x86
		{E9A0E839-8BEC-4B5C-B967-2E55A2078A77}.Assets|Any CPU.ActiveCfg = Release|Any CPU
		{E9A0E839-8BEC-4B5C-B967-2E55A2078A77}.Assets|Any CPU.Build.0 = Release|Any CPU
		{E9A0E839-8BEC-4B5C-B967-2E55A2078A77}.Assets|Mixed Platforms.ActiveCfg = Release|Any CPU
		{E9A0E839-8BEC-4B5C-B967-2E55A2078A77}.Assets|Mixed Platforms.Build.0 = Release|Any CPU
		{E9A0E839-8BEC-4B5C-B967-2E55A2078A77}.Assets|x86.ActiveCfg = Release|Any CPU
		{E9A0E839-8BEC-4B5C-B967-2E55A2078A77}.Debug|Any CPU.ActiveCfg = Debug|Any CPU
		{E9A0E839-8BEC-4B5C-B967-2E55A2078A77}.Debug|Any CPU.Build.0 = Debug|Any CPU
		{E9A0E839-8BEC-4B5C-B967-2E55A2078A77}.Debug|Mixed Platforms.ActiveCfg = Debug|Any CPU
		{E9A0E839-8BEC-4B5C-B967-2E55A2078A77}.Debug|Mixed Platforms.Build.0 = Debug|Any CPU
		{E9A0E839-8BEC-4B5C-B967-2E55A2078A77}.Debug|x86.ActiveCfg = Debug|Any CPU
		{E9A0E839-8BEC-4B5C-B967-2E55A2078A77}.Release|Any CPU.ActiveCfg = Release|Any CPU
		{E9A0E839-8BEC-4B5C-B967-2E55A2078A77}.Release|Any CPU.Build.0 = Release|Any CPU
		{E9A0E839-8BEC-4B5C-B967-2E55A2078A77}.Release|Mixed Platforms.ActiveCfg = Release|Any CPU
		{E9A0E839-8BEC-4B5C-B967-2E55A2078A77}.Release|Mixed Platforms.Build.0 = Release|Any CPU
		{E9A0E839-8BEC-4B5C-B967-2E55A2078A77}.Release|x86.ActiveCfg = Release|Any CPU
		{1E792B23-CBAB-4D3E-AB26-4A83DA675D5E}.Assets|Any CPU.ActiveCfg = Release|Any CPU
		{1E792B23-CBAB-4D3E-AB26-4A83DA675D5E}.Assets|Any CPU.Build.0 = Release|Any CPU
		{1E792B23-CBAB-4D3E-AB26-4A83DA675D5E}.Assets|Mixed Platforms.ActiveCfg = Release|Any CPU
		{1E792B23-CBAB-4D3E-AB26-4A83DA675D5E}.Assets|Mixed Platforms.Build.0 = Release|Any CPU
		{1E792B23-CBAB-4D3E-AB26-4A83DA675D5E}.Assets|x86.ActiveCfg = Release|Any CPU
		{1E792B23-CBAB-4D3E-AB26-4A83DA675D5E}.Debug|Any CPU.ActiveCfg = Debug|Any CPU
		{1E792B23-CBAB-4D3E-AB26-4A83DA675D5E}.Debug|Any CPU.Build.0 = Debug|Any CPU
		{1E792B23-CBAB-4D3E-AB26-4A83DA675D5E}.Debug|Mixed Platforms.ActiveCfg = Debug|Any CPU
		{1E792B23-CBAB-4D3E-AB26-4A83DA675D5E}.Debug|Mixed Platforms.Build.0 = Debug|Any CPU
		{1E792B23-CBAB-4D3E-AB26-4A83DA675D5E}.Debug|x86.ActiveCfg = Debug|Any CPU
		{1E792B23-CBAB-4D3E-AB26-4A83DA675D5E}.Release|Any CPU.ActiveCfg = Release|Any CPU
		{1E792B23-CBAB-4D3E-AB26-4A83DA675D5E}.Release|Any CPU.Build.0 = Release|Any CPU
		{1E792B23-CBAB-4D3E-AB26-4A83DA675D5E}.Release|Mixed Platforms.ActiveCfg = Release|Any CPU
		{1E792B23-CBAB-4D3E-AB26-4A83DA675D5E}.Release|Mixed Platforms.Build.0 = Release|Any CPU
		{1E792B23-CBAB-4D3E-AB26-4A83DA675D5E}.Release|x86.ActiveCfg = Release|Any CPU
		{82FE6D0F-9218-4A6E-B820-B9241A69C9D9}.Assets|Any CPU.ActiveCfg = Release|x86
		{82FE6D0F-9218-4A6E-B820-B9241A69C9D9}.Assets|Mixed Platforms.ActiveCfg = Release|x86
		{82FE6D0F-9218-4A6E-B820-B9241A69C9D9}.Assets|Mixed Platforms.Build.0 = Release|x86
		{82FE6D0F-9218-4A6E-B820-B9241A69C9D9}.Assets|x86.ActiveCfg = Release|x86
		{82FE6D0F-9218-4A6E-B820-B9241A69C9D9}.Assets|x86.Build.0 = Release|x86
		{82FE6D0F-9218-4A6E-B820-B9241A69C9D9}.Debug|Any CPU.ActiveCfg = Debug|x86
		{82FE6D0F-9218-4A6E-B820-B9241A69C9D9}.Debug|Mixed Platforms.ActiveCfg = Debug|x86
		{82FE6D0F-9218-4A6E-B820-B9241A69C9D9}.Debug|Mixed Platforms.Build.0 = Debug|x86
		{82FE6D0F-9218-4A6E-B820-B9241A69C9D9}.Debug|x86.ActiveCfg = Debug|x86
		{82FE6D0F-9218-4A6E-B820-B9241A69C9D9}.Debug|x86.Build.0 = Debug|x86
		{82FE6D0F-9218-4A6E-B820-B9241A69C9D9}.Release|Any CPU.ActiveCfg = Release|x86
		{82FE6D0F-9218-4A6E-B820-B9241A69C9D9}.Release|Mixed Platforms.ActiveCfg = Release|x86
		{82FE6D0F-9218-4A6E-B820-B9241A69C9D9}.Release|Mixed Platforms.Build.0 = Release|x86
		{82FE6D0F-9218-4A6E-B820-B9241A69C9D9}.Release|x86.ActiveCfg = Release|x86
		{82FE6D0F-9218-4A6E-B820-B9241A69C9D9}.Release|x86.Build.0 = Release|x86
		{D61592AC-7194-481C-A815-A0C3F07284D3}.Assets|Any CPU.ActiveCfg = Release|Any CPU
		{D61592AC-7194-481C-A815-A0C3F07284D3}.Assets|Any CPU.Build.0 = Release|Any CPU
		{D61592AC-7194-481C-A815-A0C3F07284D3}.Assets|Mixed Platforms.ActiveCfg = Release|Any CPU
		{D61592AC-7194-481C-A815-A0C3F07284D3}.Assets|Mixed Platforms.Build.0 = Release|Any CPU
		{D61592AC-7194-481C-A815-A0C3F07284D3}.Assets|x86.ActiveCfg = Release|Any CPU
		{D61592AC-7194-481C-A815-A0C3F07284D3}.Debug|Any CPU.ActiveCfg = Debug|Any CPU
		{D61592AC-7194-481C-A815-A0C3F07284D3}.Debug|Any CPU.Build.0 = Debug|Any CPU
		{D61592AC-7194-481C-A815-A0C3F07284D3}.Debug|Mixed Platforms.ActiveCfg = Debug|Any CPU
		{D61592AC-7194-481C-A815-A0C3F07284D3}.Debug|Mixed Platforms.Build.0 = Debug|Any CPU
		{D61592AC-7194-481C-A815-A0C3F07284D3}.Debug|x86.ActiveCfg = Debug|Any CPU
		{D61592AC-7194-481C-A815-A0C3F07284D3}.Release|Any CPU.ActiveCfg = Release|Any CPU
		{D61592AC-7194-481C-A815-A0C3F07284D3}.Release|Any CPU.Build.0 = Release|Any CPU
		{D61592AC-7194-481C-A815-A0C3F07284D3}.Release|Mixed Platforms.ActiveCfg = Release|Any CPU
		{D61592AC-7194-481C-A815-A0C3F07284D3}.Release|Mixed Platforms.Build.0 = Release|Any CPU
		{D61592AC-7194-481C-A815-A0C3F07284D3}.Release|x86.ActiveCfg = Release|Any CPU
		{1CE7D22F-52C8-4164-8955-CD89609E48A9}.Assets|Any CPU.ActiveCfg = Release|Any CPU
		{1CE7D22F-52C8-4164-8955-CD89609E48A9}.Assets|Any CPU.Build.0 = Release|Any CPU
		{1CE7D22F-52C8-4164-8955-CD89609E48A9}.Assets|Mixed Platforms.ActiveCfg = Release|Any CPU
		{1CE7D22F-52C8-4164-8955-CD89609E48A9}.Assets|Mixed Platforms.Build.0 = Release|Any CPU
		{1CE7D22F-52C8-4164-8955-CD89609E48A9}.Assets|x86.ActiveCfg = Release|Any CPU
		{1CE7D22F-52C8-4164-8955-CD89609E48A9}.Debug|Any CPU.ActiveCfg = Debug|Any CPU
		{1CE7D22F-52C8-4164-8955-CD89609E48A9}.Debug|Any CPU.Build.0 = Debug|Any CPU
		{1CE7D22F-52C8-4164-8955-CD89609E48A9}.Debug|Mixed Platforms.ActiveCfg = Debug|Any CPU
		{1CE7D22F-52C8-4164-8955-CD89609E48A9}.Debug|Mixed Platforms.Build.0 = Debug|Any CPU
		{1CE7D22F-52C8-4164-8955-CD89609E48A9}.Debug|x86.ActiveCfg = Debug|Any CPU
		{1CE7D22F-52C8-4164-8955-CD89609E48A9}.Release|Any CPU.ActiveCfg = Release|Any CPU
		{1CE7D22F-52C8-4164-8955-CD89609E48A9}.Release|Any CPU.Build.0 = Release|Any CPU
		{1CE7D22F-52C8-4164-8955-CD89609E48A9}.Release|Mixed Platforms.ActiveCfg = Release|Any CPU
		{1CE7D22F-52C8-4164-8955-CD89609E48A9}.Release|Mixed Platforms.Build.0 = Release|Any CPU
		{1CE7D22F-52C8-4164-8955-CD89609E48A9}.Release|x86.ActiveCfg = Release|Any CPU
		{6C647231-D3C5-4934-AFE4-697FF76A503E}.Assets|Any CPU.ActiveCfg = Release|x86
		{6C647231-D3C5-4934-AFE4-697FF76A503E}.Assets|Mixed Platforms.ActiveCfg = Release|x86
		{6C647231-D3C5-4934-AFE4-697FF76A503E}.Assets|Mixed Platforms.Build.0 = Release|x86
		{6C647231-D3C5-4934-AFE4-697FF76A503E}.Assets|x86.ActiveCfg = Release|x86
		{6C647231-D3C5-4934-AFE4-697FF76A503E}.Assets|x86.Build.0 = Release|x86
		{6C647231-D3C5-4934-AFE4-697FF76A503E}.Debug|Any CPU.ActiveCfg = Debug|x86
		{6C647231-D3C5-4934-AFE4-697FF76A503E}.Debug|Mixed Platforms.ActiveCfg = Debug|x86
		{6C647231-D3C5-4934-AFE4-697FF76A503E}.Debug|Mixed Platforms.Build.0 = Debug|x86
		{6C647231-D3C5-4934-AFE4-697FF76A503E}.Debug|x86.ActiveCfg = Debug|x86
		{6C647231-D3C5-4934-AFE4-697FF76A503E}.Debug|x86.Build.0 = Debug|x86
		{6C647231-D3C5-4934-AFE4-697FF76A503E}.Release|Any CPU.ActiveCfg = Release|x86
		{6C647231-D3C5-4934-AFE4-697FF76A503E}.Release|Mixed Platforms.ActiveCfg = Release|x86
		{6C647231-D3C5-4934-AFE4-697FF76A503E}.Release|Mixed Platforms.Build.0 = Release|x86
		{6C647231-D3C5-4934-AFE4-697FF76A503E}.Release|x86.ActiveCfg = Release|x86
		{6C647231-D3C5-4934-AFE4-697FF76A503E}.Release|x86.Build.0 = Release|x86
		{CC41AD5A-9588-476E-973A-73ADEE84349F}.Assets|Any CPU.ActiveCfg = Release|Any CPU
		{CC41AD5A-9588-476E-973A-73ADEE84349F}.Assets|Any CPU.Build.0 = Release|Any CPU
		{CC41AD5A-9588-476E-973A-73ADEE84349F}.Assets|Mixed Platforms.ActiveCfg = Release|Any CPU
		{CC41AD5A-9588-476E-973A-73ADEE84349F}.Assets|Mixed Platforms.Build.0 = Release|Any CPU
		{CC41AD5A-9588-476E-973A-73ADEE84349F}.Assets|x86.ActiveCfg = Release|Any CPU
		{CC41AD5A-9588-476E-973A-73ADEE84349F}.Debug|Any CPU.ActiveCfg = Debug|Any CPU
		{CC41AD5A-9588-476E-973A-73ADEE84349F}.Debug|Any CPU.Build.0 = Debug|Any CPU
		{CC41AD5A-9588-476E-973A-73ADEE84349F}.Debug|Mixed Platforms.ActiveCfg = Debug|Any CPU
		{CC41AD5A-9588-476E-973A-73ADEE84349F}.Debug|Mixed Platforms.Build.0 = Debug|Any CPU
		{CC41AD5A-9588-476E-973A-73ADEE84349F}.Debug|x86.ActiveCfg = Debug|Any CPU
		{CC41AD5A-9588-476E-973A-73ADEE84349F}.Release|Any CPU.ActiveCfg = Release|Any CPU
		{CC41AD5A-9588-476E-973A-73ADEE84349F}.Release|Any CPU.Build.0 = Release|Any CPU
		{CC41AD5A-9588-476E-973A-73ADEE84349F}.Release|Mixed Platforms.ActiveCfg = Release|Any CPU
		{CC41AD5A-9588-476E-973A-73ADEE84349F}.Release|Mixed Platforms.Build.0 = Release|Any CPU
		{CC41AD5A-9588-476E-973A-73ADEE84349F}.Release|x86.ActiveCfg = Release|Any CPU
		{1EFE6347-91DB-4173-AACC-6873F657C5C1}.Assets|Any CPU.ActiveCfg = Release|Any CPU
		{1EFE6347-91DB-4173-AACC-6873F657C5C1}.Assets|Any CPU.Build.0 = Release|Any CPU
		{1EFE6347-91DB-4173-AACC-6873F657C5C1}.Assets|Mixed Platforms.ActiveCfg = Release|Any CPU
		{1EFE6347-91DB-4173-AACC-6873F657C5C1}.Assets|Mixed Platforms.Build.0 = Release|Any CPU
		{1EFE6347-91DB-4173-AACC-6873F657C5C1}.Assets|x86.ActiveCfg = Release|Any CPU
		{1EFE6347-91DB-4173-AACC-6873F657C5C1}.Debug|Any CPU.ActiveCfg = Debug|Any CPU
		{1EFE6347-91DB-4173-AACC-6873F657C5C1}.Debug|Any CPU.Build.0 = Debug|Any CPU
		{1EFE6347-91DB-4173-AACC-6873F657C5C1}.Debug|Mixed Platforms.ActiveCfg = Debug|Any CPU
		{1EFE6347-91DB-4173-AACC-6873F657C5C1}.Debug|Mixed Platforms.Build.0 = Debug|Any CPU
		{1EFE6347-91DB-4173-AACC-6873F657C5C1}.Debug|x86.ActiveCfg = Debug|Any CPU
		{1EFE6347-91DB-4173-AACC-6873F657C5C1}.Release|Any CPU.ActiveCfg = Release|Any CPU
		{1EFE6347-91DB-4173-AACC-6873F657C5C1}.Release|Any CPU.Build.0 = Release|Any CPU
		{1EFE6347-91DB-4173-AACC-6873F657C5C1}.Release|Mixed Platforms.ActiveCfg = Release|Any CPU
		{1EFE6347-91DB-4173-AACC-6873F657C5C1}.Release|Mixed Platforms.Build.0 = Release|Any CPU
		{1EFE6347-91DB-4173-AACC-6873F657C5C1}.Release|x86.ActiveCfg = Release|Any CPU
		{A5DE484D-54A0-4418-AD41-84B77F5AE4E8}.Assets|Any CPU.ActiveCfg = Release|x86
		{A5DE484D-54A0-4418-AD41-84B77F5AE4E8}.Assets|Any CPU.Build.0 = Release|x86
		{A5DE484D-54A0-4418-AD41-84B77F5AE4E8}.Assets|Mixed Platforms.ActiveCfg = Release|x86
		{A5DE484D-54A0-4418-AD41-84B77F5AE4E8}.Assets|Mixed Platforms.Build.0 = Release|x86
		{A5DE484D-54A0-4418-AD41-84B77F5AE4E8}.Assets|x86.ActiveCfg = Release|x86
		{A5DE484D-54A0-4418-AD41-84B77F5AE4E8}.Assets|x86.Build.0 = Release|x86
		{A5DE484D-54A0-4418-AD41-84B77F5AE4E8}.Debug|Any CPU.ActiveCfg = Debug|x86
		{A5DE484D-54A0-4418-AD41-84B77F5AE4E8}.Debug|Mixed Platforms.ActiveCfg = Debug|x86
		{A5DE484D-54A0-4418-AD41-84B77F5AE4E8}.Debug|Mixed Platforms.Build.0 = Debug|x86
		{A5DE484D-54A0-4418-AD41-84B77F5AE4E8}.Debug|x86.ActiveCfg = Debug|x86
		{A5DE484D-54A0-4418-AD41-84B77F5AE4E8}.Debug|x86.Build.0 = Debug|x86
		{A5DE484D-54A0-4418-AD41-84B77F5AE4E8}.Release|Any CPU.ActiveCfg = Release|x86
		{A5DE484D-54A0-4418-AD41-84B77F5AE4E8}.Release|Mixed Platforms.ActiveCfg = Release|x86
		{A5DE484D-54A0-4418-AD41-84B77F5AE4E8}.Release|Mixed Platforms.Build.0 = Release|x86
		{A5DE484D-54A0-4418-AD41-84B77F5AE4E8}.Release|x86.ActiveCfg = Release|x86
		{A5DE484D-54A0-4418-AD41-84B77F5AE4E8}.Release|x86.Build.0 = Release|x86
		{80FFDB60-26F1-4486-95BB-87F653ADDA43}.Assets|Any CPU.ActiveCfg = Release|Any CPU
		{80FFDB60-26F1-4486-95BB-87F653ADDA43}.Assets|Any CPU.Build.0 = Release|Any CPU
		{80FFDB60-26F1-4486-95BB-87F653ADDA43}.Assets|Mixed Platforms.ActiveCfg = Release|Any CPU
		{80FFDB60-26F1-4486-95BB-87F653ADDA43}.Assets|Mixed Platforms.Build.0 = Release|Any CPU
		{80FFDB60-26F1-4486-95BB-87F653ADDA43}.Assets|x86.ActiveCfg = Release|Any CPU
		{80FFDB60-26F1-4486-95BB-87F653ADDA43}.Debug|Any CPU.ActiveCfg = Debug|Any CPU
		{80FFDB60-26F1-4486-95BB-87F653ADDA43}.Debug|Any CPU.Build.0 = Debug|Any CPU
		{80FFDB60-26F1-4486-95BB-87F653ADDA43}.Debug|Mixed Platforms.ActiveCfg = Debug|Any CPU
		{80FFDB60-26F1-4486-95BB-87F653ADDA43}.Debug|Mixed Platforms.Build.0 = Debug|Any CPU
		{80FFDB60-26F1-4486-95BB-87F653ADDA43}.Debug|x86.ActiveCfg = Debug|Any CPU
		{80FFDB60-26F1-4486-95BB-87F653ADDA43}.Release|Any CPU.ActiveCfg = Release|Any CPU
		{80FFDB60-26F1-4486-95BB-87F653ADDA43}.Release|Any CPU.Build.0 = Release|Any CPU
		{80FFDB60-26F1-4486-95BB-87F653ADDA43}.Release|Mixed Platforms.ActiveCfg = Release|Any CPU
		{80FFDB60-26F1-4486-95BB-87F653ADDA43}.Release|Mixed Platforms.Build.0 = Release|Any CPU
		{80FFDB60-26F1-4486-95BB-87F653ADDA43}.Release|x86.ActiveCfg = Release|Any CPU
		{4432F342-8EE0-4FB0-8FF5-06E7CE355FA8}.Assets|Any CPU.ActiveCfg = Release|x86
		{4432F342-8EE0-4FB0-8FF5-06E7CE355FA8}.Assets|Mixed Platforms.ActiveCfg = Release|x86
		{4432F342-8EE0-4FB0-8FF5-06E7CE355FA8}.Assets|Mixed Platforms.Build.0 = Release|x86
		{4432F342-8EE0-4FB0-8FF5-06E7CE355FA8}.Assets|x86.ActiveCfg = Release|x86
		{4432F342-8EE0-4FB0-8FF5-06E7CE355FA8}.Assets|x86.Build.0 = Release|x86
		{4432F342-8EE0-4FB0-8FF5-06E7CE355FA8}.Debug|Any CPU.ActiveCfg = Debug|x86
		{4432F342-8EE0-4FB0-8FF5-06E7CE355FA8}.Debug|Mixed Platforms.ActiveCfg = Debug|x86
		{4432F342-8EE0-4FB0-8FF5-06E7CE355FA8}.Debug|Mixed Platforms.Build.0 = Debug|x86
		{4432F342-8EE0-4FB0-8FF5-06E7CE355FA8}.Debug|x86.ActiveCfg = Debug|x86
		{4432F342-8EE0-4FB0-8FF5-06E7CE355FA8}.Debug|x86.Build.0 = Debug|x86
		{4432F342-8EE0-4FB0-8FF5-06E7CE355FA8}.Release|Any CPU.ActiveCfg = Release|x86
		{4432F342-8EE0-4FB0-8FF5-06E7CE355FA8}.Release|Mixed Platforms.ActiveCfg = Release|x86
		{4432F342-8EE0-4FB0-8FF5-06E7CE355FA8}.Release|Mixed Platforms.Build.0 = Release|x86
		{4432F342-8EE0-4FB0-8FF5-06E7CE355FA8}.Release|x86.ActiveCfg = Release|x86
		{4432F342-8EE0-4FB0-8FF5-06E7CE355FA8}.Release|x86.Build.0 = Release|x86
		{5F295F12-F93F-4347-B417-AA89990652A3}.Assets|Any CPU.ActiveCfg = Release|Any CPU
		{5F295F12-F93F-4347-B417-AA89990652A3}.Assets|Any CPU.Build.0 = Release|Any CPU
		{5F295F12-F93F-4347-B417-AA89990652A3}.Assets|Mixed Platforms.ActiveCfg = Release|Any CPU
		{5F295F12-F93F-4347-B417-AA89990652A3}.Assets|Mixed Platforms.Build.0 = Release|Any CPU
		{5F295F12-F93F-4347-B417-AA89990652A3}.Assets|x86.ActiveCfg = Release|Any CPU
		{5F295F12-F93F-4347-B417-AA89990652A3}.Debug|Any CPU.ActiveCfg = Debug|Any CPU
		{5F295F12-F93F-4347-B417-AA89990652A3}.Debug|Any CPU.Build.0 = Debug|Any CPU
		{5F295F12-F93F-4347-B417-AA89990652A3}.Debug|Mixed Platforms.ActiveCfg = Debug|Any CPU
		{5F295F12-F93F-4347-B417-AA89990652A3}.Debug|Mixed Platforms.Build.0 = Debug|Any CPU
		{5F295F12-F93F-4347-B417-AA89990652A3}.Debug|x86.ActiveCfg = Debug|Any CPU
		{5F295F12-F93F-4347-B417-AA89990652A3}.Release|Any CPU.ActiveCfg = Release|Any CPU
		{5F295F12-F93F-4347-B417-AA89990652A3}.Release|Any CPU.Build.0 = Release|Any CPU
		{5F295F12-F93F-4347-B417-AA89990652A3}.Release|Mixed Platforms.ActiveCfg = Release|Any CPU
		{5F295F12-F93F-4347-B417-AA89990652A3}.Release|Mixed Platforms.Build.0 = Release|Any CPU
		{5F295F12-F93F-4347-B417-AA89990652A3}.Release|x86.ActiveCfg = Release|Any CPU
		{98E62449-D28A-476F-B702-487804080EDB}.Assets|Any CPU.ActiveCfg = Release|Any CPU
		{98E62449-D28A-476F-B702-487804080EDB}.Assets|Any CPU.Build.0 = Release|Any CPU
		{98E62449-D28A-476F-B702-487804080EDB}.Assets|Mixed Platforms.ActiveCfg = Release|Any CPU
		{98E62449-D28A-476F-B702-487804080EDB}.Assets|Mixed Platforms.Build.0 = Release|Any CPU
		{98E62449-D28A-476F-B702-487804080EDB}.Assets|x86.ActiveCfg = Release|Any CPU
		{98E62449-D28A-476F-B702-487804080EDB}.Debug|Any CPU.ActiveCfg = Debug|Any CPU
		{98E62449-D28A-476F-B702-487804080EDB}.Debug|Any CPU.Build.0 = Debug|Any CPU
		{98E62449-D28A-476F-B702-487804080EDB}.Debug|Mixed Platforms.ActiveCfg = Debug|Any CPU
		{98E62449-D28A-476F-B702-487804080EDB}.Debug|Mixed Platforms.Build.0 = Debug|Any CPU
		{98E62449-D28A-476F-B702-487804080EDB}.Debug|x86.ActiveCfg = Debug|Any CPU
		{98E62449-D28A-476F-B702-487804080EDB}.Release|Any CPU.ActiveCfg = Release|Any CPU
		{98E62449-D28A-476F-B702-487804080EDB}.Release|Any CPU.Build.0 = Release|Any CPU
		{98E62449-D28A-476F-B702-487804080EDB}.Release|Mixed Platforms.ActiveCfg = Release|Any CPU
		{98E62449-D28A-476F-B702-487804080EDB}.Release|Mixed Platforms.Build.0 = Release|Any CPU
		{98E62449-D28A-476F-B702-487804080EDB}.Release|x86.ActiveCfg = Release|Any CPU
		{C9F431EB-5D35-4C7B-826B-A4E4CA913AA6}.Assets|Any CPU.ActiveCfg = Release|Any CPU
		{C9F431EB-5D35-4C7B-826B-A4E4CA913AA6}.Assets|Any CPU.Build.0 = Release|Any CPU
		{C9F431EB-5D35-4C7B-826B-A4E4CA913AA6}.Assets|Mixed Platforms.ActiveCfg = Release|Any CPU
		{C9F431EB-5D35-4C7B-826B-A4E4CA913AA6}.Assets|Mixed Platforms.Build.0 = Release|Any CPU
		{C9F431EB-5D35-4C7B-826B-A4E4CA913AA6}.Assets|x86.ActiveCfg = Release|Any CPU
		{C9F431EB-5D35-4C7B-826B-A4E4CA913AA6}.Debug|Any CPU.ActiveCfg = Debug|Any CPU
		{C9F431EB-5D35-4C7B-826B-A4E4CA913AA6}.Debug|Any CPU.Build.0 = Debug|Any CPU
		{C9F431EB-5D35-4C7B-826B-A4E4CA913AA6}.Debug|Mixed Platforms.ActiveCfg = Debug|Any CPU
		{C9F431EB-5D35-4C7B-826B-A4E4CA913AA6}.Debug|Mixed Platforms.Build.0 = Debug|Any CPU
		{C9F431EB-5D35-4C7B-826B-A4E4CA913AA6}.Debug|x86.ActiveCfg = Debug|Any CPU
		{C9F431EB-5D35-4C7B-826B-A4E4CA913AA6}.Release|Any CPU.ActiveCfg = Release|Any CPU
		{C9F431EB-5D35-4C7B-826B-A4E4CA913AA6}.Release|Any CPU.Build.0 = Release|Any CPU
		{C9F431EB-5D35-4C7B-826B-A4E4CA913AA6}.Release|Mixed Platforms.ActiveCfg = Release|Any CPU
		{C9F431EB-5D35-4C7B-826B-A4E4CA913AA6}.Release|Mixed Platforms.Build.0 = Release|Any CPU
		{C9F431EB-5D35-4C7B-826B-A4E4CA913AA6}.Release|x86.ActiveCfg = Release|Any CPU
		{CCD535AF-EBE8-4281-80D7-1E68F4994872}.Assets|Any CPU.ActiveCfg = Release|Any CPU
		{CCD535AF-EBE8-4281-80D7-1E68F4994872}.Assets|Any CPU.Build.0 = Release|Any CPU
		{CCD535AF-EBE8-4281-80D7-1E68F4994872}.Assets|Mixed Platforms.ActiveCfg = Release|Any CPU
		{CCD535AF-EBE8-4281-80D7-1E68F4994872}.Assets|Mixed Platforms.Build.0 = Release|Any CPU
		{CCD535AF-EBE8-4281-80D7-1E68F4994872}.Assets|x86.ActiveCfg = Release|Any CPU
		{CCD535AF-EBE8-4281-80D7-1E68F4994872}.Debug|Any CPU.ActiveCfg = Debug|Any CPU
		{CCD535AF-EBE8-4281-80D7-1E68F4994872}.Debug|Any CPU.Build.0 = Debug|Any CPU
		{CCD535AF-EBE8-4281-80D7-1E68F4994872}.Debug|Mixed Platforms.ActiveCfg = Debug|Any CPU
		{CCD535AF-EBE8-4281-80D7-1E68F4994872}.Debug|Mixed Platforms.Build.0 = Debug|Any CPU
		{CCD535AF-EBE8-4281-80D7-1E68F4994872}.Debug|x86.ActiveCfg = Debug|Any CPU
		{CCD535AF-EBE8-4281-80D7-1E68F4994872}.Release|Any CPU.ActiveCfg = Release|Any CPU
		{CCD535AF-EBE8-4281-80D7-1E68F4994872}.Release|Any CPU.Build.0 = Release|Any CPU
		{CCD535AF-EBE8-4281-80D7-1E68F4994872}.Release|Mixed Platforms.ActiveCfg = Release|Any CPU
		{CCD535AF-EBE8-4281-80D7-1E68F4994872}.Release|Mixed Platforms.Build.0 = Release|Any CPU
		{CCD535AF-EBE8-4281-80D7-1E68F4994872}.Release|x86.ActiveCfg = Release|Any CPU
		{FABEBD4F-4C61-4EFF-9D5E-7DD111104238}.Assets|Any CPU.ActiveCfg = Release|x86
		{FABEBD4F-4C61-4EFF-9D5E-7DD111104238}.Assets|Mixed Platforms.ActiveCfg = Release|x86
		{FABEBD4F-4C61-4EFF-9D5E-7DD111104238}.Assets|Mixed Platforms.Build.0 = Release|x86
		{FABEBD4F-4C61-4EFF-9D5E-7DD111104238}.Assets|x86.ActiveCfg = Release|x86
		{FABEBD4F-4C61-4EFF-9D5E-7DD111104238}.Assets|x86.Build.0 = Release|x86
		{FABEBD4F-4C61-4EFF-9D5E-7DD111104238}.Debug|Any CPU.ActiveCfg = Debug|x86
		{FABEBD4F-4C61-4EFF-9D5E-7DD111104238}.Debug|Mixed Platforms.ActiveCfg = Debug|x86
		{FABEBD4F-4C61-4EFF-9D5E-7DD111104238}.Debug|Mixed Platforms.Build.0 = Debug|x86
		{FABEBD4F-4C61-4EFF-9D5E-7DD111104238}.Debug|x86.ActiveCfg = Debug|x86
		{FABEBD4F-4C61-4EFF-9D5E-7DD111104238}.Debug|x86.Build.0 = Debug|x86
		{FABEBD4F-4C61-4EFF-9D5E-7DD111104238}.Release|Any CPU.ActiveCfg = Release|x86
		{FABEBD4F-4C61-4EFF-9D5E-7DD111104238}.Release|Mixed Platforms.ActiveCfg = Release|x86
		{FABEBD4F-4C61-4EFF-9D5E-7DD111104238}.Release|Mixed Platforms.Build.0 = Release|x86
		{FABEBD4F-4C61-4EFF-9D5E-7DD111104238}.Release|x86.ActiveCfg = Release|x86
		{FABEBD4F-4C61-4EFF-9D5E-7DD111104238}.Release|x86.Build.0 = Release|x86
		{3EED14FB-0960-45C3-9090-38CCE968CEA8}.Assets|Any CPU.ActiveCfg = Release|Any CPU
		{3EED14FB-0960-45C3-9090-38CCE968CEA8}.Assets|Any CPU.Build.0 = Release|Any CPU
		{3EED14FB-0960-45C3-9090-38CCE968CEA8}.Assets|Mixed Platforms.ActiveCfg = Release|Any CPU
		{3EED14FB-0960-45C3-9090-38CCE968CEA8}.Assets|Mixed Platforms.Build.0 = Release|Any CPU
		{3EED14FB-0960-45C3-9090-38CCE968CEA8}.Assets|x86.ActiveCfg = Release|Any CPU
		{3EED14FB-0960-45C3-9090-38CCE968CEA8}.Debug|Any CPU.ActiveCfg = Debug|Any CPU
		{3EED14FB-0960-45C3-9090-38CCE968CEA8}.Debug|Any CPU.Build.0 = Debug|Any CPU
		{3EED14FB-0960-45C3-9090-38CCE968CEA8}.Debug|Mixed Platforms.ActiveCfg = Debug|Any CPU
		{3EED14FB-0960-45C3-9090-38CCE968CEA8}.Debug|Mixed Platforms.Build.0 = Debug|Any CPU
		{3EED14FB-0960-45C3-9090-38CCE968CEA8}.Debug|x86.ActiveCfg = Debug|Any CPU
		{3EED14FB-0960-45C3-9090-38CCE968CEA8}.Release|Any CPU.ActiveCfg = Release|Any CPU
		{3EED14FB-0960-45C3-9090-38CCE968CEA8}.Release|Any CPU.Build.0 = Release|Any CPU
		{3EED14FB-0960-45C3-9090-38CCE968CEA8}.Release|Mixed Platforms.ActiveCfg = Release|Any CPU
		{3EED14FB-0960-45C3-9090-38CCE968CEA8}.Release|Mixed Platforms.Build.0 = Release|Any CPU
		{3EED14FB-0960-45C3-9090-38CCE968CEA8}.Release|x86.ActiveCfg = Release|Any CPU
		{12D70DD5-2DF7-4C32-AE3A-3EEF8B5C7114}.Assets|Any CPU.ActiveCfg = Release|Any CPU
		{12D70DD5-2DF7-4C32-AE3A-3EEF8B5C7114}.Assets|Any CPU.Build.0 = Release|Any CPU
		{12D70DD5-2DF7-4C32-AE3A-3EEF8B5C7114}.Assets|Mixed Platforms.ActiveCfg = Release|Any CPU
		{12D70DD5-2DF7-4C32-AE3A-3EEF8B5C7114}.Assets|Mixed Platforms.Build.0 = Release|Any CPU
		{12D70DD5-2DF7-4C32-AE3A-3EEF8B5C7114}.Assets|x86.ActiveCfg = Release|Any CPU
		{12D70DD5-2DF7-4C32-AE3A-3EEF8B5C7114}.Debug|Any CPU.ActiveCfg = Debug|Any CPU
		{12D70DD5-2DF7-4C32-AE3A-3EEF8B5C7114}.Debug|Any CPU.Build.0 = Debug|Any CPU
		{12D70DD5-2DF7-4C32-AE3A-3EEF8B5C7114}.Debug|Mixed Platforms.ActiveCfg = Debug|Any CPU
		{12D70DD5-2DF7-4C32-AE3A-3EEF8B5C7114}.Debug|Mixed Platforms.Build.0 = Debug|Any CPU
		{12D70DD5-2DF7-4C32-AE3A-3EEF8B5C7114}.Debug|x86.ActiveCfg = Debug|Any CPU
		{12D70DD5-2DF7-4C32-AE3A-3EEF8B5C7114}.Release|Any CPU.ActiveCfg = Release|Any CPU
		{12D70DD5-2DF7-4C32-AE3A-3EEF8B5C7114}.Release|Any CPU.Build.0 = Release|Any CPU
		{12D70DD5-2DF7-4C32-AE3A-3EEF8B5C7114}.Release|Mixed Platforms.ActiveCfg = Release|Any CPU
		{12D70DD5-2DF7-4C32-AE3A-3EEF8B5C7114}.Release|Mixed Platforms.Build.0 = Release|Any CPU
		{12D70DD5-2DF7-4C32-AE3A-3EEF8B5C7114}.Release|x86.ActiveCfg = Release|Any CPU
	EndGlobalSection
	GlobalSection(SolutionProperties) = preSolution
		HideSolutionNode = FALSE
	EndGlobalSection
EndGlobal
