
Microsoft Visual Studio Solution File, Format Version 12.00
# Visual Studio 14
VisualStudioVersion = 14.0.22823.1
MinimumVisualStudioVersion = 10.0.40219.1
Project("{FAE04EC0-301F-11D3-BF4B-00C04F79EFBC}") = "ChromeShaderToyPrograms", "ChromeShaderToyPrograms\ChromeShaderToyPrograms.csproj", "{426A9419-9287-4880-979F-29F29D3F2A22}"
	ProjectSection(ProjectDependencies) = postProject
		{7A012980-513C-4B88-AB7F-BA67F52A10D6} = {7A012980-513C-4B88-AB7F-BA67F52A10D6}
	EndProjectSection
EndProject
Project("{FAE04EC0-301F-11D3-BF4B-00C04F79EFBC}") = "ChromeShaderToyColumns", "..\ChromeShaderToyColumns\ChromeShaderToyColumns\ChromeShaderToyColumns.csproj", "{7A012980-513C-4B88-AB7F-BA67F52A10D6}"
EndProject
Project("{2150E333-8FDC-42A3-9474-1A3956D46DE8}") = "ByPackage", "ByPackage", "{4D97154B-0BA1-468D-AC3C-968EAA755311}"
EndProject
Project("{2150E333-8FDC-42A3-9474-1A3956D46DE8}") = "ByReference", "ByReference", "{30FF3663-3CBE-4541-B2CF-A3C0960E208B}"
EndProject
Project("{2150E333-8FDC-42A3-9474-1A3956D46DE8}") = "q", "q", "{42288C03-756D-42ED-8CE1-C094BE89DF72}"
EndProject
Project("{FAE04EC0-301F-11D3-BF4B-00C04F79EFBC}") = "ChromeShaderToyQuadraticBezierByMattdesl", "..\ChromeShaderToyQuadraticBezierByMattdesl\ChromeShaderToyQuadraticBezierByMattdesl\ChromeShaderToyQuadraticBezierByMattdesl.csproj", "{34C9E1DC-DEFB-4BB0-B040-25EF787CAB23}"
EndProject
Project("{FAE04EC0-301F-11D3-BF4B-00C04F79EFBC}") = "QuadraticBezierByIq", "..\synergy\QuadraticBezierByIq\QuadraticBezierByIq\QuadraticBezierByIq.csproj", "{CB66FA69-EADB-4B34-95F0-07CB9E78E39D}"
EndProject
Project("{2150E333-8FDC-42A3-9474-1A3956D46DE8}") = "y", "y", "{133DEA78-0A10-4E5E-A1A4-DB5A0AEDA56F}"
EndProject
Project("{FAE04EC0-301F-11D3-BF4B-00C04F79EFBC}") = "YellowMothByDr2", "..\synergy\YellowMothByDr2\YellowMothByDr2\YellowMothByDr2.csproj", "{D7E3CA28-54CF-41A6-9099-D49BA758CACB}"
EndProject
Project("{FAE04EC0-301F-11D3-BF4B-00C04F79EFBC}") = "ChromeShaderToySimpleLoadingScreenByNdel", "..\synergy\s\ChromeShaderToySimpleLoadingScreenByNdel\ChromeShaderToySimpleLoadingScreenByNdel\ChromeShaderToySimpleLoadingScreenByNdel.csproj", "{2503CEE7-2941-4C82-9014-9DD7570C4C23}"
EndProject
Global
	GlobalSection(SolutionConfigurationPlatforms) = preSolution
		Debug|x86 = Debug|x86
		Release|x86 = Release|x86
	EndGlobalSection
	GlobalSection(ProjectConfigurationPlatforms) = postSolution
		{426A9419-9287-4880-979F-29F29D3F2A22}.Debug|x86.ActiveCfg = Debug|x86
		{426A9419-9287-4880-979F-29F29D3F2A22}.Debug|x86.Build.0 = Debug|x86
		{426A9419-9287-4880-979F-29F29D3F2A22}.Release|x86.ActiveCfg = Release|x86
		{426A9419-9287-4880-979F-29F29D3F2A22}.Release|x86.Build.0 = Release|x86
		{7A012980-513C-4B88-AB7F-BA67F52A10D6}.Debug|x86.ActiveCfg = Debug|x86
		{7A012980-513C-4B88-AB7F-BA67F52A10D6}.Debug|x86.Build.0 = Debug|x86
		{7A012980-513C-4B88-AB7F-BA67F52A10D6}.Release|x86.ActiveCfg = Release|x86
		{7A012980-513C-4B88-AB7F-BA67F52A10D6}.Release|x86.Build.0 = Release|x86
		{34C9E1DC-DEFB-4BB0-B040-25EF787CAB23}.Debug|x86.ActiveCfg = Debug|x86
		{34C9E1DC-DEFB-4BB0-B040-25EF787CAB23}.Debug|x86.Build.0 = Debug|x86
		{34C9E1DC-DEFB-4BB0-B040-25EF787CAB23}.Release|x86.ActiveCfg = Release|x86
		{34C9E1DC-DEFB-4BB0-B040-25EF787CAB23}.Release|x86.Build.0 = Release|x86
		{CB66FA69-EADB-4B34-95F0-07CB9E78E39D}.Debug|x86.ActiveCfg = Debug|x86
		{CB66FA69-EADB-4B34-95F0-07CB9E78E39D}.Debug|x86.Build.0 = Debug|x86
		{CB66FA69-EADB-4B34-95F0-07CB9E78E39D}.Release|x86.ActiveCfg = Release|x86
		{CB66FA69-EADB-4B34-95F0-07CB9E78E39D}.Release|x86.Build.0 = Release|x86
		{D7E3CA28-54CF-41A6-9099-D49BA758CACB}.Debug|x86.ActiveCfg = Debug|x86
		{D7E3CA28-54CF-41A6-9099-D49BA758CACB}.Debug|x86.Build.0 = Debug|x86
		{D7E3CA28-54CF-41A6-9099-D49BA758CACB}.Release|x86.ActiveCfg = Release|x86
		{D7E3CA28-54CF-41A6-9099-D49BA758CACB}.Release|x86.Build.0 = Release|x86
		{2503CEE7-2941-4C82-9014-9DD7570C4C23}.Debug|x86.ActiveCfg = Debug|x86
		{2503CEE7-2941-4C82-9014-9DD7570C4C23}.Debug|x86.Build.0 = Debug|x86
		{2503CEE7-2941-4C82-9014-9DD7570C4C23}.Release|x86.ActiveCfg = Release|x86
		{2503CEE7-2941-4C82-9014-9DD7570C4C23}.Release|x86.Build.0 = Release|x86
	EndGlobalSection
	GlobalSection(SolutionProperties) = preSolution
		HideSolutionNode = FALSE
	EndGlobalSection
	GlobalSection(NestedProjects) = preSolution
		{7A012980-513C-4B88-AB7F-BA67F52A10D6} = {4D97154B-0BA1-468D-AC3C-968EAA755311}
		{42288C03-756D-42ED-8CE1-C094BE89DF72} = {30FF3663-3CBE-4541-B2CF-A3C0960E208B}
		{34C9E1DC-DEFB-4BB0-B040-25EF787CAB23} = {42288C03-756D-42ED-8CE1-C094BE89DF72}
		{CB66FA69-EADB-4B34-95F0-07CB9E78E39D} = {42288C03-756D-42ED-8CE1-C094BE89DF72}
		{133DEA78-0A10-4E5E-A1A4-DB5A0AEDA56F} = {30FF3663-3CBE-4541-B2CF-A3C0960E208B}
		{D7E3CA28-54CF-41A6-9099-D49BA758CACB} = {133DEA78-0A10-4E5E-A1A4-DB5A0AEDA56F}
		{2503CEE7-2941-4C82-9014-9DD7570C4C23} = {30FF3663-3CBE-4541-B2CF-A3C0960E208B}
	EndGlobalSection
EndGlobal
