
Microsoft Visual Studio Solution File, Format Version 12.00
# Visual Studio 14
VisualStudioVersion = 14.0.22823.1
MinimumVisualStudioVersion = 10.0.40219.1
Project("{FAE04EC0-301F-11D3-BF4B-00C04F79EFBC}") = "ChromeShaderToyPrograms", "ChromeShaderToyPrograms\ChromeShaderToyPrograms.csproj", "{426A9419-9287-4880-979F-29F29D3F2A22}"
	ProjectSection(ProjectDependencies) = postProject
		{7A012980-513C-4B88-AB7F-BA67F52A10D6} = {7A012980-513C-4B88-AB7F-BA67F52A10D6}
	EndProjectSection
EndProject
Project("{FAE04EC0-301F-11D3-BF4B-00C04F79EFBC}") = "ChromeShaderToyColumns", "..\ChromeShaderToyColumns\ChromeShaderToyColumns\ChromeShaderToyColumns.csproj", "{7A012980-513C-4B88-AB7F-BA67F52A10D6}"
EndProject
Project("{2150E333-8FDC-42A3-9474-1A3956D46DE8}") = "ByPackage", "ByPackage", "{4D97154B-0BA1-468D-AC3C-968EAA755311}"
EndProject
Project("{2150E333-8FDC-42A3-9474-1A3956D46DE8}") = "ByReference", "ByReference", "{30FF3663-3CBE-4541-B2CF-A3C0960E208B}"
EndProject
Project("{2150E333-8FDC-42A3-9474-1A3956D46DE8}") = "q", "q", "{42288C03-756D-42ED-8CE1-C094BE89DF72}"
EndProject
Project("{FAE04EC0-301F-11D3-BF4B-00C04F79EFBC}") = "ChromeShaderToyQuadraticBezierByMattdesl", "..\ChromeShaderToyQuadraticBezierByMattdesl\ChromeShaderToyQuadraticBezierByMattdesl\ChromeShaderToyQuadraticBezierByMattdesl.csproj", "{34C9E1DC-DEFB-4BB0-B040-25EF787CAB23}"
EndProject
Project("{2150E333-8FDC-42A3-9474-1A3956D46DE8}") = "x", "x", "{463FB0C7-E5F1-48A0-8D8D-9F8302936430}"
EndProject
Project("{FAE04EC0-301F-11D3-BF4B-00C04F79EFBC}") = "XorStormByXor", "..\synergy\XorStormByXor\XorStormByXor\XorStormByXor.csproj", "{1B1C77AB-2008-444B-9185-39A11BB9B80F}"
EndProject
Project("{FAE04EC0-301F-11D3-BF4B-00C04F79EFBC}") = "XorMountainsByXor", "..\synergy\XorMountainsByXor\XorMountainsByXor\XorMountainsByXor.csproj", "{0C3CDF26-EB73-413A-A3FB-76999BCB69F0}"
EndProject
Project("{FAE04EC0-301F-11D3-BF4B-00C04F79EFBC}") = "QuadraticBezierByIq", "..\synergy\QuadraticBezierByIq\QuadraticBezierByIq\QuadraticBezierByIq.csproj", "{CB66FA69-EADB-4B34-95F0-07CB9E78E39D}"
EndProject
Project("{2150E333-8FDC-42A3-9474-1A3956D46DE8}") = "y", "y", "{133DEA78-0A10-4E5E-A1A4-DB5A0AEDA56F}"
EndProject
Project("{FAE04EC0-301F-11D3-BF4B-00C04F79EFBC}") = "YellowMothByDr2", "..\synergy\YellowMothByDr2\YellowMothByDr2\YellowMothByDr2.csproj", "{D7E3CA28-54CF-41A6-9099-D49BA758CACB}"
EndProject
Project("{FAE04EC0-301F-11D3-BF4B-00C04F79EFBC}") = "x2001SpaceStationByOtavio", "..\synergy\x2001SpaceStationByOtavio\x2001SpaceStationByOtavio\x2001SpaceStationByOtavio.csproj", "{D2467367-10EA-45B7-B09C-5FC9F7680F8E}"
EndProject
Project("{2150E333-8FDC-42A3-9474-1A3956D46DE8}") = "j", "j", "{B9D3628E-E12E-4568-999E-9DBF963E77AC}"
EndProject
Project("{FAE04EC0-301F-11D3-BF4B-00C04F79EFBC}") = "JoyDivisionByXbe", "..\synergy\JoyDivisionByXbe\JoyDivisionByXbe\JoyDivisionByXbe.csproj", "{D135DF02-C39E-4036-BF46-502703E496C8}"
EndProject
Project("{2150E333-8FDC-42A3-9474-1A3956D46DE8}") = "u", "u", "{69476EAB-54AF-42C0-940F-B49D97F96F44}"
EndProject
Project("{FAE04EC0-301F-11D3-BF4B-00C04F79EFBC}") = "UselessBoxByMovax", "..\synergy\UselessBoxByMovax\UselessBoxByMovax\UselessBoxByMovax.csproj", "{F52898FE-2A88-4518-B529-51A475209CDB}"
EndProject
Project("{FAE04EC0-301F-11D3-BF4B-00C04F79EFBC}") = "JusterBeaverByMovax", "..\synergy\JusterBeaverByMovax\JusterBeaverByMovax\JusterBeaverByMovax.csproj", "{556FDC09-E0ED-46B2-BB12-A0CE6C72356D}"
EndProject
Project("{FAE04EC0-301F-11D3-BF4B-00C04F79EFBC}") = "x2DFoldingByGaz", "..\synergy\x2DFoldingByGaz\x2DFoldingByGaz\x2DFoldingByGaz.csproj", "{9DCF1991-99C8-49F6-93FE-0B7EE8C0A589}"
EndProject
Project("{FAE04EC0-301F-11D3-BF4B-00C04F79EFBC}") = "x3DExcQByGaz", "..\synergy\x3DExcQByGaz\x3DExcQByGaz\x3DExcQByGaz.csproj", "{6C2AE8B7-B6AC-4C9A-84D2-AD0B835D0E1C}"
EndProject
Project("{FAE04EC0-301F-11D3-BF4B-00C04F79EFBC}") = "JackoLanternByPMalin", "..\synergy\JackoLanternByPMalin\JackoLanternByPMalin\JackoLanternByPMalin.csproj", "{8E59D42E-787E-4C40-AEE6-7FE77D837803}"
EndProject
Project("{FAE04EC0-301F-11D3-BF4B-00C04F79EFBC}") = "x2DSkullByStanton", "..\synergy\x2DSkullByStanton\x2DSkullByStanton\x2DSkullByStanton.csproj", "{6790F73F-72F8-4175-A8CF-E062E0B62E54}"
EndProject
Project("{FAE04EC0-301F-11D3-BF4B-00C04F79EFBC}") = "x2DShadowCastingByTharich", "..\synergy\x2DShadowCastingByTharich\x2DShadowCastingByTharich\x2DShadowCastingByTharich.csproj", "{57314E6E-83A2-4267-B2B3-A3CCBDDC0349}"
EndProject
Project("{FAE04EC0-301F-11D3-BF4B-00C04F79EFBC}") = "x3DMetashapesByLewiz", "..\synergy\x3DMetashapesByLewiz\x3DMetashapesByLewiz\x3DMetashapesByLewiz.csproj", "{FC580905-625D-4B1C-865B-A5620B319C9C}"
EndProject
Project("{FAE04EC0-301F-11D3-BF4B-00C04F79EFBC}") = "JellyfishByVlad", "..\synergy\JellyfishByVlad\JellyfishByVlad\JellyfishByVlad.csproj", "{22F614C7-E7C7-448E-8146-DC86E8D0943B}"
EndProject
Project("{FAE04EC0-301F-11D3-BF4B-00C04F79EFBC}") = "UglyBrickByPsykotic", "..\synergy\UglyBrickByPsykotic\UglyBrickByPsykotic\UglyBrickByPsykotic.csproj", "{693E0621-5324-4922-8AA2-320809E85AEF}"
EndProject
Project("{FAE04EC0-301F-11D3-BF4B-00C04F79EFBC}") = "Xor3DAlienLandByXor", "..\synergy\Xor3DAlienLandByXor\Xor3DAlienLandByXor\Xor3DAlienLandByXor.csproj", "{7279466C-7E57-4148-B711-2B4635012226}"
EndProject
Project("{FAE04EC0-301F-11D3-BF4B-00C04F79EFBC}") = "x3DLightingByXor", "..\synergy\x3DLightingByXor\x3DLightingByXor\x3DLightingByXor.csproj", "{7C664C3B-EEAA-4EB1-BE5E-EBFA707F6D0B}"
EndProject
Global
	GlobalSection(SolutionConfigurationPlatforms) = preSolution
		Debug|x86 = Debug|x86
		Release|x86 = Release|x86
	EndGlobalSection
	GlobalSection(ProjectConfigurationPlatforms) = postSolution
		{426A9419-9287-4880-979F-29F29D3F2A22}.Debug|x86.ActiveCfg = Debug|x86
		{426A9419-9287-4880-979F-29F29D3F2A22}.Debug|x86.Build.0 = Debug|x86
		{426A9419-9287-4880-979F-29F29D3F2A22}.Release|x86.ActiveCfg = Release|x86
		{426A9419-9287-4880-979F-29F29D3F2A22}.Release|x86.Build.0 = Release|x86
		{7A012980-513C-4B88-AB7F-BA67F52A10D6}.Debug|x86.ActiveCfg = Debug|x86
		{7A012980-513C-4B88-AB7F-BA67F52A10D6}.Debug|x86.Build.0 = Debug|x86
		{7A012980-513C-4B88-AB7F-BA67F52A10D6}.Release|x86.ActiveCfg = Release|x86
		{7A012980-513C-4B88-AB7F-BA67F52A10D6}.Release|x86.Build.0 = Release|x86
		{34C9E1DC-DEFB-4BB0-B040-25EF787CAB23}.Debug|x86.ActiveCfg = Debug|x86
		{34C9E1DC-DEFB-4BB0-B040-25EF787CAB23}.Debug|x86.Build.0 = Debug|x86
		{34C9E1DC-DEFB-4BB0-B040-25EF787CAB23}.Release|x86.ActiveCfg = Release|x86
		{34C9E1DC-DEFB-4BB0-B040-25EF787CAB23}.Release|x86.Build.0 = Release|x86
		{1B1C77AB-2008-444B-9185-39A11BB9B80F}.Debug|x86.ActiveCfg = Debug|x86
		{1B1C77AB-2008-444B-9185-39A11BB9B80F}.Debug|x86.Build.0 = Debug|x86
		{1B1C77AB-2008-444B-9185-39A11BB9B80F}.Release|x86.ActiveCfg = Release|x86
		{1B1C77AB-2008-444B-9185-39A11BB9B80F}.Release|x86.Build.0 = Release|x86
		{0C3CDF26-EB73-413A-A3FB-76999BCB69F0}.Debug|x86.ActiveCfg = Debug|x86
		{0C3CDF26-EB73-413A-A3FB-76999BCB69F0}.Debug|x86.Build.0 = Debug|x86
		{0C3CDF26-EB73-413A-A3FB-76999BCB69F0}.Release|x86.ActiveCfg = Release|x86
		{0C3CDF26-EB73-413A-A3FB-76999BCB69F0}.Release|x86.Build.0 = Release|x86
		{CB66FA69-EADB-4B34-95F0-07CB9E78E39D}.Debug|x86.ActiveCfg = Debug|x86
		{CB66FA69-EADB-4B34-95F0-07CB9E78E39D}.Debug|x86.Build.0 = Debug|x86
		{CB66FA69-EADB-4B34-95F0-07CB9E78E39D}.Release|x86.ActiveCfg = Release|x86
		{CB66FA69-EADB-4B34-95F0-07CB9E78E39D}.Release|x86.Build.0 = Release|x86
		{D7E3CA28-54CF-41A6-9099-D49BA758CACB}.Debug|x86.ActiveCfg = Debug|x86
		{D7E3CA28-54CF-41A6-9099-D49BA758CACB}.Debug|x86.Build.0 = Debug|x86
		{D7E3CA28-54CF-41A6-9099-D49BA758CACB}.Release|x86.ActiveCfg = Release|x86
		{D7E3CA28-54CF-41A6-9099-D49BA758CACB}.Release|x86.Build.0 = Release|x86
		{D2467367-10EA-45B7-B09C-5FC9F7680F8E}.Debug|x86.ActiveCfg = Debug|x86
		{D2467367-10EA-45B7-B09C-5FC9F7680F8E}.Debug|x86.Build.0 = Debug|x86
		{D2467367-10EA-45B7-B09C-5FC9F7680F8E}.Release|x86.ActiveCfg = Release|x86
		{D2467367-10EA-45B7-B09C-5FC9F7680F8E}.Release|x86.Build.0 = Release|x86
		{D135DF02-C39E-4036-BF46-502703E496C8}.Debug|x86.ActiveCfg = Debug|x86
		{D135DF02-C39E-4036-BF46-502703E496C8}.Debug|x86.Build.0 = Debug|x86
		{D135DF02-C39E-4036-BF46-502703E496C8}.Release|x86.ActiveCfg = Release|x86
		{D135DF02-C39E-4036-BF46-502703E496C8}.Release|x86.Build.0 = Release|x86
		{F52898FE-2A88-4518-B529-51A475209CDB}.Debug|x86.ActiveCfg = Debug|x86
		{F52898FE-2A88-4518-B529-51A475209CDB}.Debug|x86.Build.0 = Debug|x86
		{F52898FE-2A88-4518-B529-51A475209CDB}.Release|x86.ActiveCfg = Release|x86
		{F52898FE-2A88-4518-B529-51A475209CDB}.Release|x86.Build.0 = Release|x86
		{556FDC09-E0ED-46B2-BB12-A0CE6C72356D}.Debug|x86.ActiveCfg = Debug|x86
		{556FDC09-E0ED-46B2-BB12-A0CE6C72356D}.Debug|x86.Build.0 = Debug|x86
		{556FDC09-E0ED-46B2-BB12-A0CE6C72356D}.Release|x86.ActiveCfg = Release|x86
		{556FDC09-E0ED-46B2-BB12-A0CE6C72356D}.Release|x86.Build.0 = Release|x86
		{9DCF1991-99C8-49F6-93FE-0B7EE8C0A589}.Debug|x86.ActiveCfg = Debug|x86
		{9DCF1991-99C8-49F6-93FE-0B7EE8C0A589}.Debug|x86.Build.0 = Debug|x86
		{9DCF1991-99C8-49F6-93FE-0B7EE8C0A589}.Release|x86.ActiveCfg = Release|x86
		{9DCF1991-99C8-49F6-93FE-0B7EE8C0A589}.Release|x86.Build.0 = Release|x86
		{6C2AE8B7-B6AC-4C9A-84D2-AD0B835D0E1C}.Debug|x86.ActiveCfg = Debug|x86
		{6C2AE8B7-B6AC-4C9A-84D2-AD0B835D0E1C}.Debug|x86.Build.0 = Debug|x86
		{6C2AE8B7-B6AC-4C9A-84D2-AD0B835D0E1C}.Release|x86.ActiveCfg = Release|x86
		{6C2AE8B7-B6AC-4C9A-84D2-AD0B835D0E1C}.Release|x86.Build.0 = Release|x86
		{8E59D42E-787E-4C40-AEE6-7FE77D837803}.Debug|x86.ActiveCfg = Debug|x86
		{8E59D42E-787E-4C40-AEE6-7FE77D837803}.Debug|x86.Build.0 = Debug|x86
		{8E59D42E-787E-4C40-AEE6-7FE77D837803}.Release|x86.ActiveCfg = Release|x86
		{8E59D42E-787E-4C40-AEE6-7FE77D837803}.Release|x86.Build.0 = Release|x86
		{6790F73F-72F8-4175-A8CF-E062E0B62E54}.Debug|x86.ActiveCfg = Debug|x86
		{6790F73F-72F8-4175-A8CF-E062E0B62E54}.Debug|x86.Build.0 = Debug|x86
		{6790F73F-72F8-4175-A8CF-E062E0B62E54}.Release|x86.ActiveCfg = Release|x86
		{6790F73F-72F8-4175-A8CF-E062E0B62E54}.Release|x86.Build.0 = Release|x86
		{57314E6E-83A2-4267-B2B3-A3CCBDDC0349}.Debug|x86.ActiveCfg = Debug|x86
		{57314E6E-83A2-4267-B2B3-A3CCBDDC0349}.Debug|x86.Build.0 = Debug|x86
		{57314E6E-83A2-4267-B2B3-A3CCBDDC0349}.Release|x86.ActiveCfg = Release|x86
		{57314E6E-83A2-4267-B2B3-A3CCBDDC0349}.Release|x86.Build.0 = Release|x86
		{FC580905-625D-4B1C-865B-A5620B319C9C}.Debug|x86.ActiveCfg = Debug|x86
		{FC580905-625D-4B1C-865B-A5620B319C9C}.Debug|x86.Build.0 = Debug|x86
		{FC580905-625D-4B1C-865B-A5620B319C9C}.Release|x86.ActiveCfg = Release|x86
		{FC580905-625D-4B1C-865B-A5620B319C9C}.Release|x86.Build.0 = Release|x86
		{22F614C7-E7C7-448E-8146-DC86E8D0943B}.Debug|x86.ActiveCfg = Debug|x86
		{22F614C7-E7C7-448E-8146-DC86E8D0943B}.Debug|x86.Build.0 = Debug|x86
		{22F614C7-E7C7-448E-8146-DC86E8D0943B}.Release|x86.ActiveCfg = Release|x86
		{22F614C7-E7C7-448E-8146-DC86E8D0943B}.Release|x86.Build.0 = Release|x86
		{693E0621-5324-4922-8AA2-320809E85AEF}.Debug|x86.ActiveCfg = Debug|x86
		{693E0621-5324-4922-8AA2-320809E85AEF}.Debug|x86.Build.0 = Debug|x86
		{693E0621-5324-4922-8AA2-320809E85AEF}.Release|x86.ActiveCfg = Release|x86
		{693E0621-5324-4922-8AA2-320809E85AEF}.Release|x86.Build.0 = Release|x86
		{7279466C-7E57-4148-B711-2B4635012226}.Debug|x86.ActiveCfg = Debug|x86
		{7279466C-7E57-4148-B711-2B4635012226}.Debug|x86.Build.0 = Debug|x86
		{7279466C-7E57-4148-B711-2B4635012226}.Release|x86.ActiveCfg = Release|x86
		{7279466C-7E57-4148-B711-2B4635012226}.Release|x86.Build.0 = Release|x86
		{7C664C3B-EEAA-4EB1-BE5E-EBFA707F6D0B}.Debug|x86.ActiveCfg = Debug|x86
		{7C664C3B-EEAA-4EB1-BE5E-EBFA707F6D0B}.Debug|x86.Build.0 = Debug|x86
		{7C664C3B-EEAA-4EB1-BE5E-EBFA707F6D0B}.Release|x86.ActiveCfg = Release|x86
		{7C664C3B-EEAA-4EB1-BE5E-EBFA707F6D0B}.Release|x86.Build.0 = Release|x86
	EndGlobalSection
	GlobalSection(SolutionProperties) = preSolution
		HideSolutionNode = FALSE
	EndGlobalSection
	GlobalSection(NestedProjects) = preSolution
		{7A012980-513C-4B88-AB7F-BA67F52A10D6} = {4D97154B-0BA1-468D-AC3C-968EAA755311}
		{42288C03-756D-42ED-8CE1-C094BE89DF72} = {30FF3663-3CBE-4541-B2CF-A3C0960E208B}
		{34C9E1DC-DEFB-4BB0-B040-25EF787CAB23} = {42288C03-756D-42ED-8CE1-C094BE89DF72}
		{463FB0C7-E5F1-48A0-8D8D-9F8302936430} = {30FF3663-3CBE-4541-B2CF-A3C0960E208B}
		{1B1C77AB-2008-444B-9185-39A11BB9B80F} = {463FB0C7-E5F1-48A0-8D8D-9F8302936430}
		{0C3CDF26-EB73-413A-A3FB-76999BCB69F0} = {463FB0C7-E5F1-48A0-8D8D-9F8302936430}
		{CB66FA69-EADB-4B34-95F0-07CB9E78E39D} = {42288C03-756D-42ED-8CE1-C094BE89DF72}
		{133DEA78-0A10-4E5E-A1A4-DB5A0AEDA56F} = {30FF3663-3CBE-4541-B2CF-A3C0960E208B}
		{D7E3CA28-54CF-41A6-9099-D49BA758CACB} = {133DEA78-0A10-4E5E-A1A4-DB5A0AEDA56F}
		{D2467367-10EA-45B7-B09C-5FC9F7680F8E} = {463FB0C7-E5F1-48A0-8D8D-9F8302936430}
		{B9D3628E-E12E-4568-999E-9DBF963E77AC} = {30FF3663-3CBE-4541-B2CF-A3C0960E208B}
		{D135DF02-C39E-4036-BF46-502703E496C8} = {B9D3628E-E12E-4568-999E-9DBF963E77AC}
		{69476EAB-54AF-42C0-940F-B49D97F96F44} = {30FF3663-3CBE-4541-B2CF-A3C0960E208B}
		{F52898FE-2A88-4518-B529-51A475209CDB} = {69476EAB-54AF-42C0-940F-B49D97F96F44}
		{556FDC09-E0ED-46B2-BB12-A0CE6C72356D} = {B9D3628E-E12E-4568-999E-9DBF963E77AC}
		{9DCF1991-99C8-49F6-93FE-0B7EE8C0A589} = {463FB0C7-E5F1-48A0-8D8D-9F8302936430}
		{6C2AE8B7-B6AC-4C9A-84D2-AD0B835D0E1C} = {463FB0C7-E5F1-48A0-8D8D-9F8302936430}
		{8E59D42E-787E-4C40-AEE6-7FE77D837803} = {B9D3628E-E12E-4568-999E-9DBF963E77AC}
		{6790F73F-72F8-4175-A8CF-E062E0B62E54} = {463FB0C7-E5F1-48A0-8D8D-9F8302936430}
		{57314E6E-83A2-4267-B2B3-A3CCBDDC0349} = {463FB0C7-E5F1-48A0-8D8D-9F8302936430}
		{FC580905-625D-4B1C-865B-A5620B319C9C} = {463FB0C7-E5F1-48A0-8D8D-9F8302936430}
		{22F614C7-E7C7-448E-8146-DC86E8D0943B} = {B9D3628E-E12E-4568-999E-9DBF963E77AC}
		{693E0621-5324-4922-8AA2-320809E85AEF} = {69476EAB-54AF-42C0-940F-B49D97F96F44}
		{7279466C-7E57-4148-B711-2B4635012226} = {463FB0C7-E5F1-48A0-8D8D-9F8302936430}
		{7C664C3B-EEAA-4EB1-BE5E-EBFA707F6D0B} = {463FB0C7-E5F1-48A0-8D8D-9F8302936430}
	EndGlobalSection
EndGlobal
