
Microsoft Visual Studio Solution File, Format Version 12.00
# Visual Studio Express 2012 for Web
Project("{FAE04EC0-301F-11D3-BF4B-00C04F79EFBC}") = "OVRMyCubeWorldNDK", "OVRMyCubeWorldNDK\OVRMyCubeWorldNDK.csproj", "{44F8F2CD-9873-410B-90D4-BD9D8CA03D83}"
EndProject
Project("{FAE04EC0-301F-11D3-BF4B-00C04F79EFBC}") = "OVRMyCubeWorld", "OVRMyCubeWorld\OVRMyCubeWorld.csproj", "{C54BCD92-0CBA-4B68-A93D-3CB30A94D024}"
	ProjectSection(ProjectDependencies) = postProject
		{44F8F2CD-9873-410B-90D4-BD9D8CA03D83} = {44F8F2CD-9873-410B-90D4-BD9D8CA03D83}
	EndProjectSection
EndProject
Project("{FAE04EC0-301F-11D3-BF4B-00C04F79EFBC}") = "ScriptCoreLibAndroidNDK", "..\..\..\..\..\core\ScriptCoreLibAndroidNDK\ScriptCoreLibAndroidNDK\ScriptCoreLibAndroidNDK.csproj", "{E9A0E839-8BEC-4B5C-B967-2E55A2078A77}"
EndProject
Project("{FAE04EC0-301F-11D3-BF4B-00C04F79EFBC}") = "ChromeUDPSendAsync", "..\..\..\..\javascript\chrome\apps\ChromeUDPSendAsync\ChromeUDPSendAsync\ChromeUDPSendAsync.csproj", "{426A9419-9287-4880-979F-29F29D3F2A22}"
EndProject
Project("{FAE04EC0-301F-11D3-BF4B-00C04F79EFBC}") = "ChromeAppWindowUDPPointerLock", "..\..\..\..\javascript\chrome\apps\ChromeAppWindowUDPPointerLock\ChromeAppWindowUDPPointerLock\ChromeAppWindowUDPPointerLock.csproj", "{6B03ABE7-4457-43D8-8F25-CD3A91DF0988}"
EndProject
Project("{FAE04EC0-301F-11D3-BF4B-00C04F79EFBC}") = "JVMCLRUDPReceiveAsync", "..\..\..\hybrid\JVMCLRUDPReceiveAsync\JVMCLRUDPReceiveAsync\JVMCLRUDPReceiveAsync.csproj", "{A0A72609-60E7-42AE-920B-E2A84A340633}"
EndProject
Project("{FAE04EC0-301F-11D3-BF4B-00C04F79EFBC}") = "WebGLSpadeWarrior", "..\..\..\..\javascript\WebGL\WebGLSpadeWarrior\WebGLSpadeWarrior\WebGLSpadeWarrior.csproj", "{5A2E0E9D-2173-4A53-B3FB-EA681DCF0F5C}"
EndProject
Project("{FAE04EC0-301F-11D3-BF4B-00C04F79EFBC}") = "glMatrixLibrary", "..\..\..\..\..\market\synergy\javascript\glMatrixLibrary\glMatrixLibrary\glMatrixLibrary.csproj", "{D69BEEFB-7FB1-4AC7-BF4A-AC3E04DB0E37}"
EndProject
Project("{2150E333-8FDC-42A3-9474-1A3956D46DE8}") = "References", "References", "{2F13FB13-38D5-4242-A2B1-C82F5F9B66DD}"
EndProject
Project("{2150E333-8FDC-42A3-9474-1A3956D46DE8}") = "core", "core", "{A9682BFE-4B51-4E1F-9315-2C91FCBF97E8}"
EndProject
Project("{FAE04EC0-301F-11D3-BF4B-00C04F79EFBC}") = "ScriptCoreLib", "..\..\..\..\..\core\ScriptCoreLib\ScriptCoreLib.csproj", "{C9F431EB-5D35-4C7B-826B-A4E4CA913AA6}"
EndProject
Project("{FAE04EC0-301F-11D3-BF4B-00C04F79EFBC}") = "WebGLYomotsuTPS", "..\..\..\..\javascript\WebGL\WebGLYomotsuTPS\WebGLYomotsuTPS\WebGLYomotsuTPS.csproj", "{4D221D4E-654D-4AE4-89AA-98D35EB70778}"
EndProject
Project("{FAE04EC0-301F-11D3-BF4B-00C04F79EFBC}") = "ScriptCoreLibJava", "..\..\..\..\..\core\ScriptCoreLibJava\ScriptCoreLibJava.csproj", "{5F295F12-F93F-4347-B417-AA89990652A3}"
EndProject
Project("{FAE04EC0-301F-11D3-BF4B-00C04F79EFBC}") = "ScriptCoreLibJava.jni", "..\..\..\..\..\core\ScriptCoreLibJava.jni\ScriptCoreLibJava.jni.csproj", "{1EC6ECE8-E7F9-4E24-8051-B28F08548723}"
EndProject
Global
	GlobalSection(SolutionConfigurationPlatforms) = preSolution
		Debug|Any CPU = Debug|Any CPU
		Debug|Mixed Platforms = Debug|Mixed Platforms
		Debug|x86 = Debug|x86
		Release|Any CPU = Release|Any CPU
		Release|Mixed Platforms = Release|Mixed Platforms
		Release|x86 = Release|x86
	EndGlobalSection
	GlobalSection(ProjectConfigurationPlatforms) = postSolution
		{44F8F2CD-9873-410B-90D4-BD9D8CA03D83}.Debug|Any CPU.ActiveCfg = Debug|Any CPU
		{44F8F2CD-9873-410B-90D4-BD9D8CA03D83}.Debug|Any CPU.Build.0 = Debug|Any CPU
		{44F8F2CD-9873-410B-90D4-BD9D8CA03D83}.Debug|Mixed Platforms.ActiveCfg = Debug|Any CPU
		{44F8F2CD-9873-410B-90D4-BD9D8CA03D83}.Debug|Mixed Platforms.Build.0 = Debug|Any CPU
		{44F8F2CD-9873-410B-90D4-BD9D8CA03D83}.Debug|x86.ActiveCfg = Debug|Any CPU
		{44F8F2CD-9873-410B-90D4-BD9D8CA03D83}.Release|Any CPU.ActiveCfg = Release|Any CPU
		{44F8F2CD-9873-410B-90D4-BD9D8CA03D83}.Release|Any CPU.Build.0 = Release|Any CPU
		{44F8F2CD-9873-410B-90D4-BD9D8CA03D83}.Release|Mixed Platforms.ActiveCfg = Release|Any CPU
		{44F8F2CD-9873-410B-90D4-BD9D8CA03D83}.Release|Mixed Platforms.Build.0 = Release|Any CPU
		{44F8F2CD-9873-410B-90D4-BD9D8CA03D83}.Release|x86.ActiveCfg = Release|Any CPU
		{C54BCD92-0CBA-4B68-A93D-3CB30A94D024}.Debug|Any CPU.ActiveCfg = Debug|Any CPU
		{C54BCD92-0CBA-4B68-A93D-3CB30A94D024}.Debug|Any CPU.Build.0 = Debug|Any CPU
		{C54BCD92-0CBA-4B68-A93D-3CB30A94D024}.Debug|Mixed Platforms.ActiveCfg = Debug|Any CPU
		{C54BCD92-0CBA-4B68-A93D-3CB30A94D024}.Debug|Mixed Platforms.Build.0 = Debug|Any CPU
		{C54BCD92-0CBA-4B68-A93D-3CB30A94D024}.Debug|x86.ActiveCfg = Debug|Any CPU
		{C54BCD92-0CBA-4B68-A93D-3CB30A94D024}.Release|Any CPU.ActiveCfg = Release|Any CPU
		{C54BCD92-0CBA-4B68-A93D-3CB30A94D024}.Release|Any CPU.Build.0 = Release|Any CPU
		{C54BCD92-0CBA-4B68-A93D-3CB30A94D024}.Release|Mixed Platforms.ActiveCfg = Release|Any CPU
		{C54BCD92-0CBA-4B68-A93D-3CB30A94D024}.Release|Mixed Platforms.Build.0 = Release|Any CPU
		{C54BCD92-0CBA-4B68-A93D-3CB30A94D024}.Release|x86.ActiveCfg = Release|Any CPU
		{E9A0E839-8BEC-4B5C-B967-2E55A2078A77}.Debug|Any CPU.ActiveCfg = Debug|Any CPU
		{E9A0E839-8BEC-4B5C-B967-2E55A2078A77}.Debug|Any CPU.Build.0 = Debug|Any CPU
		{E9A0E839-8BEC-4B5C-B967-2E55A2078A77}.Debug|Mixed Platforms.ActiveCfg = Debug|Any CPU
		{E9A0E839-8BEC-4B5C-B967-2E55A2078A77}.Debug|Mixed Platforms.Build.0 = Debug|Any CPU
		{E9A0E839-8BEC-4B5C-B967-2E55A2078A77}.Debug|x86.ActiveCfg = Debug|Any CPU
		{E9A0E839-8BEC-4B5C-B967-2E55A2078A77}.Release|Any CPU.ActiveCfg = Release|Any CPU
		{E9A0E839-8BEC-4B5C-B967-2E55A2078A77}.Release|Any CPU.Build.0 = Release|Any CPU
		{E9A0E839-8BEC-4B5C-B967-2E55A2078A77}.Release|Mixed Platforms.ActiveCfg = Release|Any CPU
		{E9A0E839-8BEC-4B5C-B967-2E55A2078A77}.Release|Mixed Platforms.Build.0 = Release|Any CPU
		{E9A0E839-8BEC-4B5C-B967-2E55A2078A77}.Release|x86.ActiveCfg = Release|Any CPU
		{426A9419-9287-4880-979F-29F29D3F2A22}.Debug|Any CPU.ActiveCfg = Debug|x86
		{426A9419-9287-4880-979F-29F29D3F2A22}.Debug|Mixed Platforms.ActiveCfg = Debug|x86
		{426A9419-9287-4880-979F-29F29D3F2A22}.Debug|Mixed Platforms.Build.0 = Debug|x86
		{426A9419-9287-4880-979F-29F29D3F2A22}.Debug|x86.ActiveCfg = Debug|x86
		{426A9419-9287-4880-979F-29F29D3F2A22}.Debug|x86.Build.0 = Debug|x86
		{426A9419-9287-4880-979F-29F29D3F2A22}.Release|Any CPU.ActiveCfg = Release|x86
		{426A9419-9287-4880-979F-29F29D3F2A22}.Release|Mixed Platforms.ActiveCfg = Release|x86
		{426A9419-9287-4880-979F-29F29D3F2A22}.Release|Mixed Platforms.Build.0 = Release|x86
		{426A9419-9287-4880-979F-29F29D3F2A22}.Release|x86.ActiveCfg = Release|x86
		{426A9419-9287-4880-979F-29F29D3F2A22}.Release|x86.Build.0 = Release|x86
		{6B03ABE7-4457-43D8-8F25-CD3A91DF0988}.Debug|Any CPU.ActiveCfg = Debug|x86
		{6B03ABE7-4457-43D8-8F25-CD3A91DF0988}.Debug|Mixed Platforms.ActiveCfg = Debug|x86
		{6B03ABE7-4457-43D8-8F25-CD3A91DF0988}.Debug|Mixed Platforms.Build.0 = Debug|x86
		{6B03ABE7-4457-43D8-8F25-CD3A91DF0988}.Debug|x86.ActiveCfg = Debug|x86
		{6B03ABE7-4457-43D8-8F25-CD3A91DF0988}.Debug|x86.Build.0 = Debug|x86
		{6B03ABE7-4457-43D8-8F25-CD3A91DF0988}.Release|Any CPU.ActiveCfg = Release|x86
		{6B03ABE7-4457-43D8-8F25-CD3A91DF0988}.Release|Mixed Platforms.ActiveCfg = Release|x86
		{6B03ABE7-4457-43D8-8F25-CD3A91DF0988}.Release|Mixed Platforms.Build.0 = Release|x86
		{6B03ABE7-4457-43D8-8F25-CD3A91DF0988}.Release|x86.ActiveCfg = Release|x86
		{6B03ABE7-4457-43D8-8F25-CD3A91DF0988}.Release|x86.Build.0 = Release|x86
		{A0A72609-60E7-42AE-920B-E2A84A340633}.Debug|Any CPU.ActiveCfg = Debug|x86
		{A0A72609-60E7-42AE-920B-E2A84A340633}.Debug|Mixed Platforms.ActiveCfg = Debug|x86
		{A0A72609-60E7-42AE-920B-E2A84A340633}.Debug|Mixed Platforms.Build.0 = Debug|x86
		{A0A72609-60E7-42AE-920B-E2A84A340633}.Debug|x86.ActiveCfg = Debug|x86
		{A0A72609-60E7-42AE-920B-E2A84A340633}.Debug|x86.Build.0 = Debug|x86
		{A0A72609-60E7-42AE-920B-E2A84A340633}.Release|Any CPU.ActiveCfg = Release|x86
		{A0A72609-60E7-42AE-920B-E2A84A340633}.Release|Mixed Platforms.ActiveCfg = Release|x86
		{A0A72609-60E7-42AE-920B-E2A84A340633}.Release|Mixed Platforms.Build.0 = Release|x86
		{A0A72609-60E7-42AE-920B-E2A84A340633}.Release|x86.ActiveCfg = Release|x86
		{A0A72609-60E7-42AE-920B-E2A84A340633}.Release|x86.Build.0 = Release|x86
		{5A2E0E9D-2173-4A53-B3FB-EA681DCF0F5C}.Debug|Any CPU.ActiveCfg = Debug|x86
		{5A2E0E9D-2173-4A53-B3FB-EA681DCF0F5C}.Debug|Mixed Platforms.ActiveCfg = Debug|x86
		{5A2E0E9D-2173-4A53-B3FB-EA681DCF0F5C}.Debug|Mixed Platforms.Build.0 = Debug|x86
		{5A2E0E9D-2173-4A53-B3FB-EA681DCF0F5C}.Debug|x86.ActiveCfg = Debug|x86
		{5A2E0E9D-2173-4A53-B3FB-EA681DCF0F5C}.Debug|x86.Build.0 = Debug|x86
		{5A2E0E9D-2173-4A53-B3FB-EA681DCF0F5C}.Release|Any CPU.ActiveCfg = Release|x86
		{5A2E0E9D-2173-4A53-B3FB-EA681DCF0F5C}.Release|Mixed Platforms.ActiveCfg = Release|x86
		{5A2E0E9D-2173-4A53-B3FB-EA681DCF0F5C}.Release|Mixed Platforms.Build.0 = Release|x86
		{5A2E0E9D-2173-4A53-B3FB-EA681DCF0F5C}.Release|x86.ActiveCfg = Release|x86
		{5A2E0E9D-2173-4A53-B3FB-EA681DCF0F5C}.Release|x86.Build.0 = Release|x86
		{D69BEEFB-7FB1-4AC7-BF4A-AC3E04DB0E37}.Debug|Any CPU.ActiveCfg = Debug|x86
		{D69BEEFB-7FB1-4AC7-BF4A-AC3E04DB0E37}.Debug|Mixed Platforms.ActiveCfg = Debug|x86
		{D69BEEFB-7FB1-4AC7-BF4A-AC3E04DB0E37}.Debug|Mixed Platforms.Build.0 = Debug|x86
		{D69BEEFB-7FB1-4AC7-BF4A-AC3E04DB0E37}.Debug|x86.ActiveCfg = Debug|x86
		{D69BEEFB-7FB1-4AC7-BF4A-AC3E04DB0E37}.Debug|x86.Build.0 = Debug|x86
		{D69BEEFB-7FB1-4AC7-BF4A-AC3E04DB0E37}.Release|Any CPU.ActiveCfg = Release|x86
		{D69BEEFB-7FB1-4AC7-BF4A-AC3E04DB0E37}.Release|Mixed Platforms.ActiveCfg = Release|x86
		{D69BEEFB-7FB1-4AC7-BF4A-AC3E04DB0E37}.Release|Mixed Platforms.Build.0 = Release|x86
		{D69BEEFB-7FB1-4AC7-BF4A-AC3E04DB0E37}.Release|x86.ActiveCfg = Release|x86
		{D69BEEFB-7FB1-4AC7-BF4A-AC3E04DB0E37}.Release|x86.Build.0 = Release|x86
		{C9F431EB-5D35-4C7B-826B-A4E4CA913AA6}.Debug|Any CPU.ActiveCfg = Debug|Any CPU
		{C9F431EB-5D35-4C7B-826B-A4E4CA913AA6}.Debug|Any CPU.Build.0 = Debug|Any CPU
		{C9F431EB-5D35-4C7B-826B-A4E4CA913AA6}.Debug|Mixed Platforms.ActiveCfg = Debug|Any CPU
		{C9F431EB-5D35-4C7B-826B-A4E4CA913AA6}.Debug|Mixed Platforms.Build.0 = Debug|Any CPU
		{C9F431EB-5D35-4C7B-826B-A4E4CA913AA6}.Debug|x86.ActiveCfg = Debug|Any CPU
		{C9F431EB-5D35-4C7B-826B-A4E4CA913AA6}.Debug|x86.Build.0 = Debug|Any CPU
		{C9F431EB-5D35-4C7B-826B-A4E4CA913AA6}.Release|Any CPU.ActiveCfg = Release|Any CPU
		{C9F431EB-5D35-4C7B-826B-A4E4CA913AA6}.Release|Any CPU.Build.0 = Release|Any CPU
		{C9F431EB-5D35-4C7B-826B-A4E4CA913AA6}.Release|Mixed Platforms.ActiveCfg = Release|Any CPU
		{C9F431EB-5D35-4C7B-826B-A4E4CA913AA6}.Release|Mixed Platforms.Build.0 = Release|Any CPU
		{C9F431EB-5D35-4C7B-826B-A4E4CA913AA6}.Release|x86.ActiveCfg = Release|Any CPU
		{C9F431EB-5D35-4C7B-826B-A4E4CA913AA6}.Release|x86.Build.0 = Release|Any CPU
		{4D221D4E-654D-4AE4-89AA-98D35EB70778}.Debug|Any CPU.ActiveCfg = Debug|x86
		{4D221D4E-654D-4AE4-89AA-98D35EB70778}.Debug|Mixed Platforms.ActiveCfg = Debug|x86
		{4D221D4E-654D-4AE4-89AA-98D35EB70778}.Debug|Mixed Platforms.Build.0 = Debug|x86
		{4D221D4E-654D-4AE4-89AA-98D35EB70778}.Debug|x86.ActiveCfg = Debug|x86
		{4D221D4E-654D-4AE4-89AA-98D35EB70778}.Debug|x86.Build.0 = Debug|x86
		{4D221D4E-654D-4AE4-89AA-98D35EB70778}.Release|Any CPU.ActiveCfg = Release|x86
		{4D221D4E-654D-4AE4-89AA-98D35EB70778}.Release|Mixed Platforms.ActiveCfg = Release|x86
		{4D221D4E-654D-4AE4-89AA-98D35EB70778}.Release|Mixed Platforms.Build.0 = Release|x86
		{4D221D4E-654D-4AE4-89AA-98D35EB70778}.Release|x86.ActiveCfg = Release|x86
		{4D221D4E-654D-4AE4-89AA-98D35EB70778}.Release|x86.Build.0 = Release|x86
		{5F295F12-F93F-4347-B417-AA89990652A3}.Debug|Any CPU.ActiveCfg = Debug|Any CPU
		{5F295F12-F93F-4347-B417-AA89990652A3}.Debug|Any CPU.Build.0 = Debug|Any CPU
		{5F295F12-F93F-4347-B417-AA89990652A3}.Debug|Mixed Platforms.ActiveCfg = Debug|Any CPU
		{5F295F12-F93F-4347-B417-AA89990652A3}.Debug|Mixed Platforms.Build.0 = Debug|Any CPU
		{5F295F12-F93F-4347-B417-AA89990652A3}.Debug|x86.ActiveCfg = Debug|Any CPU
		{5F295F12-F93F-4347-B417-AA89990652A3}.Debug|x86.Build.0 = Debug|Any CPU
		{5F295F12-F93F-4347-B417-AA89990652A3}.Release|Any CPU.ActiveCfg = Release|Any CPU
		{5F295F12-F93F-4347-B417-AA89990652A3}.Release|Any CPU.Build.0 = Release|Any CPU
		{5F295F12-F93F-4347-B417-AA89990652A3}.Release|Mixed Platforms.ActiveCfg = Release|Any CPU
		{5F295F12-F93F-4347-B417-AA89990652A3}.Release|Mixed Platforms.Build.0 = Release|Any CPU
		{5F295F12-F93F-4347-B417-AA89990652A3}.Release|x86.ActiveCfg = Release|Any CPU
		{5F295F12-F93F-4347-B417-AA89990652A3}.Release|x86.Build.0 = Release|Any CPU
		{1EC6ECE8-E7F9-4E24-8051-B28F08548723}.Debug|Any CPU.ActiveCfg = Debug|Any CPU
		{1EC6ECE8-E7F9-4E24-8051-B28F08548723}.Debug|Any CPU.Build.0 = Debug|Any CPU
		{1EC6ECE8-E7F9-4E24-8051-B28F08548723}.Debug|Mixed Platforms.ActiveCfg = Debug|Any CPU
		{1EC6ECE8-E7F9-4E24-8051-B28F08548723}.Debug|Mixed Platforms.Build.0 = Debug|Any CPU
		{1EC6ECE8-E7F9-4E24-8051-B28F08548723}.Debug|x86.ActiveCfg = Debug|Any CPU
		{1EC6ECE8-E7F9-4E24-8051-B28F08548723}.Release|Any CPU.ActiveCfg = Release|Any CPU
		{1EC6ECE8-E7F9-4E24-8051-B28F08548723}.Release|Any CPU.Build.0 = Release|Any CPU
		{1EC6ECE8-E7F9-4E24-8051-B28F08548723}.Release|Mixed Platforms.ActiveCfg = Release|Any CPU
		{1EC6ECE8-E7F9-4E24-8051-B28F08548723}.Release|Mixed Platforms.Build.0 = Release|Any CPU
		{1EC6ECE8-E7F9-4E24-8051-B28F08548723}.Release|x86.ActiveCfg = Release|Any CPU
	EndGlobalSection
	GlobalSection(SolutionProperties) = preSolution
		HideSolutionNode = FALSE
	EndGlobalSection
	GlobalSection(NestedProjects) = preSolution
		{426A9419-9287-4880-979F-29F29D3F2A22} = {2F13FB13-38D5-4242-A2B1-C82F5F9B66DD}
		{6B03ABE7-4457-43D8-8F25-CD3A91DF0988} = {2F13FB13-38D5-4242-A2B1-C82F5F9B66DD}
		{A0A72609-60E7-42AE-920B-E2A84A340633} = {2F13FB13-38D5-4242-A2B1-C82F5F9B66DD}
		{5A2E0E9D-2173-4A53-B3FB-EA681DCF0F5C} = {2F13FB13-38D5-4242-A2B1-C82F5F9B66DD}
		{D69BEEFB-7FB1-4AC7-BF4A-AC3E04DB0E37} = {2F13FB13-38D5-4242-A2B1-C82F5F9B66DD}
		{A9682BFE-4B51-4E1F-9315-2C91FCBF97E8} = {2F13FB13-38D5-4242-A2B1-C82F5F9B66DD}
		{4D221D4E-654D-4AE4-89AA-98D35EB70778} = {2F13FB13-38D5-4242-A2B1-C82F5F9B66DD}
		{E9A0E839-8BEC-4B5C-B967-2E55A2078A77} = {A9682BFE-4B51-4E1F-9315-2C91FCBF97E8}
		{C9F431EB-5D35-4C7B-826B-A4E4CA913AA6} = {A9682BFE-4B51-4E1F-9315-2C91FCBF97E8}
		{5F295F12-F93F-4347-B417-AA89990652A3} = {A9682BFE-4B51-4E1F-9315-2C91FCBF97E8}
		{1EC6ECE8-E7F9-4E24-8051-B28F08548723} = {A9682BFE-4B51-4E1F-9315-2C91FCBF97E8}
	EndGlobalSection
EndGlobal
